// !$*UTF8*$!
{
	archiveVersion = 1;
	classes = {
	};
	objectVersion = 46;
	objects = {

/* Begin PBXBuildFile section */
		5AD2F61F18917C1400C762F0 /* PNObservationCenter.m in Sources */ = {isa = PBXBuildFile; fileRef = 5AD2F57418917C1400C762F0 /* PNObservationCenter.m */; };
		5AD2F62018917C1400C762F0 /* PubNub.m in Sources */ = {isa = PBXBuildFile; fileRef = 5AD2F57718917C1400C762F0 /* PubNub.m */; };
		5AD2F62118917C1400C762F0 /* PNWriteBuffer.m in Sources */ = {isa = PBXBuildFile; fileRef = 5AD2F57B18917C1400C762F0 /* PNWriteBuffer.m */; };
		5AD2F62218917C1400C762F0 /* PNChannel.m in Sources */ = {isa = PBXBuildFile; fileRef = 5AD2F57F18917C1400C762F0 /* PNChannel.m */; };
		5AD2F62318917C1400C762F0 /* PNChannelPresence.m in Sources */ = {isa = PBXBuildFile; fileRef = 5AD2F58318917C1400C762F0 /* PNChannelPresence.m */; };
		5AD2F62418917C1400C762F0 /* PNPresenceEvent.m in Sources */ = {isa = PBXBuildFile; fileRef = 5AD2F58618917C1400C762F0 /* PNPresenceEvent.m */; };
		5AD2F62518917C1400C762F0 /* PNCryptoHelper.m in Sources */ = {isa = PBXBuildFile; fileRef = 5AD2F58918917C1400C762F0 /* PNCryptoHelper.m */; };
		5AD2F62618917C1400C762F0 /* PNAccessRightsResponseParser.m in Sources */ = {isa = PBXBuildFile; fileRef = 5AD2F58D18917C1400C762F0 /* PNAccessRightsResponseParser.m */; };
		5AD2F62718917C1400C762F0 /* PNActionResponseParser.m in Sources */ = {isa = PBXBuildFile; fileRef = 5AD2F59018917C1400C762F0 /* PNActionResponseParser.m */; };
		5AD2F62818917C1400C762F0 /* PNChannelEventsResponseParser.m in Sources */ = {isa = PBXBuildFile; fileRef = 5AD2F59218917C1400C762F0 /* PNChannelEventsResponseParser.m */; };
		5AD2F62918917C1400C762F0 /* PNChannelHistoryParser.m in Sources */ = {isa = PBXBuildFile; fileRef = 5AD2F59418917C1400C762F0 /* PNChannelHistoryParser.m */; };
		5AD2F62A18917C1400C762F0 /* PNErrorResponseParser.m in Sources */ = {isa = PBXBuildFile; fileRef = 5AD2F59718917C1400C762F0 /* PNErrorResponseParser.m */; };
		5AD2F62B18917C1400C762F0 /* PNHereNowResponseParser.m in Sources */ = {isa = PBXBuildFile; fileRef = 5AD2F59A18917C1400C762F0 /* PNHereNowResponseParser.m */; };
		5AD2F62C18917C1400C762F0 /* PNOperationStatusResponseParser.m in Sources */ = {isa = PBXBuildFile; fileRef = 5AD2F59C18917C1400C762F0 /* PNOperationStatusResponseParser.m */; };
		5AD2F62D18917C1400C762F0 /* PNPushNotificationsEnabledChannelsParser.m in Sources */ = {isa = PBXBuildFile; fileRef = 5AD2F59E18917C1400C762F0 /* PNPushNotificationsEnabledChannelsParser.m */; };
		5AD2F62E18917C1400C762F0 /* PNResponseDeserialize.m in Sources */ = {isa = PBXBuildFile; fileRef = 5AD2F5A018917C1400C762F0 /* PNResponseDeserialize.m */; };
		5AD2F62F18917C1400C762F0 /* PNResponseParser.m in Sources */ = {isa = PBXBuildFile; fileRef = 5AD2F5A218917C1400C762F0 /* PNResponseParser.m */; };
		5AD2F63018917C1400C762F0 /* PNTimeTokenResponseParser.m in Sources */ = {isa = PBXBuildFile; fileRef = 5AD2F5A418917C1400C762F0 /* PNTimeTokenResponseParser.m */; };
		5AD2F63118917C1400C762F0 /* PNAccessRightOptions.m in Sources */ = {isa = PBXBuildFile; fileRef = 5AD2F5A718917C1400C762F0 /* PNAccessRightOptions.m */; };
		5AD2F63218917C1400C762F0 /* PNAccessRightsCollection.m in Sources */ = {isa = PBXBuildFile; fileRef = 5AD2F5AA18917C1400C762F0 /* PNAccessRightsCollection.m */; };
		5AD2F63318917C1400C762F0 /* PNAccessRightsInformation.m in Sources */ = {isa = PBXBuildFile; fileRef = 5AD2F5AD18917C1400C762F0 /* PNAccessRightsInformation.m */; };
		5AD2F63418917C1400C762F0 /* PNChannelEvents.m in Sources */ = {isa = PBXBuildFile; fileRef = 5AD2F5B018917C1400C762F0 /* PNChannelEvents.m */; };
		5AD2F63518917C1400C762F0 /* PNConfiguration.m in Sources */ = {isa = PBXBuildFile; fileRef = 5AD2F5B318917C1400C762F0 /* PNConfiguration.m */; };
		5AD2F63618917C1400C762F0 /* PNDate.m in Sources */ = {isa = PBXBuildFile; fileRef = 5AD2F5B518917C1400C762F0 /* PNDate.m */; };
		5AD2F63718917C1400C762F0 /* PNError.m in Sources */ = {isa = PBXBuildFile; fileRef = 5AD2F5B818917C1400C762F0 /* PNError.m */; };
		5AD2F63818917C1400C762F0 /* PNHereNow.m in Sources */ = {isa = PBXBuildFile; fileRef = 5AD2F5BB18917C1400C762F0 /* PNHereNow.m */; };
		5AD2F63918917C1400C762F0 /* PNJSONSerialization.m in Sources */ = {isa = PBXBuildFile; fileRef = 5AD2F5BD18917C1400C762F0 /* PNJSONSerialization.m */; };
		5AD2F63A18917C1400C762F0 /* PNMessage.m in Sources */ = {isa = PBXBuildFile; fileRef = 5AD2F5C018917C1400C762F0 /* PNMessage.m */; };
		5AD2F63B18917C1400C762F0 /* PNMessagesHistory.m in Sources */ = {isa = PBXBuildFile; fileRef = 5AD2F5C318917C1400C762F0 /* PNMessagesHistory.m */; };
		5AD2F63C18917C1400C762F0 /* PNOperationStatus.m in Sources */ = {isa = PBXBuildFile; fileRef = 5AD2F5C618917C1400C762F0 /* PNOperationStatus.m */; };
		5AD2F63D18917C1400C762F0 /* PNRequestsQueue.m in Sources */ = {isa = PBXBuildFile; fileRef = 5AD2F5C818917C1400C762F0 /* PNRequestsQueue.m */; };
		5AD2F63E18917C1400C762F0 /* PNResponse.m in Sources */ = {isa = PBXBuildFile; fileRef = 5AD2F5CA18917C1400C762F0 /* PNResponse.m */; };
		5AD2F63F18917C1400C762F0 /* NSArray+PNAdditions.m in Sources */ = {isa = PBXBuildFile; fileRef = 5AD2F5CE18917C1400C762F0 /* NSArray+PNAdditions.m */; };
		5AD2F64018917C1400C762F0 /* NSData+PNAdditions.m in Sources */ = {isa = PBXBuildFile; fileRef = 5AD2F5D018917C1400C762F0 /* NSData+PNAdditions.m */; };
		5AD2F64118917C1400C762F0 /* NSDate+PNAdditions.m in Sources */ = {isa = PBXBuildFile; fileRef = 5AD2F5D218917C1400C762F0 /* NSDate+PNAdditions.m */; };
		5AD2F64218917C1400C762F0 /* NSInvocation+PNAdditions.m in Sources */ = {isa = PBXBuildFile; fileRef = 5AD2F5D418917C1400C762F0 /* NSInvocation+PNAdditions.m */; };
		5AD2F64318917C1400C762F0 /* NSMutableArray+PNAdditions.m in Sources */ = {isa = PBXBuildFile; fileRef = 5AD2F5D618917C1400C762F0 /* NSMutableArray+PNAdditions.m */; };
		5AD2F64418917C1400C762F0 /* NSString+PNAddition.m in Sources */ = {isa = PBXBuildFile; fileRef = 5AD2F5D818917C1400C762F0 /* NSString+PNAddition.m */; };
		5AD2F64518917C1400C762F0 /* UIApplication+PNAdditions.m in Sources */ = {isa = PBXBuildFile; fileRef = 5AD2F5DA18917C1400C762F0 /* UIApplication+PNAdditions.m */; };
		5AD2F64618917C1400C762F0 /* PNAccessRightsAuditRequest.m in Sources */ = {isa = PBXBuildFile; fileRef = 5AD2F5F118917C1400C762F0 /* PNAccessRightsAuditRequest.m */; };
		5AD2F64718917C1400C762F0 /* PNBaseRequest.m in Sources */ = {isa = PBXBuildFile; fileRef = 5AD2F5F418917C1400C762F0 /* PNBaseRequest.m */; };
		5AD2F64818917C1400C762F0 /* PNChangeAccessRightsRequest.m in Sources */ = {isa = PBXBuildFile; fileRef = 5AD2F5F618917C1400C762F0 /* PNChangeAccessRightsRequest.m */; };
		5AD2F64918917C1400C762F0 /* PNHereNowRequest.m in Sources */ = {isa = PBXBuildFile; fileRef = 5AD2F5F918917C1400C762F0 /* PNHereNowRequest.m */; };
		5AD2F64A18917C1400C762F0 /* PNLatencyMeasureRequest.m in Sources */ = {isa = PBXBuildFile; fileRef = 5AD2F5FB18917C1400C762F0 /* PNLatencyMeasureRequest.m */; };
		5AD2F64B18917C1400C762F0 /* PNLeaveRequest.m in Sources */ = {isa = PBXBuildFile; fileRef = 5AD2F5FE18917C1400C762F0 /* PNLeaveRequest.m */; };
		5AD2F64C18917C1400C762F0 /* PNMessageHistoryRequest.m in Sources */ = {isa = PBXBuildFile; fileRef = 5AD2F60118917C1400C762F0 /* PNMessageHistoryRequest.m */; };
		5AD2F64D18917C1400C762F0 /* PNMessagePostRequest.m in Sources */ = {isa = PBXBuildFile; fileRef = 5AD2F60418917C1400C762F0 /* PNMessagePostRequest.m */; };
		5AD2F64E18917C1400C762F0 /* PNPushNotificationsEnabledChannelsRequest.m in Sources */ = {isa = PBXBuildFile; fileRef = 5AD2F60618917C1400C762F0 /* PNPushNotificationsEnabledChannelsRequest.m */; };
		5AD2F64F18917C1400C762F0 /* PNPushNotificationsRemoveRequest.m in Sources */ = {isa = PBXBuildFile; fileRef = 5AD2F60818917C1400C762F0 /* PNPushNotificationsRemoveRequest.m */; };
		5AD2F65018917C1400C762F0 /* PNPushNotificationsStateChangeRequest.m in Sources */ = {isa = PBXBuildFile; fileRef = 5AD2F60A18917C1400C762F0 /* PNPushNotificationsStateChangeRequest.m */; };
		5AD2F65118917C1400C762F0 /* PNSubscribeRequest.m in Sources */ = {isa = PBXBuildFile; fileRef = 5AD2F60D18917C1400C762F0 /* PNSubscribeRequest.m */; };
		5AD2F65218917C1400C762F0 /* PNTimeTokenRequest.m in Sources */ = {isa = PBXBuildFile; fileRef = 5AD2F60F18917C1400C762F0 /* PNTimeTokenRequest.m */; };
		5AD2F65318917C1400C762F0 /* PNMessagingChannel.m in Sources */ = {isa = PBXBuildFile; fileRef = 5AD2F61118917C1400C762F0 /* PNMessagingChannel.m */; };
		5AD2F65418917C1400C762F0 /* PNNetworkHelper.m in Sources */ = {isa = PBXBuildFile; fileRef = 5AD2F61318917C1400C762F0 /* PNNetworkHelper.m */; };
		5AD2F65518917C1400C762F0 /* PNReachability.m in Sources */ = {isa = PBXBuildFile; fileRef = 5AD2F61518917C1400C762F0 /* PNReachability.m */; };
		5AD2F65618917C1400C762F0 /* PNServiceChannel.m in Sources */ = {isa = PBXBuildFile; fileRef = 5AD2F61718917C1400C762F0 /* PNServiceChannel.m */; };
		5AD2F65718917C1400C762F0 /* PNConnection.m in Sources */ = {isa = PBXBuildFile; fileRef = 5AD2F61B18917C1400C762F0 /* PNConnection.m */; };
		5AD2F65818917C1400C762F0 /* PNConnectionChannel.m in Sources */ = {isa = PBXBuildFile; fileRef = 5AD2F61E18917C1400C762F0 /* PNConnectionChannel.m */; };
		7935AE7717CD81FA0040632B /* CoreWLAN.framework in Frameworks */ = {isa = PBXBuildFile; fileRef = 7935AE7617CD81FA0040632B /* CoreWLAN.framework */; };
		797D096717253898007A9D9A /* Cocoa.framework in Frameworks */ = {isa = PBXBuildFile; fileRef = 797D096617253898007A9D9A /* Cocoa.framework */; };
		797D097317253898007A9D9A /* main.m in Sources */ = {isa = PBXBuildFile; fileRef = 797D097217253898007A9D9A /* main.m */; };
		797D0A2317253961007A9D9A /* TAAppDelegate.m in Sources */ = {isa = PBXBuildFile; fileRef = 797D098617253960007A9D9A /* TAAppDelegate.m */; };
		797D0A581725397A007A9D9A /* InfoPlist.strings in Resources */ = {isa = PBXBuildFile; fileRef = 797D0A5A1725397A007A9D9A /* InfoPlist.strings */; };
		797D0A5B17253989007A9D9A /* Credits.rtf in Resources */ = {isa = PBXBuildFile; fileRef = 797D0A5D17253989007A9D9A /* Credits.rtf */; };
		797D0A5F1725426E007A9D9A /* SystemConfiguration.framework in Frameworks */ = {isa = PBXBuildFile; fileRef = 797D0A5E1725426D007A9D9A /* SystemConfiguration.framework */; };
		797D0A611725428D007A9D9A /* libz.1.2.5.dylib in Frameworks */ = {isa = PBXBuildFile; fileRef = 797D0A601725428D007A9D9A /* libz.1.2.5.dylib */; };
		797D0A631725431B007A9D9A /* TAMainMenu.xib in Resources */ = {isa = PBXBuildFile; fileRef = 797D0A621725431B007A9D9A /* TAMainMenu.xib */; };
/* End PBXBuildFile section */

/* Begin PBXFileReference section */
		5AD2F57218917C1400C762F0 /* PNObservationCenter+Protected.h */ = {isa = PBXFileReference; fileEncoding = 4; lastKnownFileType = sourcecode.c.h; path = "PNObservationCenter+Protected.h"; sourceTree = "<group>"; };
		5AD2F57318917C1400C762F0 /* PNObservationCenter.h */ = {isa = PBXFileReference; fileEncoding = 4; lastKnownFileType = sourcecode.c.h; path = PNObservationCenter.h; sourceTree = "<group>"; };
		5AD2F57418917C1400C762F0 /* PNObservationCenter.m */ = {isa = PBXFileReference; fileEncoding = 4; lastKnownFileType = sourcecode.c.objc; path = PNObservationCenter.m; sourceTree = "<group>"; };
		5AD2F57518917C1400C762F0 /* PubNub+Protected.h */ = {isa = PBXFileReference; fileEncoding = 4; lastKnownFileType = sourcecode.c.h; path = "PubNub+Protected.h"; sourceTree = "<group>"; };
		5AD2F57618917C1400C762F0 /* PubNub.h */ = {isa = PBXFileReference; fileEncoding = 4; lastKnownFileType = sourcecode.c.h; path = PubNub.h; sourceTree = "<group>"; };
		5AD2F57718917C1400C762F0 /* PubNub.m */ = {isa = PBXFileReference; fileEncoding = 4; lastKnownFileType = sourcecode.c.objc; path = PubNub.m; sourceTree = "<group>"; };
		5AD2F57A18917C1400C762F0 /* PNWriteBuffer.h */ = {isa = PBXFileReference; fileEncoding = 4; lastKnownFileType = sourcecode.c.h; path = PNWriteBuffer.h; sourceTree = "<group>"; };
		5AD2F57B18917C1400C762F0 /* PNWriteBuffer.m */ = {isa = PBXFileReference; fileEncoding = 4; lastKnownFileType = sourcecode.c.objc; path = PNWriteBuffer.m; sourceTree = "<group>"; };
		5AD2F57D18917C1400C762F0 /* PNChannel+Protected.h */ = {isa = PBXFileReference; fileEncoding = 4; lastKnownFileType = sourcecode.c.h; path = "PNChannel+Protected.h"; sourceTree = "<group>"; };
		5AD2F57E18917C1400C762F0 /* PNChannel.h */ = {isa = PBXFileReference; fileEncoding = 4; lastKnownFileType = sourcecode.c.h; path = PNChannel.h; sourceTree = "<group>"; };
		5AD2F57F18917C1400C762F0 /* PNChannel.m */ = {isa = PBXFileReference; fileEncoding = 4; lastKnownFileType = sourcecode.c.objc; path = PNChannel.m; sourceTree = "<group>"; };
		5AD2F58118917C1400C762F0 /* PNChannelPresence+Protected.h */ = {isa = PBXFileReference; fileEncoding = 4; lastKnownFileType = sourcecode.c.h; path = "PNChannelPresence+Protected.h"; sourceTree = "<group>"; };
		5AD2F58218917C1400C762F0 /* PNChannelPresence.h */ = {isa = PBXFileReference; fileEncoding = 4; lastKnownFileType = sourcecode.c.h; path = PNChannelPresence.h; sourceTree = "<group>"; };
		5AD2F58318917C1400C762F0 /* PNChannelPresence.m */ = {isa = PBXFileReference; fileEncoding = 4; lastKnownFileType = sourcecode.c.objc; path = PNChannelPresence.m; sourceTree = "<group>"; };
		5AD2F58418917C1400C762F0 /* PNPresenceEvent+Protected.h */ = {isa = PBXFileReference; fileEncoding = 4; lastKnownFileType = sourcecode.c.h; path = "PNPresenceEvent+Protected.h"; sourceTree = "<group>"; };
		5AD2F58518917C1400C762F0 /* PNPresenceEvent.h */ = {isa = PBXFileReference; fileEncoding = 4; lastKnownFileType = sourcecode.c.h; path = PNPresenceEvent.h; sourceTree = "<group>"; };
		5AD2F58618917C1400C762F0 /* PNPresenceEvent.m */ = {isa = PBXFileReference; fileEncoding = 4; lastKnownFileType = sourcecode.c.objc; path = PNPresenceEvent.m; sourceTree = "<group>"; };
		5AD2F58818917C1400C762F0 /* PNCryptoHelper.h */ = {isa = PBXFileReference; fileEncoding = 4; lastKnownFileType = sourcecode.c.h; path = PNCryptoHelper.h; sourceTree = "<group>"; };
		5AD2F58918917C1400C762F0 /* PNCryptoHelper.m */ = {isa = PBXFileReference; fileEncoding = 4; lastKnownFileType = sourcecode.c.objc; path = PNCryptoHelper.m; sourceTree = "<group>"; };
		5AD2F58B18917C1400C762F0 /* PNAccessRightsResponseParser+Protected.h */ = {isa = PBXFileReference; fileEncoding = 4; lastKnownFileType = sourcecode.c.h; path = "PNAccessRightsResponseParser+Protected.h"; sourceTree = "<group>"; };
		5AD2F58C18917C1400C762F0 /* PNAccessRightsResponseParser.h */ = {isa = PBXFileReference; fileEncoding = 4; lastKnownFileType = sourcecode.c.h; path = PNAccessRightsResponseParser.h; sourceTree = "<group>"; };
		5AD2F58D18917C1400C762F0 /* PNAccessRightsResponseParser.m */ = {isa = PBXFileReference; fileEncoding = 4; lastKnownFileType = sourcecode.c.objc; path = PNAccessRightsResponseParser.m; sourceTree = "<group>"; };
		5AD2F58E18917C1400C762F0 /* PNActionResponseParser+Protected.h */ = {isa = PBXFileReference; fileEncoding = 4; lastKnownFileType = sourcecode.c.h; path = "PNActionResponseParser+Protected.h"; sourceTree = "<group>"; };
		5AD2F58F18917C1400C762F0 /* PNActionResponseParser.h */ = {isa = PBXFileReference; fileEncoding = 4; lastKnownFileType = sourcecode.c.h; path = PNActionResponseParser.h; sourceTree = "<group>"; };
		5AD2F59018917C1400C762F0 /* PNActionResponseParser.m */ = {isa = PBXFileReference; fileEncoding = 4; lastKnownFileType = sourcecode.c.objc; path = PNActionResponseParser.m; sourceTree = "<group>"; };
		5AD2F59118917C1400C762F0 /* PNChannelEventsResponseParser.h */ = {isa = PBXFileReference; fileEncoding = 4; lastKnownFileType = sourcecode.c.h; path = PNChannelEventsResponseParser.h; sourceTree = "<group>"; };
		5AD2F59218917C1400C762F0 /* PNChannelEventsResponseParser.m */ = {isa = PBXFileReference; fileEncoding = 4; lastKnownFileType = sourcecode.c.objc; path = PNChannelEventsResponseParser.m; sourceTree = "<group>"; };
		5AD2F59318917C1400C762F0 /* PNChannelHistoryParser.h */ = {isa = PBXFileReference; fileEncoding = 4; lastKnownFileType = sourcecode.c.h; path = PNChannelHistoryParser.h; sourceTree = "<group>"; };
		5AD2F59418917C1400C762F0 /* PNChannelHistoryParser.m */ = {isa = PBXFileReference; fileEncoding = 4; lastKnownFileType = sourcecode.c.objc; path = PNChannelHistoryParser.m; sourceTree = "<group>"; };
		5AD2F59518917C1400C762F0 /* PNErrorResponseParser+Protected.h */ = {isa = PBXFileReference; fileEncoding = 4; lastKnownFileType = sourcecode.c.h; path = "PNErrorResponseParser+Protected.h"; sourceTree = "<group>"; };
		5AD2F59618917C1400C762F0 /* PNErrorResponseParser.h */ = {isa = PBXFileReference; fileEncoding = 4; lastKnownFileType = sourcecode.c.h; path = PNErrorResponseParser.h; sourceTree = "<group>"; };
		5AD2F59718917C1400C762F0 /* PNErrorResponseParser.m */ = {isa = PBXFileReference; fileEncoding = 4; lastKnownFileType = sourcecode.c.objc; path = PNErrorResponseParser.m; sourceTree = "<group>"; };
		5AD2F59818917C1400C762F0 /* PNHereNowResponseParser+Protected.h */ = {isa = PBXFileReference; fileEncoding = 4; lastKnownFileType = sourcecode.c.h; path = "PNHereNowResponseParser+Protected.h"; sourceTree = "<group>"; };
		5AD2F59918917C1400C762F0 /* PNHereNowResponseParser.h */ = {isa = PBXFileReference; fileEncoding = 4; lastKnownFileType = sourcecode.c.h; path = PNHereNowResponseParser.h; sourceTree = "<group>"; };
		5AD2F59A18917C1400C762F0 /* PNHereNowResponseParser.m */ = {isa = PBXFileReference; fileEncoding = 4; lastKnownFileType = sourcecode.c.objc; path = PNHereNowResponseParser.m; sourceTree = "<group>"; };
		5AD2F59B18917C1400C762F0 /* PNOperationStatusResponseParser.h */ = {isa = PBXFileReference; fileEncoding = 4; lastKnownFileType = sourcecode.c.h; path = PNOperationStatusResponseParser.h; sourceTree = "<group>"; };
		5AD2F59C18917C1400C762F0 /* PNOperationStatusResponseParser.m */ = {isa = PBXFileReference; fileEncoding = 4; lastKnownFileType = sourcecode.c.objc; path = PNOperationStatusResponseParser.m; sourceTree = "<group>"; };
		5AD2F59D18917C1400C762F0 /* PNPushNotificationsEnabledChannelsParser.h */ = {isa = PBXFileReference; fileEncoding = 4; lastKnownFileType = sourcecode.c.h; path = PNPushNotificationsEnabledChannelsParser.h; sourceTree = "<group>"; };
		5AD2F59E18917C1400C762F0 /* PNPushNotificationsEnabledChannelsParser.m */ = {isa = PBXFileReference; fileEncoding = 4; lastKnownFileType = sourcecode.c.objc; path = PNPushNotificationsEnabledChannelsParser.m; sourceTree = "<group>"; };
		5AD2F59F18917C1400C762F0 /* PNResponseDeserialize.h */ = {isa = PBXFileReference; fileEncoding = 4; lastKnownFileType = sourcecode.c.h; path = PNResponseDeserialize.h; sourceTree = "<group>"; };
		5AD2F5A018917C1400C762F0 /* PNResponseDeserialize.m */ = {isa = PBXFileReference; fileEncoding = 4; lastKnownFileType = sourcecode.c.objc; path = PNResponseDeserialize.m; sourceTree = "<group>"; };
		5AD2F5A118917C1400C762F0 /* PNResponseParser.h */ = {isa = PBXFileReference; fileEncoding = 4; lastKnownFileType = sourcecode.c.h; path = PNResponseParser.h; sourceTree = "<group>"; };
		5AD2F5A218917C1400C762F0 /* PNResponseParser.m */ = {isa = PBXFileReference; fileEncoding = 4; lastKnownFileType = sourcecode.c.objc; path = PNResponseParser.m; sourceTree = "<group>"; };
		5AD2F5A318917C1400C762F0 /* PNTimeTokenResponseParser.h */ = {isa = PBXFileReference; fileEncoding = 4; lastKnownFileType = sourcecode.c.h; path = PNTimeTokenResponseParser.h; sourceTree = "<group>"; };
		5AD2F5A418917C1400C762F0 /* PNTimeTokenResponseParser.m */ = {isa = PBXFileReference; fileEncoding = 4; lastKnownFileType = sourcecode.c.objc; path = PNTimeTokenResponseParser.m; sourceTree = "<group>"; };
		5AD2F5A518917C1400C762F0 /* PNAccessRightOptions+Protected.h */ = {isa = PBXFileReference; fileEncoding = 4; lastKnownFileType = sourcecode.c.h; path = "PNAccessRightOptions+Protected.h"; sourceTree = "<group>"; };
		5AD2F5A618917C1400C762F0 /* PNAccessRightOptions.h */ = {isa = PBXFileReference; fileEncoding = 4; lastKnownFileType = sourcecode.c.h; path = PNAccessRightOptions.h; sourceTree = "<group>"; };
		5AD2F5A718917C1400C762F0 /* PNAccessRightOptions.m */ = {isa = PBXFileReference; fileEncoding = 4; lastKnownFileType = sourcecode.c.objc; path = PNAccessRightOptions.m; sourceTree = "<group>"; };
		5AD2F5A818917C1400C762F0 /* PNAccessRightsCollection+Protected.h */ = {isa = PBXFileReference; fileEncoding = 4; lastKnownFileType = sourcecode.c.h; path = "PNAccessRightsCollection+Protected.h"; sourceTree = "<group>"; };
		5AD2F5A918917C1400C762F0 /* PNAccessRightsCollection.h */ = {isa = PBXFileReference; fileEncoding = 4; lastKnownFileType = sourcecode.c.h; path = PNAccessRightsCollection.h; sourceTree = "<group>"; };
		5AD2F5AA18917C1400C762F0 /* PNAccessRightsCollection.m */ = {isa = PBXFileReference; fileEncoding = 4; lastKnownFileType = sourcecode.c.objc; path = PNAccessRightsCollection.m; sourceTree = "<group>"; };
		5AD2F5AB18917C1400C762F0 /* PNAccessRightsInformation+Protected.h */ = {isa = PBXFileReference; fileEncoding = 4; lastKnownFileType = sourcecode.c.h; path = "PNAccessRightsInformation+Protected.h"; sourceTree = "<group>"; };
		5AD2F5AC18917C1400C762F0 /* PNAccessRightsInformation.h */ = {isa = PBXFileReference; fileEncoding = 4; lastKnownFileType = sourcecode.c.h; path = PNAccessRightsInformation.h; sourceTree = "<group>"; };
		5AD2F5AD18917C1400C762F0 /* PNAccessRightsInformation.m */ = {isa = PBXFileReference; fileEncoding = 4; lastKnownFileType = sourcecode.c.objc; path = PNAccessRightsInformation.m; sourceTree = "<group>"; };
		5AD2F5AE18917C1400C762F0 /* PNChannelEvents+Protected.h */ = {isa = PBXFileReference; fileEncoding = 4; lastKnownFileType = sourcecode.c.h; path = "PNChannelEvents+Protected.h"; sourceTree = "<group>"; };
		5AD2F5AF18917C1400C762F0 /* PNChannelEvents.h */ = {isa = PBXFileReference; fileEncoding = 4; lastKnownFileType = sourcecode.c.h; path = PNChannelEvents.h; sourceTree = "<group>"; };
		5AD2F5B018917C1400C762F0 /* PNChannelEvents.m */ = {isa = PBXFileReference; fileEncoding = 4; lastKnownFileType = sourcecode.c.objc; path = PNChannelEvents.m; sourceTree = "<group>"; };
		5AD2F5B118917C1400C762F0 /* PNConfiguration+Protected.h */ = {isa = PBXFileReference; fileEncoding = 4; lastKnownFileType = sourcecode.c.h; path = "PNConfiguration+Protected.h"; sourceTree = "<group>"; };
		5AD2F5B218917C1400C762F0 /* PNConfiguration.h */ = {isa = PBXFileReference; fileEncoding = 4; lastKnownFileType = sourcecode.c.h; path = PNConfiguration.h; sourceTree = "<group>"; };
		5AD2F5B318917C1400C762F0 /* PNConfiguration.m */ = {isa = PBXFileReference; fileEncoding = 4; lastKnownFileType = sourcecode.c.objc; path = PNConfiguration.m; sourceTree = "<group>"; };
		5AD2F5B418917C1400C762F0 /* PNDate.h */ = {isa = PBXFileReference; fileEncoding = 4; lastKnownFileType = sourcecode.c.h; path = PNDate.h; sourceTree = "<group>"; };
		5AD2F5B518917C1400C762F0 /* PNDate.m */ = {isa = PBXFileReference; fileEncoding = 4; lastKnownFileType = sourcecode.c.objc; path = PNDate.m; sourceTree = "<group>"; };
		5AD2F5B618917C1400C762F0 /* PNError+Protected.h */ = {isa = PBXFileReference; fileEncoding = 4; lastKnownFileType = sourcecode.c.h; path = "PNError+Protected.h"; sourceTree = "<group>"; };
		5AD2F5B718917C1400C762F0 /* PNError.h */ = {isa = PBXFileReference; fileEncoding = 4; lastKnownFileType = sourcecode.c.h; path = PNError.h; sourceTree = "<group>"; };
		5AD2F5B818917C1400C762F0 /* PNError.m */ = {isa = PBXFileReference; fileEncoding = 4; lastKnownFileType = sourcecode.c.objc; path = PNError.m; sourceTree = "<group>"; };
		5AD2F5B918917C1400C762F0 /* PNHereNow+Protected.h */ = {isa = PBXFileReference; fileEncoding = 4; lastKnownFileType = sourcecode.c.h; path = "PNHereNow+Protected.h"; sourceTree = "<group>"; };
		5AD2F5BA18917C1400C762F0 /* PNHereNow.h */ = {isa = PBXFileReference; fileEncoding = 4; lastKnownFileType = sourcecode.c.h; path = PNHereNow.h; sourceTree = "<group>"; };
		5AD2F5BB18917C1400C762F0 /* PNHereNow.m */ = {isa = PBXFileReference; fileEncoding = 4; lastKnownFileType = sourcecode.c.objc; path = PNHereNow.m; sourceTree = "<group>"; };
		5AD2F5BC18917C1400C762F0 /* PNJSONSerialization.h */ = {isa = PBXFileReference; fileEncoding = 4; lastKnownFileType = sourcecode.c.h; path = PNJSONSerialization.h; sourceTree = "<group>"; };
		5AD2F5BD18917C1400C762F0 /* PNJSONSerialization.m */ = {isa = PBXFileReference; fileEncoding = 4; lastKnownFileType = sourcecode.c.objc; path = PNJSONSerialization.m; sourceTree = "<group>"; };
		5AD2F5BE18917C1400C762F0 /* PNMessage+Protected.h */ = {isa = PBXFileReference; fileEncoding = 4; lastKnownFileType = sourcecode.c.h; path = "PNMessage+Protected.h"; sourceTree = "<group>"; };
		5AD2F5BF18917C1400C762F0 /* PNMessage.h */ = {isa = PBXFileReference; fileEncoding = 4; lastKnownFileType = sourcecode.c.h; path = PNMessage.h; sourceTree = "<group>"; };
		5AD2F5C018917C1400C762F0 /* PNMessage.m */ = {isa = PBXFileReference; fileEncoding = 4; lastKnownFileType = sourcecode.c.objc; path = PNMessage.m; sourceTree = "<group>"; };
		5AD2F5C118917C1400C762F0 /* PNMessagesHistory+Protected.h */ = {isa = PBXFileReference; fileEncoding = 4; lastKnownFileType = sourcecode.c.h; path = "PNMessagesHistory+Protected.h"; sourceTree = "<group>"; };
		5AD2F5C218917C1400C762F0 /* PNMessagesHistory.h */ = {isa = PBXFileReference; fileEncoding = 4; lastKnownFileType = sourcecode.c.h; path = PNMessagesHistory.h; sourceTree = "<group>"; };
		5AD2F5C318917C1400C762F0 /* PNMessagesHistory.m */ = {isa = PBXFileReference; fileEncoding = 4; lastKnownFileType = sourcecode.c.objc; path = PNMessagesHistory.m; sourceTree = "<group>"; };
		5AD2F5C418917C1400C762F0 /* PNOperationStatus+Protected.h */ = {isa = PBXFileReference; fileEncoding = 4; lastKnownFileType = sourcecode.c.h; path = "PNOperationStatus+Protected.h"; sourceTree = "<group>"; };
		5AD2F5C518917C1400C762F0 /* PNOperationStatus.h */ = {isa = PBXFileReference; fileEncoding = 4; lastKnownFileType = sourcecode.c.h; path = PNOperationStatus.h; sourceTree = "<group>"; };
		5AD2F5C618917C1400C762F0 /* PNOperationStatus.m */ = {isa = PBXFileReference; fileEncoding = 4; lastKnownFileType = sourcecode.c.objc; path = PNOperationStatus.m; sourceTree = "<group>"; };
		5AD2F5C718917C1400C762F0 /* PNRequestsQueue.h */ = {isa = PBXFileReference; fileEncoding = 4; lastKnownFileType = sourcecode.c.h; path = PNRequestsQueue.h; sourceTree = "<group>"; };
		5AD2F5C818917C1400C762F0 /* PNRequestsQueue.m */ = {isa = PBXFileReference; fileEncoding = 4; lastKnownFileType = sourcecode.c.objc; path = PNRequestsQueue.m; sourceTree = "<group>"; };
		5AD2F5C918917C1400C762F0 /* PNResponse.h */ = {isa = PBXFileReference; fileEncoding = 4; lastKnownFileType = sourcecode.c.h; path = PNResponse.h; sourceTree = "<group>"; };
		5AD2F5CA18917C1400C762F0 /* PNResponse.m */ = {isa = PBXFileReference; fileEncoding = 4; lastKnownFileType = sourcecode.c.objc; path = PNResponse.m; sourceTree = "<group>"; };
		5AD2F5CD18917C1400C762F0 /* NSArray+PNAdditions.h */ = {isa = PBXFileReference; fileEncoding = 4; lastKnownFileType = sourcecode.c.h; path = "NSArray+PNAdditions.h"; sourceTree = "<group>"; };
		5AD2F5CE18917C1400C762F0 /* NSArray+PNAdditions.m */ = {isa = PBXFileReference; fileEncoding = 4; lastKnownFileType = sourcecode.c.objc; path = "NSArray+PNAdditions.m"; sourceTree = "<group>"; };
		5AD2F5CF18917C1400C762F0 /* NSData+PNAdditions.h */ = {isa = PBXFileReference; fileEncoding = 4; lastKnownFileType = sourcecode.c.h; path = "NSData+PNAdditions.h"; sourceTree = "<group>"; };
		5AD2F5D018917C1400C762F0 /* NSData+PNAdditions.m */ = {isa = PBXFileReference; fileEncoding = 4; lastKnownFileType = sourcecode.c.objc; path = "NSData+PNAdditions.m"; sourceTree = "<group>"; };
		5AD2F5D118917C1400C762F0 /* NSDate+PNAdditions.h */ = {isa = PBXFileReference; fileEncoding = 4; lastKnownFileType = sourcecode.c.h; path = "NSDate+PNAdditions.h"; sourceTree = "<group>"; };
		5AD2F5D218917C1400C762F0 /* NSDate+PNAdditions.m */ = {isa = PBXFileReference; fileEncoding = 4; lastKnownFileType = sourcecode.c.objc; path = "NSDate+PNAdditions.m"; sourceTree = "<group>"; };
		5AD2F5D318917C1400C762F0 /* NSInvocation+PNAdditions.h */ = {isa = PBXFileReference; fileEncoding = 4; lastKnownFileType = sourcecode.c.h; path = "NSInvocation+PNAdditions.h"; sourceTree = "<group>"; };
		5AD2F5D418917C1400C762F0 /* NSInvocation+PNAdditions.m */ = {isa = PBXFileReference; fileEncoding = 4; lastKnownFileType = sourcecode.c.objc; path = "NSInvocation+PNAdditions.m"; sourceTree = "<group>"; };
		5AD2F5D518917C1400C762F0 /* NSMutableArray+PNAdditions.h */ = {isa = PBXFileReference; fileEncoding = 4; lastKnownFileType = sourcecode.c.h; path = "NSMutableArray+PNAdditions.h"; sourceTree = "<group>"; };
		5AD2F5D618917C1400C762F0 /* NSMutableArray+PNAdditions.m */ = {isa = PBXFileReference; fileEncoding = 4; lastKnownFileType = sourcecode.c.objc; path = "NSMutableArray+PNAdditions.m"; sourceTree = "<group>"; };
		5AD2F5D718917C1400C762F0 /* NSString+PNAddition.h */ = {isa = PBXFileReference; fileEncoding = 4; lastKnownFileType = sourcecode.c.h; path = "NSString+PNAddition.h"; sourceTree = "<group>"; };
		5AD2F5D818917C1400C762F0 /* NSString+PNAddition.m */ = {isa = PBXFileReference; fileEncoding = 4; lastKnownFileType = sourcecode.c.objc; path = "NSString+PNAddition.m"; sourceTree = "<group>"; };
		5AD2F5D918917C1400C762F0 /* UIApplication+PNAdditions.h */ = {isa = PBXFileReference; fileEncoding = 4; lastKnownFileType = sourcecode.c.h; path = "UIApplication+PNAdditions.h"; sourceTree = "<group>"; };
		5AD2F5DA18917C1400C762F0 /* UIApplication+PNAdditions.m */ = {isa = PBXFileReference; fileEncoding = 4; lastKnownFileType = sourcecode.c.objc; path = "UIApplication+PNAdditions.m"; sourceTree = "<group>"; };
		5AD2F5DB18917C1400C762F0 /* PNConstants.h */ = {isa = PBXFileReference; fileEncoding = 4; lastKnownFileType = sourcecode.c.h; path = PNConstants.h; sourceTree = "<group>"; };
		5AD2F5DC18917C1400C762F0 /* PNDefaultConfiguration.h */ = {isa = PBXFileReference; fileEncoding = 4; lastKnownFileType = sourcecode.c.h; path = PNDefaultConfiguration.h; sourceTree = "<group>"; };
		5AD2F5DD18917C1400C762F0 /* PNErrorCodes.h */ = {isa = PBXFileReference; fileEncoding = 4; lastKnownFileType = sourcecode.c.h; path = PNErrorCodes.h; sourceTree = "<group>"; };
		5AD2F5DE18917C1400C762F0 /* PNImports.h */ = {isa = PBXFileReference; fileEncoding = 4; lastKnownFileType = sourcecode.c.h; path = PNImports.h; sourceTree = "<group>"; };
		5AD2F5DF18917C1400C762F0 /* PNMacro.h */ = {isa = PBXFileReference; fileEncoding = 4; lastKnownFileType = sourcecode.c.h; path = PNMacro.h; sourceTree = "<group>"; };
		5AD2F5E018917C1400C762F0 /* PNNotifications.h */ = {isa = PBXFileReference; fileEncoding = 4; lastKnownFileType = sourcecode.c.h; path = PNNotifications.h; sourceTree = "<group>"; };
		5AD2F5E118917C1400C762F0 /* PNPrivateImports.h */ = {isa = PBXFileReference; fileEncoding = 4; lastKnownFileType = sourcecode.c.h; path = PNPrivateImports.h; sourceTree = "<group>"; };
		5AD2F5E218917C1400C762F0 /* PNPrivateMacro.h */ = {isa = PBXFileReference; fileEncoding = 4; lastKnownFileType = sourcecode.c.h; path = PNPrivateMacro.h; sourceTree = "<group>"; };
		5AD2F5E318917C1400C762F0 /* PNRequestsImport.h */ = {isa = PBXFileReference; fileEncoding = 4; lastKnownFileType = sourcecode.c.h; path = PNRequestsImport.h; sourceTree = "<group>"; };
		5AD2F5E418917C1400C762F0 /* PNServiceResponseCallbacks.h */ = {isa = PBXFileReference; fileEncoding = 4; lastKnownFileType = sourcecode.c.h; path = PNServiceResponseCallbacks.h; sourceTree = "<group>"; };
		5AD2F5E518917C1400C762F0 /* PNStructures.h */ = {isa = PBXFileReference; fileEncoding = 4; lastKnownFileType = sourcecode.c.h; path = PNStructures.h; sourceTree = "<group>"; };
		5AD2F5E718917C1400C762F0 /* PNConnectionChannelDelegate.h */ = {isa = PBXFileReference; fileEncoding = 4; lastKnownFileType = sourcecode.c.h; path = PNConnectionChannelDelegate.h; sourceTree = "<group>"; };
		5AD2F5E818917C1400C762F0 /* PNConnectionDelegate.h */ = {isa = PBXFileReference; fileEncoding = 4; lastKnownFileType = sourcecode.c.h; path = PNConnectionDelegate.h; sourceTree = "<group>"; };
		5AD2F5E918917C1400C762F0 /* PNDelegate.h */ = {isa = PBXFileReference; fileEncoding = 4; lastKnownFileType = sourcecode.c.h; path = PNDelegate.h; sourceTree = "<group>"; };
		5AD2F5EA18917C1400C762F0 /* PNMessageChannelDelegate.h */ = {isa = PBXFileReference; fileEncoding = 4; lastKnownFileType = sourcecode.c.h; path = PNMessageChannelDelegate.h; sourceTree = "<group>"; };
		5AD2F5EB18917C1400C762F0 /* PNRequestsQueueDelegate.h */ = {isa = PBXFileReference; fileEncoding = 4; lastKnownFileType = sourcecode.c.h; path = PNRequestsQueueDelegate.h; sourceTree = "<group>"; };
		5AD2F5EC18917C1400C762F0 /* PNResponseProtocol.h */ = {isa = PBXFileReference; fileEncoding = 4; lastKnownFileType = sourcecode.c.h; path = PNResponseProtocol.h; sourceTree = "<group>"; };
		5AD2F5ED18917C1400C762F0 /* PNServiceChannelDelegate.h */ = {isa = PBXFileReference; fileEncoding = 4; lastKnownFileType = sourcecode.c.h; path = PNServiceChannelDelegate.h; sourceTree = "<group>"; };
		5AD2F5F018917C1400C762F0 /* PNAccessRightsAuditRequest.h */ = {isa = PBXFileReference; fileEncoding = 4; lastKnownFileType = sourcecode.c.h; path = PNAccessRightsAuditRequest.h; sourceTree = "<group>"; };
		5AD2F5F118917C1400C762F0 /* PNAccessRightsAuditRequest.m */ = {isa = PBXFileReference; fileEncoding = 4; lastKnownFileType = sourcecode.c.objc; path = PNAccessRightsAuditRequest.m; sourceTree = "<group>"; };
		5AD2F5F218917C1400C762F0 /* PNBaseRequest+Protected.h */ = {isa = PBXFileReference; fileEncoding = 4; lastKnownFileType = sourcecode.c.h; path = "PNBaseRequest+Protected.h"; sourceTree = "<group>"; };
		5AD2F5F318917C1400C762F0 /* PNBaseRequest.h */ = {isa = PBXFileReference; fileEncoding = 4; lastKnownFileType = sourcecode.c.h; path = PNBaseRequest.h; sourceTree = "<group>"; };
		5AD2F5F418917C1400C762F0 /* PNBaseRequest.m */ = {isa = PBXFileReference; fileEncoding = 4; lastKnownFileType = sourcecode.c.objc; path = PNBaseRequest.m; sourceTree = "<group>"; };
		5AD2F5F518917C1400C762F0 /* PNChangeAccessRightsRequest.h */ = {isa = PBXFileReference; fileEncoding = 4; lastKnownFileType = sourcecode.c.h; path = PNChangeAccessRightsRequest.h; sourceTree = "<group>"; };
		5AD2F5F618917C1400C762F0 /* PNChangeAccessRightsRequest.m */ = {isa = PBXFileReference; fileEncoding = 4; lastKnownFileType = sourcecode.c.objc; path = PNChangeAccessRightsRequest.m; sourceTree = "<group>"; };
		5AD2F5F718917C1400C762F0 /* PNHereNowRequest+Protected.h */ = {isa = PBXFileReference; fileEncoding = 4; lastKnownFileType = sourcecode.c.h; path = "PNHereNowRequest+Protected.h"; sourceTree = "<group>"; };
		5AD2F5F818917C1400C762F0 /* PNHereNowRequest.h */ = {isa = PBXFileReference; fileEncoding = 4; lastKnownFileType = sourcecode.c.h; path = PNHereNowRequest.h; sourceTree = "<group>"; };
		5AD2F5F918917C1400C762F0 /* PNHereNowRequest.m */ = {isa = PBXFileReference; fileEncoding = 4; lastKnownFileType = sourcecode.c.objc; path = PNHereNowRequest.m; sourceTree = "<group>"; };
		5AD2F5FA18917C1400C762F0 /* PNLatencyMeasureRequest.h */ = {isa = PBXFileReference; fileEncoding = 4; lastKnownFileType = sourcecode.c.h; path = PNLatencyMeasureRequest.h; sourceTree = "<group>"; };
		5AD2F5FB18917C1400C762F0 /* PNLatencyMeasureRequest.m */ = {isa = PBXFileReference; fileEncoding = 4; lastKnownFileType = sourcecode.c.objc; path = PNLatencyMeasureRequest.m; sourceTree = "<group>"; };
		5AD2F5FC18917C1400C762F0 /* PNLeaveRequest+Protected.h */ = {isa = PBXFileReference; fileEncoding = 4; lastKnownFileType = sourcecode.c.h; path = "PNLeaveRequest+Protected.h"; sourceTree = "<group>"; };
		5AD2F5FD18917C1400C762F0 /* PNLeaveRequest.h */ = {isa = PBXFileReference; fileEncoding = 4; lastKnownFileType = sourcecode.c.h; path = PNLeaveRequest.h; sourceTree = "<group>"; };
		5AD2F5FE18917C1400C762F0 /* PNLeaveRequest.m */ = {isa = PBXFileReference; fileEncoding = 4; lastKnownFileType = sourcecode.c.objc; path = PNLeaveRequest.m; sourceTree = "<group>"; };
		5AD2F5FF18917C1400C762F0 /* PNMessageHistoryRequest+Protected.h */ = {isa = PBXFileReference; fileEncoding = 4; lastKnownFileType = sourcecode.c.h; path = "PNMessageHistoryRequest+Protected.h"; sourceTree = "<group>"; };
		5AD2F60018917C1400C762F0 /* PNMessageHistoryRequest.h */ = {isa = PBXFileReference; fileEncoding = 4; lastKnownFileType = sourcecode.c.h; path = PNMessageHistoryRequest.h; sourceTree = "<group>"; };
		5AD2F60118917C1400C762F0 /* PNMessageHistoryRequest.m */ = {isa = PBXFileReference; fileEncoding = 4; lastKnownFileType = sourcecode.c.objc; path = PNMessageHistoryRequest.m; sourceTree = "<group>"; };
		5AD2F60218917C1400C762F0 /* PNMessagePostRequest+Protected.h */ = {isa = PBXFileReference; fileEncoding = 4; lastKnownFileType = sourcecode.c.h; path = "PNMessagePostRequest+Protected.h"; sourceTree = "<group>"; };
		5AD2F60318917C1400C762F0 /* PNMessagePostRequest.h */ = {isa = PBXFileReference; fileEncoding = 4; lastKnownFileType = sourcecode.c.h; path = PNMessagePostRequest.h; sourceTree = "<group>"; };
		5AD2F60418917C1400C762F0 /* PNMessagePostRequest.m */ = {isa = PBXFileReference; fileEncoding = 4; lastKnownFileType = sourcecode.c.objc; path = PNMessagePostRequest.m; sourceTree = "<group>"; };
		5AD2F60518917C1400C762F0 /* PNPushNotificationsEnabledChannelsRequest.h */ = {isa = PBXFileReference; fileEncoding = 4; lastKnownFileType = sourcecode.c.h; path = PNPushNotificationsEnabledChannelsRequest.h; sourceTree = "<group>"; };
		5AD2F60618917C1400C762F0 /* PNPushNotificationsEnabledChannelsRequest.m */ = {isa = PBXFileReference; fileEncoding = 4; lastKnownFileType = sourcecode.c.objc; path = PNPushNotificationsEnabledChannelsRequest.m; sourceTree = "<group>"; };
		5AD2F60718917C1400C762F0 /* PNPushNotificationsRemoveRequest.h */ = {isa = PBXFileReference; fileEncoding = 4; lastKnownFileType = sourcecode.c.h; path = PNPushNotificationsRemoveRequest.h; sourceTree = "<group>"; };
		5AD2F60818917C1400C762F0 /* PNPushNotificationsRemoveRequest.m */ = {isa = PBXFileReference; fileEncoding = 4; lastKnownFileType = sourcecode.c.objc; path = PNPushNotificationsRemoveRequest.m; sourceTree = "<group>"; };
		5AD2F60918917C1400C762F0 /* PNPushNotificationsStateChangeRequest.h */ = {isa = PBXFileReference; fileEncoding = 4; lastKnownFileType = sourcecode.c.h; path = PNPushNotificationsStateChangeRequest.h; sourceTree = "<group>"; };
		5AD2F60A18917C1400C762F0 /* PNPushNotificationsStateChangeRequest.m */ = {isa = PBXFileReference; fileEncoding = 4; lastKnownFileType = sourcecode.c.objc; path = PNPushNotificationsStateChangeRequest.m; sourceTree = "<group>"; };
		5AD2F60B18917C1400C762F0 /* PNSubscribeRequest+Protected.h */ = {isa = PBXFileReference; fileEncoding = 4; lastKnownFileType = sourcecode.c.h; path = "PNSubscribeRequest+Protected.h"; sourceTree = "<group>"; };
		5AD2F60C18917C1400C762F0 /* PNSubscribeRequest.h */ = {isa = PBXFileReference; fileEncoding = 4; lastKnownFileType = sourcecode.c.h; path = PNSubscribeRequest.h; sourceTree = "<group>"; };
		5AD2F60D18917C1400C762F0 /* PNSubscribeRequest.m */ = {isa = PBXFileReference; fileEncoding = 4; lastKnownFileType = sourcecode.c.objc; path = PNSubscribeRequest.m; sourceTree = "<group>"; };
		5AD2F60E18917C1400C762F0 /* PNTimeTokenRequest.h */ = {isa = PBXFileReference; fileEncoding = 4; lastKnownFileType = sourcecode.c.h; path = PNTimeTokenRequest.h; sourceTree = "<group>"; };
		5AD2F60F18917C1400C762F0 /* PNTimeTokenRequest.m */ = {isa = PBXFileReference; fileEncoding = 4; lastKnownFileType = sourcecode.c.objc; path = PNTimeTokenRequest.m; sourceTree = "<group>"; };
		5AD2F61018917C1400C762F0 /* PNMessagingChannel.h */ = {isa = PBXFileReference; fileEncoding = 4; lastKnownFileType = sourcecode.c.h; path = PNMessagingChannel.h; sourceTree = "<group>"; };
		5AD2F61118917C1400C762F0 /* PNMessagingChannel.m */ = {isa = PBXFileReference; fileEncoding = 4; lastKnownFileType = sourcecode.c.objc; path = PNMessagingChannel.m; sourceTree = "<group>"; };
		5AD2F61218917C1400C762F0 /* PNNetworkHelper.h */ = {isa = PBXFileReference; fileEncoding = 4; lastKnownFileType = sourcecode.c.h; path = PNNetworkHelper.h; sourceTree = "<group>"; };
		5AD2F61318917C1400C762F0 /* PNNetworkHelper.m */ = {isa = PBXFileReference; fileEncoding = 4; lastKnownFileType = sourcecode.c.objc; path = PNNetworkHelper.m; sourceTree = "<group>"; };
		5AD2F61418917C1400C762F0 /* PNReachability.h */ = {isa = PBXFileReference; fileEncoding = 4; lastKnownFileType = sourcecode.c.h; path = PNReachability.h; sourceTree = "<group>"; };
		5AD2F61518917C1400C762F0 /* PNReachability.m */ = {isa = PBXFileReference; fileEncoding = 4; lastKnownFileType = sourcecode.c.objc; path = PNReachability.m; sourceTree = "<group>"; };
		5AD2F61618917C1400C762F0 /* PNServiceChannel.h */ = {isa = PBXFileReference; fileEncoding = 4; lastKnownFileType = sourcecode.c.h; path = PNServiceChannel.h; sourceTree = "<group>"; };
		5AD2F61718917C1400C762F0 /* PNServiceChannel.m */ = {isa = PBXFileReference; fileEncoding = 4; lastKnownFileType = sourcecode.c.objc; path = PNServiceChannel.m; sourceTree = "<group>"; };
		5AD2F61918917C1400C762F0 /* PNConnection+Protected.h */ = {isa = PBXFileReference; fileEncoding = 4; lastKnownFileType = sourcecode.c.h; path = "PNConnection+Protected.h"; sourceTree = "<group>"; };
		5AD2F61A18917C1400C762F0 /* PNConnection.h */ = {isa = PBXFileReference; fileEncoding = 4; lastKnownFileType = sourcecode.c.h; path = PNConnection.h; sourceTree = "<group>"; };
		5AD2F61B18917C1400C762F0 /* PNConnection.m */ = {isa = PBXFileReference; fileEncoding = 4; lastKnownFileType = sourcecode.c.objc; path = PNConnection.m; sourceTree = "<group>"; };
		5AD2F61C18917C1400C762F0 /* PNConnectionChannel+Protected.h */ = {isa = PBXFileReference; fileEncoding = 4; lastKnownFileType = sourcecode.c.h; path = "PNConnectionChannel+Protected.h"; sourceTree = "<group>"; };
		5AD2F61D18917C1400C762F0 /* PNConnectionChannel.h */ = {isa = PBXFileReference; fileEncoding = 4; lastKnownFileType = sourcecode.c.h; path = PNConnectionChannel.h; sourceTree = "<group>"; };
		5AD2F61E18917C1400C762F0 /* PNConnectionChannel.m */ = {isa = PBXFileReference; fileEncoding = 4; lastKnownFileType = sourcecode.c.objc; path = PNConnectionChannel.m; sourceTree = "<group>"; };
		7935AE7617CD81FA0040632B /* CoreWLAN.framework */ = {isa = PBXFileReference; lastKnownFileType = wrapper.framework; name = CoreWLAN.framework; path = System/Library/Frameworks/CoreWLAN.framework; sourceTree = SDKROOT; };
		797D096317253898007A9D9A /* PubNubMacOSTestApplication.app */ = {isa = PBXFileReference; explicitFileType = wrapper.application; includeInIndex = 0; path = PubNubMacOSTestApplication.app; sourceTree = BUILT_PRODUCTS_DIR; };
		797D096617253898007A9D9A /* Cocoa.framework */ = {isa = PBXFileReference; lastKnownFileType = wrapper.framework; name = Cocoa.framework; path = System/Library/Frameworks/Cocoa.framework; sourceTree = SDKROOT; };
		797D096917253898007A9D9A /* AppKit.framework */ = {isa = PBXFileReference; lastKnownFileType = wrapper.framework; name = AppKit.framework; path = System/Library/Frameworks/AppKit.framework; sourceTree = SDKROOT; };
		797D096A17253898007A9D9A /* CoreData.framework */ = {isa = PBXFileReference; lastKnownFileType = wrapper.framework; name = CoreData.framework; path = System/Library/Frameworks/CoreData.framework; sourceTree = SDKROOT; };
		797D096B17253898007A9D9A /* Foundation.framework */ = {isa = PBXFileReference; lastKnownFileType = wrapper.framework; name = Foundation.framework; path = System/Library/Frameworks/Foundation.framework; sourceTree = SDKROOT; };
		797D097217253898007A9D9A /* main.m */ = {isa = PBXFileReference; lastKnownFileType = sourcecode.c.objc; path = main.m; sourceTree = "<group>"; };
		797D097417253898007A9D9A /* PubNubMacOSTestApplication-Prefix.pch */ = {isa = PBXFileReference; lastKnownFileType = sourcecode.c.h; path = "PubNubMacOSTestApplication-Prefix.pch"; sourceTree = "<group>"; };
		797D098517253960007A9D9A /* TAAppDelegate.h */ = {isa = PBXFileReference; fileEncoding = 4; lastKnownFileType = sourcecode.c.h; path = TAAppDelegate.h; sourceTree = "<group>"; };
		797D098617253960007A9D9A /* TAAppDelegate.m */ = {isa = PBXFileReference; fileEncoding = 4; lastKnownFileType = sourcecode.c.objc; path = TAAppDelegate.m; sourceTree = "<group>"; };
		797D0A2017253961007A9D9A /* PubNubMacOSTestApplication-Info.plist */ = {isa = PBXFileReference; fileEncoding = 4; lastKnownFileType = text.plist.xml; path = "PubNubMacOSTestApplication-Info.plist"; sourceTree = "<group>"; };
		797D0A591725397A007A9D9A /* en */ = {isa = PBXFileReference; lastKnownFileType = text.plist.strings; name = en; path = en.lproj/InfoPlist.strings; sourceTree = "<group>"; };
		797D0A5C17253989007A9D9A /* en */ = {isa = PBXFileReference; lastKnownFileType = text.rtf; name = en; path = en.lproj/Credits.rtf; sourceTree = "<group>"; };
		797D0A5E1725426D007A9D9A /* SystemConfiguration.framework */ = {isa = PBXFileReference; lastKnownFileType = wrapper.framework; name = SystemConfiguration.framework; path = System/Library/Frameworks/SystemConfiguration.framework; sourceTree = SDKROOT; };
		797D0A601725428D007A9D9A /* libz.1.2.5.dylib */ = {isa = PBXFileReference; lastKnownFileType = "compiled.mach-o.dylib"; name = libz.1.2.5.dylib; path = usr/lib/libz.1.2.5.dylib; sourceTree = SDKROOT; };
		797D0A621725431B007A9D9A /* TAMainMenu.xib */ = {isa = PBXFileReference; fileEncoding = 4; lastKnownFileType = file.xib; path = TAMainMenu.xib; sourceTree = "<group>"; };
/* End PBXFileReference section */

/* Begin PBXFrameworksBuildPhase section */
		797D096017253898007A9D9A /* Frameworks */ = {
			isa = PBXFrameworksBuildPhase;
			buildActionMask = 2147483647;
			files = (
				797D0A5F1725426E007A9D9A /* SystemConfiguration.framework in Frameworks */,
				7935AE7717CD81FA0040632B /* CoreWLAN.framework in Frameworks */,
				797D096717253898007A9D9A /* Cocoa.framework in Frameworks */,
				797D0A611725428D007A9D9A /* libz.1.2.5.dylib in Frameworks */,
			);
			runOnlyForDeploymentPostprocessing = 0;
		};
/* End PBXFrameworksBuildPhase section */

/* Begin PBXGroup section */
		5AD2F57018917C1400C762F0 /* PubNub */ = {
			isa = PBXGroup;
			children = (
				5AD2F57118917C1400C762F0 /* Core */,
				5AD2F57818917C1400C762F0 /* Data */,
				5AD2F5CB18917C1400C762F0 /* Misc */,
				5AD2F5EE18917C1400C762F0 /* Network */,
			);
			path = PubNub;
			sourceTree = "<group>";
		};
		5AD2F57118917C1400C762F0 /* Core */ = {
			isa = PBXGroup;
			children = (
				5AD2F57218917C1400C762F0 /* PNObservationCenter+Protected.h */,
				5AD2F57318917C1400C762F0 /* PNObservationCenter.h */,
				5AD2F57418917C1400C762F0 /* PNObservationCenter.m */,
				5AD2F57518917C1400C762F0 /* PubNub+Protected.h */,
				5AD2F57618917C1400C762F0 /* PubNub.h */,
				5AD2F57718917C1400C762F0 /* PubNub.m */,
			);
			path = Core;
			sourceTree = "<group>";
		};
		5AD2F57818917C1400C762F0 /* Data */ = {
			isa = PBXGroup;
			children = (
				5AD2F57918917C1400C762F0 /* Buffers */,
				5AD2F57C18917C1400C762F0 /* Channels */,
				5AD2F58718917C1400C762F0 /* Crypto */,
				5AD2F58A18917C1400C762F0 /* Parsers */,
				5AD2F5A518917C1400C762F0 /* PNAccessRightOptions+Protected.h */,
				5AD2F5A618917C1400C762F0 /* PNAccessRightOptions.h */,
				5AD2F5A718917C1400C762F0 /* PNAccessRightOptions.m */,
				5AD2F5A818917C1400C762F0 /* PNAccessRightsCollection+Protected.h */,
				5AD2F5A918917C1400C762F0 /* PNAccessRightsCollection.h */,
				5AD2F5AA18917C1400C762F0 /* PNAccessRightsCollection.m */,
				5AD2F5AB18917C1400C762F0 /* PNAccessRightsInformation+Protected.h */,
				5AD2F5AC18917C1400C762F0 /* PNAccessRightsInformation.h */,
				5AD2F5AD18917C1400C762F0 /* PNAccessRightsInformation.m */,
				5AD2F5AE18917C1400C762F0 /* PNChannelEvents+Protected.h */,
				5AD2F5AF18917C1400C762F0 /* PNChannelEvents.h */,
				5AD2F5B018917C1400C762F0 /* PNChannelEvents.m */,
				5AD2F5B118917C1400C762F0 /* PNConfiguration+Protected.h */,
				5AD2F5B218917C1400C762F0 /* PNConfiguration.h */,
				5AD2F5B318917C1400C762F0 /* PNConfiguration.m */,
				5AD2F5B418917C1400C762F0 /* PNDate.h */,
				5AD2F5B518917C1400C762F0 /* PNDate.m */,
				5AD2F5B618917C1400C762F0 /* PNError+Protected.h */,
				5AD2F5B718917C1400C762F0 /* PNError.h */,
				5AD2F5B818917C1400C762F0 /* PNError.m */,
				5AD2F5B918917C1400C762F0 /* PNHereNow+Protected.h */,
				5AD2F5BA18917C1400C762F0 /* PNHereNow.h */,
				5AD2F5BB18917C1400C762F0 /* PNHereNow.m */,
				5AD2F5BC18917C1400C762F0 /* PNJSONSerialization.h */,
				5AD2F5BD18917C1400C762F0 /* PNJSONSerialization.m */,
				5AD2F5BE18917C1400C762F0 /* PNMessage+Protected.h */,
				5AD2F5BF18917C1400C762F0 /* PNMessage.h */,
				5AD2F5C018917C1400C762F0 /* PNMessage.m */,
				5AD2F5C118917C1400C762F0 /* PNMessagesHistory+Protected.h */,
				5AD2F5C218917C1400C762F0 /* PNMessagesHistory.h */,
				5AD2F5C318917C1400C762F0 /* PNMessagesHistory.m */,
				5AD2F5C418917C1400C762F0 /* PNOperationStatus+Protected.h */,
				5AD2F5C518917C1400C762F0 /* PNOperationStatus.h */,
				5AD2F5C618917C1400C762F0 /* PNOperationStatus.m */,
				5AD2F5C718917C1400C762F0 /* PNRequestsQueue.h */,
				5AD2F5C818917C1400C762F0 /* PNRequestsQueue.m */,
				5AD2F5C918917C1400C762F0 /* PNResponse.h */,
				5AD2F5CA18917C1400C762F0 /* PNResponse.m */,
			);
			path = Data;
			sourceTree = "<group>";
		};
		5AD2F57918917C1400C762F0 /* Buffers */ = {
			isa = PBXGroup;
			children = (
				5AD2F57A18917C1400C762F0 /* PNWriteBuffer.h */,
				5AD2F57B18917C1400C762F0 /* PNWriteBuffer.m */,
			);
			path = Buffers;
			sourceTree = "<group>";
		};
		5AD2F57C18917C1400C762F0 /* Channels */ = {
			isa = PBXGroup;
			children = (
				5AD2F57D18917C1400C762F0 /* PNChannel+Protected.h */,
				5AD2F57E18917C1400C762F0 /* PNChannel.h */,
				5AD2F57F18917C1400C762F0 /* PNChannel.m */,
				5AD2F58018917C1400C762F0 /* Presence */,
			);
			path = Channels;
			sourceTree = "<group>";
		};
		5AD2F58018917C1400C762F0 /* Presence */ = {
			isa = PBXGroup;
			children = (
				5AD2F58118917C1400C762F0 /* PNChannelPresence+Protected.h */,
				5AD2F58218917C1400C762F0 /* PNChannelPresence.h */,
				5AD2F58318917C1400C762F0 /* PNChannelPresence.m */,
				5AD2F58418917C1400C762F0 /* PNPresenceEvent+Protected.h */,
				5AD2F58518917C1400C762F0 /* PNPresenceEvent.h */,
				5AD2F58618917C1400C762F0 /* PNPresenceEvent.m */,
			);
			path = Presence;
			sourceTree = "<group>";
		};
		5AD2F58718917C1400C762F0 /* Crypto */ = {
			isa = PBXGroup;
			children = (
				5AD2F58818917C1400C762F0 /* PNCryptoHelper.h */,
				5AD2F58918917C1400C762F0 /* PNCryptoHelper.m */,
			);
			path = Crypto;
			sourceTree = "<group>";
		};
		5AD2F58A18917C1400C762F0 /* Parsers */ = {
			isa = PBXGroup;
			children = (
				5AD2F58B18917C1400C762F0 /* PNAccessRightsResponseParser+Protected.h */,
				5AD2F58C18917C1400C762F0 /* PNAccessRightsResponseParser.h */,
				5AD2F58D18917C1400C762F0 /* PNAccessRightsResponseParser.m */,
				5AD2F58E18917C1400C762F0 /* PNActionResponseParser+Protected.h */,
				5AD2F58F18917C1400C762F0 /* PNActionResponseParser.h */,
				5AD2F59018917C1400C762F0 /* PNActionResponseParser.m */,
				5AD2F59118917C1400C762F0 /* PNChannelEventsResponseParser.h */,
				5AD2F59218917C1400C762F0 /* PNChannelEventsResponseParser.m */,
				5AD2F59318917C1400C762F0 /* PNChannelHistoryParser.h */,
				5AD2F59418917C1400C762F0 /* PNChannelHistoryParser.m */,
				5AD2F59518917C1400C762F0 /* PNErrorResponseParser+Protected.h */,
				5AD2F59618917C1400C762F0 /* PNErrorResponseParser.h */,
				5AD2F59718917C1400C762F0 /* PNErrorResponseParser.m */,
				5AD2F59818917C1400C762F0 /* PNHereNowResponseParser+Protected.h */,
				5AD2F59918917C1400C762F0 /* PNHereNowResponseParser.h */,
				5AD2F59A18917C1400C762F0 /* PNHereNowResponseParser.m */,
				5AD2F59B18917C1400C762F0 /* PNOperationStatusResponseParser.h */,
				5AD2F59C18917C1400C762F0 /* PNOperationStatusResponseParser.m */,
				5AD2F59D18917C1400C762F0 /* PNPushNotificationsEnabledChannelsParser.h */,
				5AD2F59E18917C1400C762F0 /* PNPushNotificationsEnabledChannelsParser.m */,
				5AD2F59F18917C1400C762F0 /* PNResponseDeserialize.h */,
				5AD2F5A018917C1400C762F0 /* PNResponseDeserialize.m */,
				5AD2F5A118917C1400C762F0 /* PNResponseParser.h */,
				5AD2F5A218917C1400C762F0 /* PNResponseParser.m */,
				5AD2F5A318917C1400C762F0 /* PNTimeTokenResponseParser.h */,
				5AD2F5A418917C1400C762F0 /* PNTimeTokenResponseParser.m */,
			);
			path = Parsers;
			sourceTree = "<group>";
		};
		5AD2F5CB18917C1400C762F0 /* Misc */ = {
			isa = PBXGroup;
			children = (
				5AD2F5CC18917C1400C762F0 /* Categories */,
				5AD2F5DB18917C1400C762F0 /* PNConstants.h */,
				5AD2F5DC18917C1400C762F0 /* PNDefaultConfiguration.h */,
				5AD2F5DD18917C1400C762F0 /* PNErrorCodes.h */,
				5AD2F5DE18917C1400C762F0 /* PNImports.h */,
				5AD2F5DF18917C1400C762F0 /* PNMacro.h */,
				5AD2F5E018917C1400C762F0 /* PNNotifications.h */,
				5AD2F5E118917C1400C762F0 /* PNPrivateImports.h */,
				5AD2F5E218917C1400C762F0 /* PNPrivateMacro.h */,
				5AD2F5E318917C1400C762F0 /* PNRequestsImport.h */,
				5AD2F5E418917C1400C762F0 /* PNServiceResponseCallbacks.h */,
				5AD2F5E518917C1400C762F0 /* PNStructures.h */,
				5AD2F5E618917C1400C762F0 /* Protocols */,
			);
			path = Misc;
			sourceTree = "<group>";
		};
		5AD2F5CC18917C1400C762F0 /* Categories */ = {
			isa = PBXGroup;
			children = (
				5AD2F5CD18917C1400C762F0 /* NSArray+PNAdditions.h */,
				5AD2F5CE18917C1400C762F0 /* NSArray+PNAdditions.m */,
				5AD2F5CF18917C1400C762F0 /* NSData+PNAdditions.h */,
				5AD2F5D018917C1400C762F0 /* NSData+PNAdditions.m */,
				5AD2F5D118917C1400C762F0 /* NSDate+PNAdditions.h */,
				5AD2F5D218917C1400C762F0 /* NSDate+PNAdditions.m */,
				5AD2F5D318917C1400C762F0 /* NSInvocation+PNAdditions.h */,
				5AD2F5D418917C1400C762F0 /* NSInvocation+PNAdditions.m */,
				5AD2F5D518917C1400C762F0 /* NSMutableArray+PNAdditions.h */,
				5AD2F5D618917C1400C762F0 /* NSMutableArray+PNAdditions.m */,
				5AD2F5D718917C1400C762F0 /* NSString+PNAddition.h */,
				5AD2F5D818917C1400C762F0 /* NSString+PNAddition.m */,
				5AD2F5D918917C1400C762F0 /* UIApplication+PNAdditions.h */,
				5AD2F5DA18917C1400C762F0 /* UIApplication+PNAdditions.m */,
			);
			path = Categories;
			sourceTree = "<group>";
		};
		5AD2F5E618917C1400C762F0 /* Protocols */ = {
			isa = PBXGroup;
			children = (
				5AD2F5E718917C1400C762F0 /* PNConnectionChannelDelegate.h */,
				5AD2F5E818917C1400C762F0 /* PNConnectionDelegate.h */,
				5AD2F5E918917C1400C762F0 /* PNDelegate.h */,
				5AD2F5EA18917C1400C762F0 /* PNMessageChannelDelegate.h */,
				5AD2F5EB18917C1400C762F0 /* PNRequestsQueueDelegate.h */,
				5AD2F5EC18917C1400C762F0 /* PNResponseProtocol.h */,
				5AD2F5ED18917C1400C762F0 /* PNServiceChannelDelegate.h */,
			);
			path = Protocols;
			sourceTree = "<group>";
		};
		5AD2F5EE18917C1400C762F0 /* Network */ = {
			isa = PBXGroup;
			children = (
				5AD2F5EF18917C1400C762F0 /* Packets */,
				5AD2F61018917C1400C762F0 /* PNMessagingChannel.h */,
				5AD2F61118917C1400C762F0 /* PNMessagingChannel.m */,
				5AD2F61218917C1400C762F0 /* PNNetworkHelper.h */,
				5AD2F61318917C1400C762F0 /* PNNetworkHelper.m */,
				5AD2F61418917C1400C762F0 /* PNReachability.h */,
				5AD2F61518917C1400C762F0 /* PNReachability.m */,
				5AD2F61618917C1400C762F0 /* PNServiceChannel.h */,
				5AD2F61718917C1400C762F0 /* PNServiceChannel.m */,
				5AD2F61818917C1400C762F0 /* Transport */,
			);
			path = Network;
			sourceTree = "<group>";
		};
		5AD2F5EF18917C1400C762F0 /* Packets */ = {
			isa = PBXGroup;
			children = (
				5AD2F5F018917C1400C762F0 /* PNAccessRightsAuditRequest.h */,
				5AD2F5F118917C1400C762F0 /* PNAccessRightsAuditRequest.m */,
				5AD2F5F218917C1400C762F0 /* PNBaseRequest+Protected.h */,
				5AD2F5F318917C1400C762F0 /* PNBaseRequest.h */,
				5AD2F5F418917C1400C762F0 /* PNBaseRequest.m */,
				5AD2F5F518917C1400C762F0 /* PNChangeAccessRightsRequest.h */,
				5AD2F5F618917C1400C762F0 /* PNChangeAccessRightsRequest.m */,
				5AD2F5F718917C1400C762F0 /* PNHereNowRequest+Protected.h */,
				5AD2F5F818917C1400C762F0 /* PNHereNowRequest.h */,
				5AD2F5F918917C1400C762F0 /* PNHereNowRequest.m */,
				5AD2F5FA18917C1400C762F0 /* PNLatencyMeasureRequest.h */,
				5AD2F5FB18917C1400C762F0 /* PNLatencyMeasureRequest.m */,
				5AD2F5FC18917C1400C762F0 /* PNLeaveRequest+Protected.h */,
				5AD2F5FD18917C1400C762F0 /* PNLeaveRequest.h */,
				5AD2F5FE18917C1400C762F0 /* PNLeaveRequest.m */,
				5AD2F5FF18917C1400C762F0 /* PNMessageHistoryRequest+Protected.h */,
				5AD2F60018917C1400C762F0 /* PNMessageHistoryRequest.h */,
				5AD2F60118917C1400C762F0 /* PNMessageHistoryRequest.m */,
				5AD2F60218917C1400C762F0 /* PNMessagePostRequest+Protected.h */,
				5AD2F60318917C1400C762F0 /* PNMessagePostRequest.h */,
				5AD2F60418917C1400C762F0 /* PNMessagePostRequest.m */,
				5AD2F60518917C1400C762F0 /* PNPushNotificationsEnabledChannelsRequest.h */,
				5AD2F60618917C1400C762F0 /* PNPushNotificationsEnabledChannelsRequest.m */,
				5AD2F60718917C1400C762F0 /* PNPushNotificationsRemoveRequest.h */,
				5AD2F60818917C1400C762F0 /* PNPushNotificationsRemoveRequest.m */,
				5AD2F60918917C1400C762F0 /* PNPushNotificationsStateChangeRequest.h */,
				5AD2F60A18917C1400C762F0 /* PNPushNotificationsStateChangeRequest.m */,
				5AD2F60B18917C1400C762F0 /* PNSubscribeRequest+Protected.h */,
				5AD2F60C18917C1400C762F0 /* PNSubscribeRequest.h */,
				5AD2F60D18917C1400C762F0 /* PNSubscribeRequest.m */,
				5AD2F60E18917C1400C762F0 /* PNTimeTokenRequest.h */,
				5AD2F60F18917C1400C762F0 /* PNTimeTokenRequest.m */,
			);
			path = Packets;
			sourceTree = "<group>";
		};
		5AD2F61818917C1400C762F0 /* Transport */ = {
			isa = PBXGroup;
			children = (
				5AD2F61918917C1400C762F0 /* PNConnection+Protected.h */,
				5AD2F61A18917C1400C762F0 /* PNConnection.h */,
				5AD2F61B18917C1400C762F0 /* PNConnection.m */,
				5AD2F61C18917C1400C762F0 /* PNConnectionChannel+Protected.h */,
				5AD2F61D18917C1400C762F0 /* PNConnectionChannel.h */,
				5AD2F61E18917C1400C762F0 /* PNConnectionChannel.m */,
			);
			path = Transport;
			sourceTree = "<group>";
		};
		797D095A17253898007A9D9A = {
			isa = PBXGroup;
			children = (
				797D096C17253898007A9D9A /* PubNubMacOSTestApplication */,
				797D096517253898007A9D9A /* Frameworks */,
				797D096417253898007A9D9A /* Products */,
			);
			sourceTree = "<group>";
		};
		797D096417253898007A9D9A /* Products */ = {
			isa = PBXGroup;
			children = (
				797D096317253898007A9D9A /* PubNubMacOSTestApplication.app */,
			);
			name = Products;
			sourceTree = "<group>";
		};
		797D096517253898007A9D9A /* Frameworks */ = {
			isa = PBXGroup;
			children = (
				797D0A5E1725426D007A9D9A /* SystemConfiguration.framework */,
				7935AE7617CD81FA0040632B /* CoreWLAN.framework */,
				797D096617253898007A9D9A /* Cocoa.framework */,
				797D0A601725428D007A9D9A /* libz.1.2.5.dylib */,
				797D096817253898007A9D9A /* Other Frameworks */,
			);
			name = Frameworks;
			sourceTree = "<group>";
		};
		797D096817253898007A9D9A /* Other Frameworks */ = {
			isa = PBXGroup;
			children = (
				797D096917253898007A9D9A /* AppKit.framework */,
				797D096A17253898007A9D9A /* CoreData.framework */,
				797D096B17253898007A9D9A /* Foundation.framework */,
			);
			name = "Other Frameworks";
			sourceTree = "<group>";
		};
		797D096C17253898007A9D9A /* PubNubMacOSTestApplication */ = {
			isa = PBXGroup;
			children = (
				A78CD55D176952A80045758F /* libs */,
				797D098317253960007A9D9A /* Classes */,
				797D0A1C17253961007A9D9A /* Resources */,
				797D096D17253898007A9D9A /* Supporting Files */,
			);
			path = PubNubMacOSTestApplication;
			sourceTree = "<group>";
		};
		797D096D17253898007A9D9A /* Supporting Files */ = {
			isa = PBXGroup;
			children = (
				797D097217253898007A9D9A /* main.m */,
				797D097417253898007A9D9A /* PubNubMacOSTestApplication-Prefix.pch */,
			);
			name = "Supporting Files";
			sourceTree = "<group>";
		};
		797D098317253960007A9D9A /* Classes */ = {
			isa = PBXGroup;
			children = (
				797D098417253960007A9D9A /* Controller */,
				797D098717253960007A9D9A /* Misc */,
				797D098A17253960007A9D9A /* Model */,
				797D098B17253960007A9D9A /* View */,
			);
			path = Classes;
			sourceTree = "<group>";
		};
		797D098417253960007A9D9A /* Controller */ = {
			isa = PBXGroup;
			children = (
				797D098517253960007A9D9A /* TAAppDelegate.h */,
				797D098617253960007A9D9A /* TAAppDelegate.m */,
			);
			path = Controller;
			sourceTree = "<group>";
		};
		797D098717253960007A9D9A /* Misc */ = {
			isa = PBXGroup;
			children = (
				797D098817253960007A9D9A /* Categories */,
				797D098917253960007A9D9A /* Protocols */,
			);
			path = Misc;
			sourceTree = "<group>";
		};
		797D098817253960007A9D9A /* Categories */ = {
			isa = PBXGroup;
			children = (
			);
			path = Categories;
			sourceTree = "<group>";
		};
		797D098917253960007A9D9A /* Protocols */ = {
			isa = PBXGroup;
			children = (
			);
			path = Protocols;
			sourceTree = "<group>";
		};
		797D098A17253960007A9D9A /* Model */ = {
			isa = PBXGroup;
			children = (
			);
			path = Model;
			sourceTree = "<group>";
		};
		797D098B17253960007A9D9A /* View */ = {
			isa = PBXGroup;
			children = (
			);
			path = View;
			sourceTree = "<group>";
		};
		797D0A1C17253961007A9D9A /* Resources */ = {
			isa = PBXGroup;
			children = (
				797D0A1D17253961007A9D9A /* General */,
				797D0A2117253961007A9D9A /* XIB */,
			);
			path = Resources;
			sourceTree = "<group>";
		};
		797D0A1D17253961007A9D9A /* General */ = {
			isa = PBXGroup;
			children = (
				797D0A5D17253989007A9D9A /* Credits.rtf */,
				797D0A5A1725397A007A9D9A /* InfoPlist.strings */,
				797D0A2017253961007A9D9A /* PubNubMacOSTestApplication-Info.plist */,
			);
			path = General;
			sourceTree = "<group>";
		};
		797D0A2117253961007A9D9A /* XIB */ = {
			isa = PBXGroup;
			children = (
				797D0A621725431B007A9D9A /* TAMainMenu.xib */,
			);
			path = XIB;
			sourceTree = "<group>";
		};
		A78CD55D176952A80045758F /* libs */ = {
			isa = PBXGroup;
			children = (
				5AD2F57018917C1400C762F0 /* PubNub */,
			);
			path = libs;
			sourceTree = "<group>";
		};
/* End PBXGroup section */

/* Begin PBXNativeTarget section */
		797D096217253898007A9D9A /* PubNubMacOSTestApplication */ = {
			isa = PBXNativeTarget;
			buildConfigurationList = 797D098017253899007A9D9A /* Build configuration list for PBXNativeTarget "PubNubMacOSTestApplication" */;
			buildPhases = (
				797D095F17253898007A9D9A /* Sources */,
				797D096017253898007A9D9A /* Frameworks */,
				797D096117253898007A9D9A /* Resources */,
			);
			buildRules = (
			);
			dependencies = (
			);
			name = PubNubMacOSTestApplication;
			productName = PubNubMacOSTestApplication;
			productReference = 797D096317253898007A9D9A /* PubNubMacOSTestApplication.app */;
			productType = "com.apple.product-type.application";
		};
/* End PBXNativeTarget section */

/* Begin PBXProject section */
		797D095B17253898007A9D9A /* Project object */ = {
			isa = PBXProject;
			attributes = {
				CLASSPREFIX = TA;
				LastUpgradeCheck = 0460;
				ORGANIZATIONNAME = "Sergey Mamontov";
			};
			buildConfigurationList = 797D095E17253898007A9D9A /* Build configuration list for PBXProject "PubNubMacOSTestApplication" */;
			compatibilityVersion = "Xcode 3.2";
			developmentRegion = English;
			hasScannedForEncodings = 0;
			knownRegions = (
				en,
			);
			mainGroup = 797D095A17253898007A9D9A;
			productRefGroup = 797D096417253898007A9D9A /* Products */;
			projectDirPath = "";
			projectRoot = "";
			targets = (
				797D096217253898007A9D9A /* PubNubMacOSTestApplication */,
			);
		};
/* End PBXProject section */

/* Begin PBXResourcesBuildPhase section */
		797D096117253898007A9D9A /* Resources */ = {
			isa = PBXResourcesBuildPhase;
			buildActionMask = 2147483647;
			files = (
				797D0A5B17253989007A9D9A /* Credits.rtf in Resources */,
				797D0A581725397A007A9D9A /* InfoPlist.strings in Resources */,
				797D0A631725431B007A9D9A /* TAMainMenu.xib in Resources */,
			);
			runOnlyForDeploymentPostprocessing = 0;
		};
/* End PBXResourcesBuildPhase section */

/* Begin PBXSourcesBuildPhase section */
		797D095F17253898007A9D9A /* Sources */ = {
			isa = PBXSourcesBuildPhase;
			buildActionMask = 2147483647;
			files = (
				5AD2F63418917C1400C762F0 /* PNChannelEvents.m in Sources */,
				5AD2F64A18917C1400C762F0 /* PNLatencyMeasureRequest.m in Sources */,
				5AD2F63C18917C1400C762F0 /* PNOperationStatus.m in Sources */,
				5AD2F63618917C1400C762F0 /* PNDate.m in Sources */,
				5AD2F65418917C1400C762F0 /* PNNetworkHelper.m in Sources */,
				5AD2F65618917C1400C762F0 /* PNServiceChannel.m in Sources */,
				5AD2F63018917C1400C762F0 /* PNTimeTokenResponseParser.m in Sources */,
				5AD2F62118917C1400C762F0 /* PNWriteBuffer.m in Sources */,
				5AD2F63318917C1400C762F0 /* PNAccessRightsInformation.m in Sources */,
				5AD2F63218917C1400C762F0 /* PNAccessRightsCollection.m in Sources */,
				5AD2F65318917C1400C762F0 /* PNMessagingChannel.m in Sources */,
				5AD2F64718917C1400C762F0 /* PNBaseRequest.m in Sources */,
				5AD2F63918917C1400C762F0 /* PNJSONSerialization.m in Sources */,
				5AD2F62C18917C1400C762F0 /* PNOperationStatusResponseParser.m in Sources */,
				5AD2F62E18917C1400C762F0 /* PNResponseDeserialize.m in Sources */,
				5AD2F64D18917C1400C762F0 /* PNMessagePostRequest.m in Sources */,
				5AD2F63818917C1400C762F0 /* PNHereNow.m in Sources */,
				5AD2F62D18917C1400C762F0 /* PNPushNotificationsEnabledChannelsParser.m in Sources */,
				5AD2F62418917C1400C762F0 /* PNPresenceEvent.m in Sources */,
				5AD2F65818917C1400C762F0 /* PNConnectionChannel.m in Sources */,
				5AD2F63718917C1400C762F0 /* PNError.m in Sources */,
				5AD2F64018917C1400C762F0 /* NSData+PNAdditions.m in Sources */,
				5AD2F64318917C1400C762F0 /* NSMutableArray+PNAdditions.m in Sources */,
				5AD2F63F18917C1400C762F0 /* NSArray+PNAdditions.m in Sources */,
				5AD2F63D18917C1400C762F0 /* PNRequestsQueue.m in Sources */,
				5AD2F62F18917C1400C762F0 /* PNResponseParser.m in Sources */,
				5AD2F65218917C1400C762F0 /* PNTimeTokenRequest.m in Sources */,
				5AD2F65018917C1400C762F0 /* PNPushNotificationsStateChangeRequest.m in Sources */,
				5AD2F65718917C1400C762F0 /* PNConnection.m in Sources */,
				5AD2F64818917C1400C762F0 /* PNChangeAccessRightsRequest.m in Sources */,
				5AD2F62818917C1400C762F0 /* PNChannelEventsResponseParser.m in Sources */,
				5AD2F62318917C1400C762F0 /* PNChannelPresence.m in Sources */,
				5AD2F64418917C1400C762F0 /* NSString+PNAddition.m in Sources */,
				5AD2F64F18917C1400C762F0 /* PNPushNotificationsRemoveRequest.m in Sources */,
				5AD2F64618917C1400C762F0 /* PNAccessRightsAuditRequest.m in Sources */,
				5AD2F64218917C1400C762F0 /* NSInvocation+PNAdditions.m in Sources */,
				5AD2F62B18917C1400C762F0 /* PNHereNowResponseParser.m in Sources */,
				5AD2F65118917C1400C762F0 /* PNSubscribeRequest.m in Sources */,
				5AD2F64118917C1400C762F0 /* NSDate+PNAdditions.m in Sources */,
				5AD2F63B18917C1400C762F0 /* PNMessagesHistory.m in Sources */,
				5AD2F62918917C1400C762F0 /* PNChannelHistoryParser.m in Sources */,
				5AD2F63118917C1400C762F0 /* PNAccessRightOptions.m in Sources */,
				797D097317253898007A9D9A /* main.m in Sources */,
				5AD2F62718917C1400C762F0 /* PNActionResponseParser.m in Sources */,
				5AD2F64C18917C1400C762F0 /* PNMessageHistoryRequest.m in Sources */,
				5AD2F62618917C1400C762F0 /* PNAccessRightsResponseParser.m in Sources */,
				5AD2F62A18917C1400C762F0 /* PNErrorResponseParser.m in Sources */,
				5AD2F61F18917C1400C762F0 /* PNObservationCenter.m in Sources */,
				5AD2F62218917C1400C762F0 /* PNChannel.m in Sources */,
				5AD2F64518917C1400C762F0 /* UIApplication+PNAdditions.m in Sources */,
				5AD2F64918917C1400C762F0 /* PNHereNowRequest.m in Sources */,
				5AD2F63E18917C1400C762F0 /* PNResponse.m in Sources */,
				797D0A2317253961007A9D9A /* TAAppDelegate.m in Sources */,
				5AD2F64E18917C1400C762F0 /* PNPushNotificationsEnabledChannelsRequest.m in Sources */,
				5AD2F62018917C1400C762F0 /* PubNub.m in Sources */,
				5AD2F64B18917C1400C762F0 /* PNLeaveRequest.m in Sources */,
				5AD2F63A18917C1400C762F0 /* PNMessage.m in Sources */,
				5AD2F62518917C1400C762F0 /* PNCryptoHelper.m in Sources */,
				5AD2F65518917C1400C762F0 /* PNReachability.m in Sources */,
				5AD2F63518917C1400C762F0 /* PNConfiguration.m in Sources */,
			);
			runOnlyForDeploymentPostprocessing = 0;
		};
/* End PBXSourcesBuildPhase section */

/* Begin PBXVariantGroup section */
		797D0A5A1725397A007A9D9A /* InfoPlist.strings */ = {
			isa = PBXVariantGroup;
			children = (
				797D0A591725397A007A9D9A /* en */,
			);
			name = InfoPlist.strings;
			sourceTree = "<group>";
		};
		797D0A5D17253989007A9D9A /* Credits.rtf */ = {
			isa = PBXVariantGroup;
			children = (
				797D0A5C17253989007A9D9A /* en */,
			);
			name = Credits.rtf;
			sourceTree = "<group>";
		};
/* End PBXVariantGroup section */

/* Begin XCBuildConfiguration section */
		797D097E17253899007A9D9A /* Debug */ = {
			isa = XCBuildConfiguration;
			buildSettings = {
				ALWAYS_SEARCH_USER_PATHS = NO;
				ARCHS = "$(ARCHS_STANDARD_64_BIT)";
				CLANG_CXX_LANGUAGE_STANDARD = "gnu++0x";
				CLANG_CXX_LIBRARY = "libc++";
				CLANG_ENABLE_OBJC_ARC = YES;
				CLANG_WARN_CONSTANT_CONVERSION = YES;
				CLANG_WARN_EMPTY_BODY = YES;
				CLANG_WARN_ENUM_CONVERSION = YES;
				CLANG_WARN_INT_CONVERSION = YES;
				CLANG_WARN__DUPLICATE_METHOD_MATCH = YES;
				COPY_PHASE_STRIP = NO;
				GCC_C_LANGUAGE_STANDARD = gnu99;
				GCC_DYNAMIC_NO_PIC = NO;
				GCC_ENABLE_OBJC_EXCEPTIONS = YES;
				GCC_OPTIMIZATION_LEVEL = 0;
				GCC_PREPROCESSOR_DEFINITIONS = (
					"DEBUG=1",
					"$(inherited)",
				);
				GCC_SYMBOLS_PRIVATE_EXTERN = NO;
				GCC_WARN_64_TO_32_BIT_CONVERSION = YES;
				GCC_WARN_ABOUT_RETURN_TYPE = YES;
				GCC_WARN_UNINITIALIZED_AUTOS = YES;
				GCC_WARN_UNUSED_VARIABLE = YES;
				MACOSX_DEPLOYMENT_TARGET = 10.8;
				ONLY_ACTIVE_ARCH = YES;
				SDKROOT = macosx;
			};
			name = Debug;
		};
		797D097F17253899007A9D9A /* Release */ = {
			isa = XCBuildConfiguration;
			buildSettings = {
				ALWAYS_SEARCH_USER_PATHS = NO;
				ARCHS = "$(ARCHS_STANDARD_64_BIT)";
				CLANG_CXX_LANGUAGE_STANDARD = "gnu++0x";
				CLANG_CXX_LIBRARY = "libc++";
				CLANG_ENABLE_OBJC_ARC = YES;
				CLANG_WARN_CONSTANT_CONVERSION = YES;
				CLANG_WARN_EMPTY_BODY = YES;
				CLANG_WARN_ENUM_CONVERSION = YES;
				CLANG_WARN_INT_CONVERSION = YES;
				CLANG_WARN__DUPLICATE_METHOD_MATCH = YES;
				COPY_PHASE_STRIP = YES;
				DEBUG_INFORMATION_FORMAT = "dwarf-with-dsym";
				GCC_C_LANGUAGE_STANDARD = gnu99;
				GCC_ENABLE_OBJC_EXCEPTIONS = YES;
				GCC_WARN_64_TO_32_BIT_CONVERSION = YES;
				GCC_WARN_ABOUT_RETURN_TYPE = YES;
				GCC_WARN_UNINITIALIZED_AUTOS = YES;
				GCC_WARN_UNUSED_VARIABLE = YES;
				MACOSX_DEPLOYMENT_TARGET = 10.8;
				SDKROOT = macosx;
			};
			name = Release;
		};
		797D098117253899007A9D9A /* Debug */ = {
			isa = XCBuildConfiguration;
			buildSettings = {
				COMBINE_HIDPI_IMAGES = YES;
				GCC_PRECOMPILE_PREFIX_HEADER = YES;
				GCC_PREFIX_HEADER = "PubNubMacOSTestApplication/PubNubMacOSTestApplication-Prefix.pch";
				INFOPLIST_FILE = "$(SRCROOT)/PubNubMacOSTestApplication/Resources/General/PubNubMacOSTestApplication-Info.plist";
				MACOSX_DEPLOYMENT_TARGET = 10.7;
				PRODUCT_NAME = "$(TARGET_NAME)";
				SDKROOT = macosx;
				WRAPPER_EXTENSION = app;
			};
			name = Debug;
		};
		797D098217253899007A9D9A /* Release */ = {
			isa = XCBuildConfiguration;
			buildSettings = {
				COMBINE_HIDPI_IMAGES = YES;
				GCC_PRECOMPILE_PREFIX_HEADER = YES;
				GCC_PREFIX_HEADER = "PubNubMacOSTestApplication/PubNubMacOSTestApplication-Prefix.pch";
				INFOPLIST_FILE = "$(SRCROOT)/PubNubMacOSTestApplication/Resources/General/PubNubMacOSTestApplication-Info.plist";
				MACOSX_DEPLOYMENT_TARGET = 10.7;
				PRODUCT_NAME = "$(TARGET_NAME)";
				SDKROOT = macosx;
				WRAPPER_EXTENSION = app;
			};
			name = Release;
		};
/* End XCBuildConfiguration section */

/* Begin XCConfigurationList section */
		797D095E17253898007A9D9A /* Build configuration list for PBXProject "PubNubMacOSTestApplication" */ = {
			isa = XCConfigurationList;
			buildConfigurations = (
				797D097E17253899007A9D9A /* Debug */,
				797D097F17253899007A9D9A /* Release */,
			);
			defaultConfigurationIsVisible = 0;
			defaultConfigurationName = Release;
		};
		797D098017253899007A9D9A /* Build configuration list for PBXNativeTarget "PubNubMacOSTestApplication" */ = {
			isa = XCConfigurationList;
			buildConfigurations = (
				797D098117253899007A9D9A /* Debug */,
				797D098217253899007A9D9A /* Release */,
			);
			defaultConfigurationIsVisible = 0;
			defaultConfigurationName = Release;
		};
/* End XCConfigurationList section */
	};
	rootObject = 797D095B17253898007A9D9A /* Project object */;
}
