// !$*UTF8*$!
{
	archiveVersion = 1;
	classes = {
	};
	objectVersion = 46;
	objects = {

/* Begin PBXBuildFile section */
		7935AE7B17CD82D40040632B /* CoreWLAN.framework in Frameworks */ = {isa = PBXBuildFile; fileRef = 7935AE7A17CD82D40040632B /* CoreWLAN.framework */; };
		797D096717253898007A9D9A /* Cocoa.framework in Frameworks */ = {isa = PBXBuildFile; fileRef = 797D096617253898007A9D9A /* Cocoa.framework */; };
		797D097317253898007A9D9A /* main.m in Sources */ = {isa = PBXBuildFile; fileRef = 797D097217253898007A9D9A /* main.m */; };
		797D0A2317253961007A9D9A /* TAAppDelegate.m in Sources */ = {isa = PBXBuildFile; fileRef = 797D098617253960007A9D9A /* TAAppDelegate.m */; };
		797D0A581725397A007A9D9A /* InfoPlist.strings in Resources */ = {isa = PBXBuildFile; fileRef = 797D0A5A1725397A007A9D9A /* InfoPlist.strings */; };
		797D0A5B17253989007A9D9A /* Credits.rtf in Resources */ = {isa = PBXBuildFile; fileRef = 797D0A5D17253989007A9D9A /* Credits.rtf */; };
		797D0A5F1725426E007A9D9A /* SystemConfiguration.framework in Frameworks */ = {isa = PBXBuildFile; fileRef = 797D0A5E1725426D007A9D9A /* SystemConfiguration.framework */; };
		797D0A611725428D007A9D9A /* libz.1.2.5.dylib in Frameworks */ = {isa = PBXBuildFile; fileRef = 797D0A601725428D007A9D9A /* libz.1.2.5.dylib */; };
		797D0A631725431B007A9D9A /* TAMainMenu.xib in Resources */ = {isa = PBXBuildFile; fileRef = 797D0A621725431B007A9D9A /* TAMainMenu.xib */; };
		96C26EB01907CB6A00A2EB11 /* PNObservationCenter.m in Sources */ = {isa = PBXBuildFile; fileRef = 96C26DE41907CB6A00A2EB11 /* PNObservationCenter.m */; };
		96C26EB11907CB6A00A2EB11 /* PubNub.m in Sources */ = {isa = PBXBuildFile; fileRef = 96C26DE71907CB6A00A2EB11 /* PubNub.m */; };
		96C26EB21907CB6A00A2EB11 /* PNWriteBuffer.m in Sources */ = {isa = PBXBuildFile; fileRef = 96C26DEB1907CB6A00A2EB11 /* PNWriteBuffer.m */; };
		96C26EB31907CB6A00A2EB11 /* PNChannel.m in Sources */ = {isa = PBXBuildFile; fileRef = 96C26DEF1907CB6A00A2EB11 /* PNChannel.m */; };
		96C26EB41907CB6A00A2EB11 /* PNChannelPresence.m in Sources */ = {isa = PBXBuildFile; fileRef = 96C26DF31907CB6A00A2EB11 /* PNChannelPresence.m */; };
		96C26EB51907CB6A00A2EB11 /* PNPresenceEvent.m in Sources */ = {isa = PBXBuildFile; fileRef = 96C26DF61907CB6A00A2EB11 /* PNPresenceEvent.m */; };
		96C26EB61907CB6A00A2EB11 /* PNCryptoHelper.m in Sources */ = {isa = PBXBuildFile; fileRef = 96C26DF91907CB6A00A2EB11 /* PNCryptoHelper.m */; };
		96C26EB71907CB6A00A2EB11 /* PNAccessRightsResponseParser.m in Sources */ = {isa = PBXBuildFile; fileRef = 96C26DFD1907CB6A00A2EB11 /* PNAccessRightsResponseParser.m */; };
		96C26EB81907CB6A00A2EB11 /* PNActionResponseParser.m in Sources */ = {isa = PBXBuildFile; fileRef = 96C26E001907CB6A00A2EB11 /* PNActionResponseParser.m */; };
		96C26EB91907CB6A00A2EB11 /* PNChannelEventsResponseParser.m in Sources */ = {isa = PBXBuildFile; fileRef = 96C26E021907CB6A00A2EB11 /* PNChannelEventsResponseParser.m */; };
		96C26EBA1907CB6A00A2EB11 /* PNChannelHistoryParser.m in Sources */ = {isa = PBXBuildFile; fileRef = 96C26E051907CB6A00A2EB11 /* PNChannelHistoryParser.m */; };
		96C26EBB1907CB6A00A2EB11 /* PNClientStateResponseParser.m in Sources */ = {isa = PBXBuildFile; fileRef = 96C26E071907CB6A00A2EB11 /* PNClientStateResponseParser.m */; };
		96C26EBC1907CB6A00A2EB11 /* PNClientStateUpdateResponseParser.m in Sources */ = {isa = PBXBuildFile; fileRef = 96C26E091907CB6A00A2EB11 /* PNClientStateUpdateResponseParser.m */; };
		96C26EBD1907CB6A00A2EB11 /* PNErrorResponseParser.m in Sources */ = {isa = PBXBuildFile; fileRef = 96C26E0C1907CB6A00A2EB11 /* PNErrorResponseParser.m */; };
		96C26EBE1907CB6A00A2EB11 /* PNHereNowResponseParser.m in Sources */ = {isa = PBXBuildFile; fileRef = 96C26E0F1907CB6A00A2EB11 /* PNHereNowResponseParser.m */; };
		96C26EBF1907CB6A00A2EB11 /* PNOperationStatusResponseParser.m in Sources */ = {isa = PBXBuildFile; fileRef = 96C26E111907CB6A00A2EB11 /* PNOperationStatusResponseParser.m */; };
		96C26EC01907CB6A00A2EB11 /* PNPushNotificationsEnabledChannelsParser.m in Sources */ = {isa = PBXBuildFile; fileRef = 96C26E131907CB6A00A2EB11 /* PNPushNotificationsEnabledChannelsParser.m */; };
		96C26EC11907CB6A00A2EB11 /* PNResponseDeserialize.m in Sources */ = {isa = PBXBuildFile; fileRef = 96C26E151907CB6A00A2EB11 /* PNResponseDeserialize.m */; };
		96C26EC21907CB6A00A2EB11 /* PNResponseParser.m in Sources */ = {isa = PBXBuildFile; fileRef = 96C26E171907CB6A00A2EB11 /* PNResponseParser.m */; };
		96C26EC31907CB6A00A2EB11 /* PNTimeTokenResponseParser.m in Sources */ = {isa = PBXBuildFile; fileRef = 96C26E191907CB6A00A2EB11 /* PNTimeTokenResponseParser.m */; };
		96C26EC41907CB6A00A2EB11 /* PNWhereNowResponseParser.m in Sources */ = {isa = PBXBuildFile; fileRef = 96C26E1C1907CB6A00A2EB11 /* PNWhereNowResponseParser.m */; };
		96C26EC51907CB6A00A2EB11 /* PNAccessRightOptions.m in Sources */ = {isa = PBXBuildFile; fileRef = 96C26E1F1907CB6A00A2EB11 /* PNAccessRightOptions.m */; };
		96C26EC61907CB6A00A2EB11 /* PNAccessRightsCollection.m in Sources */ = {isa = PBXBuildFile; fileRef = 96C26E221907CB6A00A2EB11 /* PNAccessRightsCollection.m */; };
		96C26EC71907CB6A00A2EB11 /* PNAccessRightsInformation.m in Sources */ = {isa = PBXBuildFile; fileRef = 96C26E251907CB6A00A2EB11 /* PNAccessRightsInformation.m */; };
		96C26EC81907CB6A00A2EB11 /* PNCache.m in Sources */ = {isa = PBXBuildFile; fileRef = 96C26E271907CB6A00A2EB11 /* PNCache.m */; };
		96C26EC91907CB6A00A2EB11 /* PNChannelEvents.m in Sources */ = {isa = PBXBuildFile; fileRef = 96C26E2A1907CB6A00A2EB11 /* PNChannelEvents.m */; };
		96C26ECA1907CB6A00A2EB11 /* PNClient.m in Sources */ = {isa = PBXBuildFile; fileRef = 96C26E2D1907CB6A00A2EB11 /* PNClient.m */; };
		96C26ECB1907CB6A00A2EB11 /* PNConfiguration.m in Sources */ = {isa = PBXBuildFile; fileRef = 96C26E301907CB6A00A2EB11 /* PNConfiguration.m */; };
		96C26ECC1907CB6A00A2EB11 /* PNDate.m in Sources */ = {isa = PBXBuildFile; fileRef = 96C26E321907CB6A00A2EB11 /* PNDate.m */; };
		96C26ECD1907CB6A00A2EB11 /* PNError.m in Sources */ = {isa = PBXBuildFile; fileRef = 96C26E351907CB6A00A2EB11 /* PNError.m */; };
		96C26ECE1907CB6A00A2EB11 /* PNHereNow.m in Sources */ = {isa = PBXBuildFile; fileRef = 96C26E381907CB6A00A2EB11 /* PNHereNow.m */; };
		96C26ECF1907CB6A00A2EB11 /* PNJSONSerialization.m in Sources */ = {isa = PBXBuildFile; fileRef = 96C26E3A1907CB6A00A2EB11 /* PNJSONSerialization.m */; };
		96C26ED01907CB6A00A2EB11 /* PNMessage.m in Sources */ = {isa = PBXBuildFile; fileRef = 96C26E3D1907CB6A00A2EB11 /* PNMessage.m */; };
		96C26ED11907CB6A00A2EB11 /* PNMessagesHistory.m in Sources */ = {isa = PBXBuildFile; fileRef = 96C26E401907CB6A00A2EB11 /* PNMessagesHistory.m */; };
		96C26ED21907CB6A00A2EB11 /* PNOperationStatus.m in Sources */ = {isa = PBXBuildFile; fileRef = 96C26E431907CB6A00A2EB11 /* PNOperationStatus.m */; };
		96C26ED31907CB6A00A2EB11 /* PNRequestsQueue.m in Sources */ = {isa = PBXBuildFile; fileRef = 96C26E451907CB6A00A2EB11 /* PNRequestsQueue.m */; };
		96C26ED41907CB6A00A2EB11 /* PNResponse.m in Sources */ = {isa = PBXBuildFile; fileRef = 96C26E481907CB6A00A2EB11 /* PNResponse.m */; };
		96C26ED51907CB6A00A2EB11 /* PNWhereNow.m in Sources */ = {isa = PBXBuildFile; fileRef = 96C26E4B1907CB6A00A2EB11 /* PNWhereNow.m */; };
		96C26ED61907CB6A00A2EB11 /* NSArray+PNAdditions.m in Sources */ = {isa = PBXBuildFile; fileRef = 96C26E4F1907CB6A00A2EB11 /* NSArray+PNAdditions.m */; };
		96C26ED71907CB6A00A2EB11 /* NSData+PNAdditions.m in Sources */ = {isa = PBXBuildFile; fileRef = 96C26E511907CB6A00A2EB11 /* NSData+PNAdditions.m */; };
		96C26ED81907CB6A00A2EB11 /* NSDate+PNAdditions.m in Sources */ = {isa = PBXBuildFile; fileRef = 96C26E531907CB6A00A2EB11 /* NSDate+PNAdditions.m */; };
		96C26ED91907CB6A00A2EB11 /* NSDictionary+PNAdditions.m in Sources */ = {isa = PBXBuildFile; fileRef = 96C26E551907CB6A00A2EB11 /* NSDictionary+PNAdditions.m */; };
		96C26EDA1907CB6A00A2EB11 /* NSInvocation+PNAdditions.m in Sources */ = {isa = PBXBuildFile; fileRef = 96C26E571907CB6A00A2EB11 /* NSInvocation+PNAdditions.m */; };
		96C26EDB1907CB6A00A2EB11 /* NSMutableArray+PNAdditions.m in Sources */ = {isa = PBXBuildFile; fileRef = 96C26E591907CB6A00A2EB11 /* NSMutableArray+PNAdditions.m */; };
		96C26EDC1907CB6A00A2EB11 /* NSString+PNAddition.m in Sources */ = {isa = PBXBuildFile; fileRef = 96C26E5B1907CB6A00A2EB11 /* NSString+PNAddition.m */; };
		96C26EDD1907CB6A00A2EB11 /* UIApplication+PNAdditions.m in Sources */ = {isa = PBXBuildFile; fileRef = 96C26E5D1907CB6A00A2EB11 /* UIApplication+PNAdditions.m */; };
		96C26EDE1907CB6A00A2EB11 /* PNHelper.m in Sources */ = {isa = PBXBuildFile; fileRef = 96C26E621907CB6A00A2EB11 /* PNHelper.m */; };
		96C26EDF1907CB6A00A2EB11 /* PNLogger.m in Sources */ = {isa = PBXBuildFile; fileRef = 96C26E651907CB6A00A2EB11 /* PNLogger.m */; };
		96C26EE01907CB6A00A2EB11 /* PNAccessRightsAuditRequest.m in Sources */ = {isa = PBXBuildFile; fileRef = 96C26E781907CB6A00A2EB11 /* PNAccessRightsAuditRequest.m */; };
		96C26EE11907CB6A00A2EB11 /* PNBaseRequest.m in Sources */ = {isa = PBXBuildFile; fileRef = 96C26E7B1907CB6A00A2EB11 /* PNBaseRequest.m */; };
		96C26EE21907CB6A00A2EB11 /* PNChangeAccessRightsRequest.m in Sources */ = {isa = PBXBuildFile; fileRef = 96C26E7D1907CB6A00A2EB11 /* PNChangeAccessRightsRequest.m */; };
		96C26EE31907CB6A00A2EB11 /* PNClientStateRequest.m in Sources */ = {isa = PBXBuildFile; fileRef = 96C26E801907CB6A00A2EB11 /* PNClientStateRequest.m */; };
		96C26EE41907CB6A00A2EB11 /* PNClientStateUpdateRequest.m in Sources */ = {isa = PBXBuildFile; fileRef = 96C26E831907CB6A00A2EB11 /* PNClientStateUpdateRequest.m */; };
		96C26EE51907CB6A00A2EB11 /* PNHeartbeatRequest.m in Sources */ = {isa = PBXBuildFile; fileRef = 96C26E851907CB6A00A2EB11 /* PNHeartbeatRequest.m */; };
		96C26EE61907CB6A00A2EB11 /* PNHereNowRequest.m in Sources */ = {isa = PBXBuildFile; fileRef = 96C26E881907CB6A00A2EB11 /* PNHereNowRequest.m */; };
		96C26EE71907CB6A00A2EB11 /* PNLatencyMeasureRequest.m in Sources */ = {isa = PBXBuildFile; fileRef = 96C26E8A1907CB6A00A2EB11 /* PNLatencyMeasureRequest.m */; };
		96C26EE81907CB6A00A2EB11 /* PNLeaveRequest.m in Sources */ = {isa = PBXBuildFile; fileRef = 96C26E8D1907CB6A00A2EB11 /* PNLeaveRequest.m */; };
		96C26EE91907CB6A00A2EB11 /* PNMessageHistoryRequest.m in Sources */ = {isa = PBXBuildFile; fileRef = 96C26E901907CB6A00A2EB11 /* PNMessageHistoryRequest.m */; };
		96C26EEA1907CB6A00A2EB11 /* PNMessagePostRequest.m in Sources */ = {isa = PBXBuildFile; fileRef = 96C26E931907CB6A00A2EB11 /* PNMessagePostRequest.m */; };
		96C26EEB1907CB6A00A2EB11 /* PNPushNotificationsEnabledChannelsRequest.m in Sources */ = {isa = PBXBuildFile; fileRef = 96C26E951907CB6A00A2EB11 /* PNPushNotificationsEnabledChannelsRequest.m */; };
		96C26EEC1907CB6A00A2EB11 /* PNPushNotificationsRemoveRequest.m in Sources */ = {isa = PBXBuildFile; fileRef = 96C26E971907CB6A00A2EB11 /* PNPushNotificationsRemoveRequest.m */; };
		96C26EED1907CB6A00A2EB11 /* PNPushNotificationsStateChangeRequest.m in Sources */ = {isa = PBXBuildFile; fileRef = 96C26E991907CB6A00A2EB11 /* PNPushNotificationsStateChangeRequest.m */; };
		96C26EEE1907CB6A00A2EB11 /* PNSubscribeRequest.m in Sources */ = {isa = PBXBuildFile; fileRef = 96C26E9C1907CB6A00A2EB11 /* PNSubscribeRequest.m */; };
		96C26EEF1907CB6A00A2EB11 /* PNTimeTokenRequest.m in Sources */ = {isa = PBXBuildFile; fileRef = 96C26E9E1907CB6A00A2EB11 /* PNTimeTokenRequest.m */; };
		96C26EF01907CB6A00A2EB11 /* PNWhereNowRequest.m in Sources */ = {isa = PBXBuildFile; fileRef = 96C26EA01907CB6A00A2EB11 /* PNWhereNowRequest.m */; };
		96C26EF11907CB6A00A2EB11 /* PNMessagingChannel.m in Sources */ = {isa = PBXBuildFile; fileRef = 96C26EA21907CB6A00A2EB11 /* PNMessagingChannel.m */; };
		96C26EF21907CB6A00A2EB11 /* PNNetworkHelper.m in Sources */ = {isa = PBXBuildFile; fileRef = 96C26EA41907CB6A00A2EB11 /* PNNetworkHelper.m */; };
		96C26EF31907CB6A00A2EB11 /* PNReachability.m in Sources */ = {isa = PBXBuildFile; fileRef = 96C26EA61907CB6A00A2EB11 /* PNReachability.m */; };
		96C26EF41907CB6A00A2EB11 /* PNServiceChannel.m in Sources */ = {isa = PBXBuildFile; fileRef = 96C26EA81907CB6A00A2EB11 /* PNServiceChannel.m */; };
		96C26EF51907CB6A00A2EB11 /* PNConnection.m in Sources */ = {isa = PBXBuildFile; fileRef = 96C26EAC1907CB6A00A2EB11 /* PNConnection.m */; };
		96C26EF61907CB6A00A2EB11 /* PNConnectionChannel.m in Sources */ = {isa = PBXBuildFile; fileRef = 96C26EAF1907CB6A00A2EB11 /* PNConnectionChannel.m */; };
/* End PBXBuildFile section */

/* Begin PBXFileReference section */
		7935AE7A17CD82D40040632B /* CoreWLAN.framework */ = {isa = PBXFileReference; lastKnownFileType = wrapper.framework; name = CoreWLAN.framework; path = System/Library/Frameworks/CoreWLAN.framework; sourceTree = SDKROOT; };
		797D096317253898007A9D9A /* PubNubMacOSTestApplication.app */ = {isa = PBXFileReference; explicitFileType = wrapper.application; includeInIndex = 0; path = PubNubMacOSTestApplication.app; sourceTree = BUILT_PRODUCTS_DIR; };
		797D096617253898007A9D9A /* Cocoa.framework */ = {isa = PBXFileReference; lastKnownFileType = wrapper.framework; name = Cocoa.framework; path = System/Library/Frameworks/Cocoa.framework; sourceTree = SDKROOT; };
		797D096917253898007A9D9A /* AppKit.framework */ = {isa = PBXFileReference; lastKnownFileType = wrapper.framework; name = AppKit.framework; path = System/Library/Frameworks/AppKit.framework; sourceTree = SDKROOT; };
		797D096A17253898007A9D9A /* CoreData.framework */ = {isa = PBXFileReference; lastKnownFileType = wrapper.framework; name = CoreData.framework; path = System/Library/Frameworks/CoreData.framework; sourceTree = SDKROOT; };
		797D096B17253898007A9D9A /* Foundation.framework */ = {isa = PBXFileReference; lastKnownFileType = wrapper.framework; name = Foundation.framework; path = System/Library/Frameworks/Foundation.framework; sourceTree = SDKROOT; };
		797D097217253898007A9D9A /* main.m */ = {isa = PBXFileReference; lastKnownFileType = sourcecode.c.objc; path = main.m; sourceTree = "<group>"; };
		797D097417253898007A9D9A /* PubNubMacOSTestApplication-Prefix.pch */ = {isa = PBXFileReference; lastKnownFileType = sourcecode.c.h; path = "PubNubMacOSTestApplication-Prefix.pch"; sourceTree = "<group>"; };
		797D098517253960007A9D9A /* TAAppDelegate.h */ = {isa = PBXFileReference; fileEncoding = 4; lastKnownFileType = sourcecode.c.h; path = TAAppDelegate.h; sourceTree = "<group>"; };
		797D098617253960007A9D9A /* TAAppDelegate.m */ = {isa = PBXFileReference; fileEncoding = 4; lastKnownFileType = sourcecode.c.objc; path = TAAppDelegate.m; sourceTree = "<group>"; };
		797D0A2017253961007A9D9A /* PubNubMacOSTestApplication-Info.plist */ = {isa = PBXFileReference; fileEncoding = 4; lastKnownFileType = text.plist.xml; path = "PubNubMacOSTestApplication-Info.plist"; sourceTree = "<group>"; };
		797D0A591725397A007A9D9A /* en */ = {isa = PBXFileReference; lastKnownFileType = text.plist.strings; name = en; path = en.lproj/InfoPlist.strings; sourceTree = "<group>"; };
		797D0A5C17253989007A9D9A /* en */ = {isa = PBXFileReference; lastKnownFileType = text.rtf; name = en; path = en.lproj/Credits.rtf; sourceTree = "<group>"; };
		797D0A5E1725426D007A9D9A /* SystemConfiguration.framework */ = {isa = PBXFileReference; lastKnownFileType = wrapper.framework; name = SystemConfiguration.framework; path = System/Library/Frameworks/SystemConfiguration.framework; sourceTree = SDKROOT; };
		797D0A601725428D007A9D9A /* libz.1.2.5.dylib */ = {isa = PBXFileReference; lastKnownFileType = "compiled.mach-o.dylib"; name = libz.1.2.5.dylib; path = usr/lib/libz.1.2.5.dylib; sourceTree = SDKROOT; };
		797D0A621725431B007A9D9A /* TAMainMenu.xib */ = {isa = PBXFileReference; fileEncoding = 4; lastKnownFileType = file.xib; path = TAMainMenu.xib; sourceTree = "<group>"; };
		96C26DE21907CB6A00A2EB11 /* PNObservationCenter+Protected.h */ = {isa = PBXFileReference; fileEncoding = 4; lastKnownFileType = sourcecode.c.h; path = "PNObservationCenter+Protected.h"; sourceTree = "<group>"; };
		96C26DE31907CB6A00A2EB11 /* PNObservationCenter.h */ = {isa = PBXFileReference; fileEncoding = 4; lastKnownFileType = sourcecode.c.h; path = PNObservationCenter.h; sourceTree = "<group>"; };
		96C26DE41907CB6A00A2EB11 /* PNObservationCenter.m */ = {isa = PBXFileReference; fileEncoding = 4; lastKnownFileType = sourcecode.c.objc; path = PNObservationCenter.m; sourceTree = "<group>"; };
		96C26DE51907CB6A00A2EB11 /* PubNub+Protected.h */ = {isa = PBXFileReference; fileEncoding = 4; lastKnownFileType = sourcecode.c.h; path = "PubNub+Protected.h"; sourceTree = "<group>"; };
		96C26DE61907CB6A00A2EB11 /* PubNub.h */ = {isa = PBXFileReference; fileEncoding = 4; lastKnownFileType = sourcecode.c.h; path = PubNub.h; sourceTree = "<group>"; };
		96C26DE71907CB6A00A2EB11 /* PubNub.m */ = {isa = PBXFileReference; fileEncoding = 4; lastKnownFileType = sourcecode.c.objc; path = PubNub.m; sourceTree = "<group>"; };
		96C26DEA1907CB6A00A2EB11 /* PNWriteBuffer.h */ = {isa = PBXFileReference; fileEncoding = 4; lastKnownFileType = sourcecode.c.h; path = PNWriteBuffer.h; sourceTree = "<group>"; };
		96C26DEB1907CB6A00A2EB11 /* PNWriteBuffer.m */ = {isa = PBXFileReference; fileEncoding = 4; lastKnownFileType = sourcecode.c.objc; path = PNWriteBuffer.m; sourceTree = "<group>"; };
		96C26DED1907CB6A00A2EB11 /* PNChannel+Protected.h */ = {isa = PBXFileReference; fileEncoding = 4; lastKnownFileType = sourcecode.c.h; path = "PNChannel+Protected.h"; sourceTree = "<group>"; };
		96C26DEE1907CB6A00A2EB11 /* PNChannel.h */ = {isa = PBXFileReference; fileEncoding = 4; lastKnownFileType = sourcecode.c.h; path = PNChannel.h; sourceTree = "<group>"; };
		96C26DEF1907CB6A00A2EB11 /* PNChannel.m */ = {isa = PBXFileReference; fileEncoding = 4; lastKnownFileType = sourcecode.c.objc; path = PNChannel.m; sourceTree = "<group>"; };
		96C26DF11907CB6A00A2EB11 /* PNChannelPresence+Protected.h */ = {isa = PBXFileReference; fileEncoding = 4; lastKnownFileType = sourcecode.c.h; path = "PNChannelPresence+Protected.h"; sourceTree = "<group>"; };
		96C26DF21907CB6A00A2EB11 /* PNChannelPresence.h */ = {isa = PBXFileReference; fileEncoding = 4; lastKnownFileType = sourcecode.c.h; path = PNChannelPresence.h; sourceTree = "<group>"; };
		96C26DF31907CB6A00A2EB11 /* PNChannelPresence.m */ = {isa = PBXFileReference; fileEncoding = 4; lastKnownFileType = sourcecode.c.objc; path = PNChannelPresence.m; sourceTree = "<group>"; };
		96C26DF41907CB6A00A2EB11 /* PNPresenceEvent+Protected.h */ = {isa = PBXFileReference; fileEncoding = 4; lastKnownFileType = sourcecode.c.h; path = "PNPresenceEvent+Protected.h"; sourceTree = "<group>"; };
		96C26DF51907CB6A00A2EB11 /* PNPresenceEvent.h */ = {isa = PBXFileReference; fileEncoding = 4; lastKnownFileType = sourcecode.c.h; path = PNPresenceEvent.h; sourceTree = "<group>"; };
		96C26DF61907CB6A00A2EB11 /* PNPresenceEvent.m */ = {isa = PBXFileReference; fileEncoding = 4; lastKnownFileType = sourcecode.c.objc; path = PNPresenceEvent.m; sourceTree = "<group>"; };
		96C26DF81907CB6A00A2EB11 /* PNCryptoHelper.h */ = {isa = PBXFileReference; fileEncoding = 4; lastKnownFileType = sourcecode.c.h; path = PNCryptoHelper.h; sourceTree = "<group>"; };
		96C26DF91907CB6A00A2EB11 /* PNCryptoHelper.m */ = {isa = PBXFileReference; fileEncoding = 4; lastKnownFileType = sourcecode.c.objc; path = PNCryptoHelper.m; sourceTree = "<group>"; };
		96C26DFB1907CB6A00A2EB11 /* PNAccessRightsResponseParser+Protected.h */ = {isa = PBXFileReference; fileEncoding = 4; lastKnownFileType = sourcecode.c.h; path = "PNAccessRightsResponseParser+Protected.h"; sourceTree = "<group>"; };
		96C26DFC1907CB6A00A2EB11 /* PNAccessRightsResponseParser.h */ = {isa = PBXFileReference; fileEncoding = 4; lastKnownFileType = sourcecode.c.h; path = PNAccessRightsResponseParser.h; sourceTree = "<group>"; };
		96C26DFD1907CB6A00A2EB11 /* PNAccessRightsResponseParser.m */ = {isa = PBXFileReference; fileEncoding = 4; lastKnownFileType = sourcecode.c.objc; path = PNAccessRightsResponseParser.m; sourceTree = "<group>"; };
		96C26DFE1907CB6A00A2EB11 /* PNActionResponseParser+Protected.h */ = {isa = PBXFileReference; fileEncoding = 4; lastKnownFileType = sourcecode.c.h; path = "PNActionResponseParser+Protected.h"; sourceTree = "<group>"; };
		96C26DFF1907CB6A00A2EB11 /* PNActionResponseParser.h */ = {isa = PBXFileReference; fileEncoding = 4; lastKnownFileType = sourcecode.c.h; path = PNActionResponseParser.h; sourceTree = "<group>"; };
		96C26E001907CB6A00A2EB11 /* PNActionResponseParser.m */ = {isa = PBXFileReference; fileEncoding = 4; lastKnownFileType = sourcecode.c.objc; path = PNActionResponseParser.m; sourceTree = "<group>"; };
		96C26E011907CB6A00A2EB11 /* PNChannelEventsResponseParser.h */ = {isa = PBXFileReference; fileEncoding = 4; lastKnownFileType = sourcecode.c.h; path = PNChannelEventsResponseParser.h; sourceTree = "<group>"; };
		96C26E021907CB6A00A2EB11 /* PNChannelEventsResponseParser.m */ = {isa = PBXFileReference; fileEncoding = 4; lastKnownFileType = sourcecode.c.objc; path = PNChannelEventsResponseParser.m; sourceTree = "<group>"; };
		96C26E031907CB6A00A2EB11 /* PNChannelHistoryParser+Protected.h */ = {isa = PBXFileReference; fileEncoding = 4; lastKnownFileType = sourcecode.c.h; path = "PNChannelHistoryParser+Protected.h"; sourceTree = "<group>"; };
		96C26E041907CB6A00A2EB11 /* PNChannelHistoryParser.h */ = {isa = PBXFileReference; fileEncoding = 4; lastKnownFileType = sourcecode.c.h; path = PNChannelHistoryParser.h; sourceTree = "<group>"; };
		96C26E051907CB6A00A2EB11 /* PNChannelHistoryParser.m */ = {isa = PBXFileReference; fileEncoding = 4; lastKnownFileType = sourcecode.c.objc; path = PNChannelHistoryParser.m; sourceTree = "<group>"; };
		96C26E061907CB6A00A2EB11 /* PNClientStateResponseParser.h */ = {isa = PBXFileReference; fileEncoding = 4; lastKnownFileType = sourcecode.c.h; path = PNClientStateResponseParser.h; sourceTree = "<group>"; };
		96C26E071907CB6A00A2EB11 /* PNClientStateResponseParser.m */ = {isa = PBXFileReference; fileEncoding = 4; lastKnownFileType = sourcecode.c.objc; path = PNClientStateResponseParser.m; sourceTree = "<group>"; };
		96C26E081907CB6A00A2EB11 /* PNClientStateUpdateResponseParser.h */ = {isa = PBXFileReference; fileEncoding = 4; lastKnownFileType = sourcecode.c.h; path = PNClientStateUpdateResponseParser.h; sourceTree = "<group>"; };
		96C26E091907CB6A00A2EB11 /* PNClientStateUpdateResponseParser.m */ = {isa = PBXFileReference; fileEncoding = 4; lastKnownFileType = sourcecode.c.objc; path = PNClientStateUpdateResponseParser.m; sourceTree = "<group>"; };
		96C26E0A1907CB6A00A2EB11 /* PNErrorResponseParser+Protected.h */ = {isa = PBXFileReference; fileEncoding = 4; lastKnownFileType = sourcecode.c.h; path = "PNErrorResponseParser+Protected.h"; sourceTree = "<group>"; };
		96C26E0B1907CB6A00A2EB11 /* PNErrorResponseParser.h */ = {isa = PBXFileReference; fileEncoding = 4; lastKnownFileType = sourcecode.c.h; path = PNErrorResponseParser.h; sourceTree = "<group>"; };
		96C26E0C1907CB6A00A2EB11 /* PNErrorResponseParser.m */ = {isa = PBXFileReference; fileEncoding = 4; lastKnownFileType = sourcecode.c.objc; path = PNErrorResponseParser.m; sourceTree = "<group>"; };
		96C26E0D1907CB6A00A2EB11 /* PNHereNowResponseParser+Protected.h */ = {isa = PBXFileReference; fileEncoding = 4; lastKnownFileType = sourcecode.c.h; path = "PNHereNowResponseParser+Protected.h"; sourceTree = "<group>"; };
		96C26E0E1907CB6A00A2EB11 /* PNHereNowResponseParser.h */ = {isa = PBXFileReference; fileEncoding = 4; lastKnownFileType = sourcecode.c.h; path = PNHereNowResponseParser.h; sourceTree = "<group>"; };
		96C26E0F1907CB6A00A2EB11 /* PNHereNowResponseParser.m */ = {isa = PBXFileReference; fileEncoding = 4; lastKnownFileType = sourcecode.c.objc; path = PNHereNowResponseParser.m; sourceTree = "<group>"; };
		96C26E101907CB6A00A2EB11 /* PNOperationStatusResponseParser.h */ = {isa = PBXFileReference; fileEncoding = 4; lastKnownFileType = sourcecode.c.h; path = PNOperationStatusResponseParser.h; sourceTree = "<group>"; };
		96C26E111907CB6A00A2EB11 /* PNOperationStatusResponseParser.m */ = {isa = PBXFileReference; fileEncoding = 4; lastKnownFileType = sourcecode.c.objc; path = PNOperationStatusResponseParser.m; sourceTree = "<group>"; };
		96C26E121907CB6A00A2EB11 /* PNPushNotificationsEnabledChannelsParser.h */ = {isa = PBXFileReference; fileEncoding = 4; lastKnownFileType = sourcecode.c.h; path = PNPushNotificationsEnabledChannelsParser.h; sourceTree = "<group>"; };
		96C26E131907CB6A00A2EB11 /* PNPushNotificationsEnabledChannelsParser.m */ = {isa = PBXFileReference; fileEncoding = 4; lastKnownFileType = sourcecode.c.objc; path = PNPushNotificationsEnabledChannelsParser.m; sourceTree = "<group>"; };
		96C26E141907CB6A00A2EB11 /* PNResponseDeserialize.h */ = {isa = PBXFileReference; fileEncoding = 4; lastKnownFileType = sourcecode.c.h; path = PNResponseDeserialize.h; sourceTree = "<group>"; };
		96C26E151907CB6A00A2EB11 /* PNResponseDeserialize.m */ = {isa = PBXFileReference; fileEncoding = 4; lastKnownFileType = sourcecode.c.objc; path = PNResponseDeserialize.m; sourceTree = "<group>"; };
		96C26E161907CB6A00A2EB11 /* PNResponseParser.h */ = {isa = PBXFileReference; fileEncoding = 4; lastKnownFileType = sourcecode.c.h; path = PNResponseParser.h; sourceTree = "<group>"; };
		96C26E171907CB6A00A2EB11 /* PNResponseParser.m */ = {isa = PBXFileReference; fileEncoding = 4; lastKnownFileType = sourcecode.c.objc; path = PNResponseParser.m; sourceTree = "<group>"; };
		96C26E181907CB6A00A2EB11 /* PNTimeTokenResponseParser.h */ = {isa = PBXFileReference; fileEncoding = 4; lastKnownFileType = sourcecode.c.h; path = PNTimeTokenResponseParser.h; sourceTree = "<group>"; };
		96C26E191907CB6A00A2EB11 /* PNTimeTokenResponseParser.m */ = {isa = PBXFileReference; fileEncoding = 4; lastKnownFileType = sourcecode.c.objc; path = PNTimeTokenResponseParser.m; sourceTree = "<group>"; };
		96C26E1A1907CB6A00A2EB11 /* PNWhereNowResponseParser+Protected.h */ = {isa = PBXFileReference; fileEncoding = 4; lastKnownFileType = sourcecode.c.h; path = "PNWhereNowResponseParser+Protected.h"; sourceTree = "<group>"; };
		96C26E1B1907CB6A00A2EB11 /* PNWhereNowResponseParser.h */ = {isa = PBXFileReference; fileEncoding = 4; lastKnownFileType = sourcecode.c.h; path = PNWhereNowResponseParser.h; sourceTree = "<group>"; };
		96C26E1C1907CB6A00A2EB11 /* PNWhereNowResponseParser.m */ = {isa = PBXFileReference; fileEncoding = 4; lastKnownFileType = sourcecode.c.objc; path = PNWhereNowResponseParser.m; sourceTree = "<group>"; };
		96C26E1D1907CB6A00A2EB11 /* PNAccessRightOptions+Protected.h */ = {isa = PBXFileReference; fileEncoding = 4; lastKnownFileType = sourcecode.c.h; path = "PNAccessRightOptions+Protected.h"; sourceTree = "<group>"; };
		96C26E1E1907CB6A00A2EB11 /* PNAccessRightOptions.h */ = {isa = PBXFileReference; fileEncoding = 4; lastKnownFileType = sourcecode.c.h; path = PNAccessRightOptions.h; sourceTree = "<group>"; };
		96C26E1F1907CB6A00A2EB11 /* PNAccessRightOptions.m */ = {isa = PBXFileReference; fileEncoding = 4; lastKnownFileType = sourcecode.c.objc; path = PNAccessRightOptions.m; sourceTree = "<group>"; };
		96C26E201907CB6A00A2EB11 /* PNAccessRightsCollection+Protected.h */ = {isa = PBXFileReference; fileEncoding = 4; lastKnownFileType = sourcecode.c.h; path = "PNAccessRightsCollection+Protected.h"; sourceTree = "<group>"; };
		96C26E211907CB6A00A2EB11 /* PNAccessRightsCollection.h */ = {isa = PBXFileReference; fileEncoding = 4; lastKnownFileType = sourcecode.c.h; path = PNAccessRightsCollection.h; sourceTree = "<group>"; };
		96C26E221907CB6A00A2EB11 /* PNAccessRightsCollection.m */ = {isa = PBXFileReference; fileEncoding = 4; lastKnownFileType = sourcecode.c.objc; path = PNAccessRightsCollection.m; sourceTree = "<group>"; };
		96C26E231907CB6A00A2EB11 /* PNAccessRightsInformation+Protected.h */ = {isa = PBXFileReference; fileEncoding = 4; lastKnownFileType = sourcecode.c.h; path = "PNAccessRightsInformation+Protected.h"; sourceTree = "<group>"; };
		96C26E241907CB6A00A2EB11 /* PNAccessRightsInformation.h */ = {isa = PBXFileReference; fileEncoding = 4; lastKnownFileType = sourcecode.c.h; path = PNAccessRightsInformation.h; sourceTree = "<group>"; };
		96C26E251907CB6A00A2EB11 /* PNAccessRightsInformation.m */ = {isa = PBXFileReference; fileEncoding = 4; lastKnownFileType = sourcecode.c.objc; path = PNAccessRightsInformation.m; sourceTree = "<group>"; };
		96C26E261907CB6A00A2EB11 /* PNCache.h */ = {isa = PBXFileReference; fileEncoding = 4; lastKnownFileType = sourcecode.c.h; path = PNCache.h; sourceTree = "<group>"; };
		96C26E271907CB6A00A2EB11 /* PNCache.m */ = {isa = PBXFileReference; fileEncoding = 4; lastKnownFileType = sourcecode.c.objc; path = PNCache.m; sourceTree = "<group>"; };
		96C26E281907CB6A00A2EB11 /* PNChannelEvents+Protected.h */ = {isa = PBXFileReference; fileEncoding = 4; lastKnownFileType = sourcecode.c.h; path = "PNChannelEvents+Protected.h"; sourceTree = "<group>"; };
		96C26E291907CB6A00A2EB11 /* PNChannelEvents.h */ = {isa = PBXFileReference; fileEncoding = 4; lastKnownFileType = sourcecode.c.h; path = PNChannelEvents.h; sourceTree = "<group>"; };
		96C26E2A1907CB6A00A2EB11 /* PNChannelEvents.m */ = {isa = PBXFileReference; fileEncoding = 4; lastKnownFileType = sourcecode.c.objc; path = PNChannelEvents.m; sourceTree = "<group>"; };
		96C26E2B1907CB6A00A2EB11 /* PNClient+Protected.h */ = {isa = PBXFileReference; fileEncoding = 4; lastKnownFileType = sourcecode.c.h; path = "PNClient+Protected.h"; sourceTree = "<group>"; };
		96C26E2C1907CB6A00A2EB11 /* PNClient.h */ = {isa = PBXFileReference; fileEncoding = 4; lastKnownFileType = sourcecode.c.h; path = PNClient.h; sourceTree = "<group>"; };
		96C26E2D1907CB6A00A2EB11 /* PNClient.m */ = {isa = PBXFileReference; fileEncoding = 4; lastKnownFileType = sourcecode.c.objc; path = PNClient.m; sourceTree = "<group>"; };
		96C26E2E1907CB6A00A2EB11 /* PNConfiguration+Protected.h */ = {isa = PBXFileReference; fileEncoding = 4; lastKnownFileType = sourcecode.c.h; path = "PNConfiguration+Protected.h"; sourceTree = "<group>"; };
		96C26E2F1907CB6A00A2EB11 /* PNConfiguration.h */ = {isa = PBXFileReference; fileEncoding = 4; lastKnownFileType = sourcecode.c.h; path = PNConfiguration.h; sourceTree = "<group>"; };
		96C26E301907CB6A00A2EB11 /* PNConfiguration.m */ = {isa = PBXFileReference; fileEncoding = 4; lastKnownFileType = sourcecode.c.objc; path = PNConfiguration.m; sourceTree = "<group>"; };
		96C26E311907CB6A00A2EB11 /* PNDate.h */ = {isa = PBXFileReference; fileEncoding = 4; lastKnownFileType = sourcecode.c.h; path = PNDate.h; sourceTree = "<group>"; };
		96C26E321907CB6A00A2EB11 /* PNDate.m */ = {isa = PBXFileReference; fileEncoding = 4; lastKnownFileType = sourcecode.c.objc; path = PNDate.m; sourceTree = "<group>"; };
		96C26E331907CB6A00A2EB11 /* PNError+Protected.h */ = {isa = PBXFileReference; fileEncoding = 4; lastKnownFileType = sourcecode.c.h; path = "PNError+Protected.h"; sourceTree = "<group>"; };
		96C26E341907CB6A00A2EB11 /* PNError.h */ = {isa = PBXFileReference; fileEncoding = 4; lastKnownFileType = sourcecode.c.h; path = PNError.h; sourceTree = "<group>"; };
		96C26E351907CB6A00A2EB11 /* PNError.m */ = {isa = PBXFileReference; fileEncoding = 4; lastKnownFileType = sourcecode.c.objc; path = PNError.m; sourceTree = "<group>"; };
		96C26E361907CB6A00A2EB11 /* PNHereNow+Protected.h */ = {isa = PBXFileReference; fileEncoding = 4; lastKnownFileType = sourcecode.c.h; path = "PNHereNow+Protected.h"; sourceTree = "<group>"; };
		96C26E371907CB6A00A2EB11 /* PNHereNow.h */ = {isa = PBXFileReference; fileEncoding = 4; lastKnownFileType = sourcecode.c.h; path = PNHereNow.h; sourceTree = "<group>"; };
		96C26E381907CB6A00A2EB11 /* PNHereNow.m */ = {isa = PBXFileReference; fileEncoding = 4; lastKnownFileType = sourcecode.c.objc; path = PNHereNow.m; sourceTree = "<group>"; };
		96C26E391907CB6A00A2EB11 /* PNJSONSerialization.h */ = {isa = PBXFileReference; fileEncoding = 4; lastKnownFileType = sourcecode.c.h; path = PNJSONSerialization.h; sourceTree = "<group>"; };
		96C26E3A1907CB6A00A2EB11 /* PNJSONSerialization.m */ = {isa = PBXFileReference; fileEncoding = 4; lastKnownFileType = sourcecode.c.objc; path = PNJSONSerialization.m; sourceTree = "<group>"; };
		96C26E3B1907CB6A00A2EB11 /* PNMessage+Protected.h */ = {isa = PBXFileReference; fileEncoding = 4; lastKnownFileType = sourcecode.c.h; path = "PNMessage+Protected.h"; sourceTree = "<group>"; };
		96C26E3C1907CB6A00A2EB11 /* PNMessage.h */ = {isa = PBXFileReference; fileEncoding = 4; lastKnownFileType = sourcecode.c.h; path = PNMessage.h; sourceTree = "<group>"; };
		96C26E3D1907CB6A00A2EB11 /* PNMessage.m */ = {isa = PBXFileReference; fileEncoding = 4; lastKnownFileType = sourcecode.c.objc; path = PNMessage.m; sourceTree = "<group>"; };
		96C26E3E1907CB6A00A2EB11 /* PNMessagesHistory+Protected.h */ = {isa = PBXFileReference; fileEncoding = 4; lastKnownFileType = sourcecode.c.h; path = "PNMessagesHistory+Protected.h"; sourceTree = "<group>"; };
		96C26E3F1907CB6A00A2EB11 /* PNMessagesHistory.h */ = {isa = PBXFileReference; fileEncoding = 4; lastKnownFileType = sourcecode.c.h; path = PNMessagesHistory.h; sourceTree = "<group>"; };
		96C26E401907CB6A00A2EB11 /* PNMessagesHistory.m */ = {isa = PBXFileReference; fileEncoding = 4; lastKnownFileType = sourcecode.c.objc; path = PNMessagesHistory.m; sourceTree = "<group>"; };
		96C26E411907CB6A00A2EB11 /* PNOperationStatus+Protected.h */ = {isa = PBXFileReference; fileEncoding = 4; lastKnownFileType = sourcecode.c.h; path = "PNOperationStatus+Protected.h"; sourceTree = "<group>"; };
		96C26E421907CB6A00A2EB11 /* PNOperationStatus.h */ = {isa = PBXFileReference; fileEncoding = 4; lastKnownFileType = sourcecode.c.h; path = PNOperationStatus.h; sourceTree = "<group>"; };
		96C26E431907CB6A00A2EB11 /* PNOperationStatus.m */ = {isa = PBXFileReference; fileEncoding = 4; lastKnownFileType = sourcecode.c.objc; path = PNOperationStatus.m; sourceTree = "<group>"; };
		96C26E441907CB6A00A2EB11 /* PNRequestsQueue.h */ = {isa = PBXFileReference; fileEncoding = 4; lastKnownFileType = sourcecode.c.h; path = PNRequestsQueue.h; sourceTree = "<group>"; };
		96C26E451907CB6A00A2EB11 /* PNRequestsQueue.m */ = {isa = PBXFileReference; fileEncoding = 4; lastKnownFileType = sourcecode.c.objc; path = PNRequestsQueue.m; sourceTree = "<group>"; };
		96C26E461907CB6A00A2EB11 /* PNResponse+Protected.h */ = {isa = PBXFileReference; fileEncoding = 4; lastKnownFileType = sourcecode.c.h; path = "PNResponse+Protected.h"; sourceTree = "<group>"; };
		96C26E471907CB6A00A2EB11 /* PNResponse.h */ = {isa = PBXFileReference; fileEncoding = 4; lastKnownFileType = sourcecode.c.h; path = PNResponse.h; sourceTree = "<group>"; };
		96C26E481907CB6A00A2EB11 /* PNResponse.m */ = {isa = PBXFileReference; fileEncoding = 4; lastKnownFileType = sourcecode.c.objc; path = PNResponse.m; sourceTree = "<group>"; };
		96C26E491907CB6A00A2EB11 /* PNWhereNow+Protected.h */ = {isa = PBXFileReference; fileEncoding = 4; lastKnownFileType = sourcecode.c.h; path = "PNWhereNow+Protected.h"; sourceTree = "<group>"; };
		96C26E4A1907CB6A00A2EB11 /* PNWhereNow.h */ = {isa = PBXFileReference; fileEncoding = 4; lastKnownFileType = sourcecode.c.h; path = PNWhereNow.h; sourceTree = "<group>"; };
		96C26E4B1907CB6A00A2EB11 /* PNWhereNow.m */ = {isa = PBXFileReference; fileEncoding = 4; lastKnownFileType = sourcecode.c.objc; path = PNWhereNow.m; sourceTree = "<group>"; };
		96C26E4E1907CB6A00A2EB11 /* NSArray+PNAdditions.h */ = {isa = PBXFileReference; fileEncoding = 4; lastKnownFileType = sourcecode.c.h; path = "NSArray+PNAdditions.h"; sourceTree = "<group>"; };
		96C26E4F1907CB6A00A2EB11 /* NSArray+PNAdditions.m */ = {isa = PBXFileReference; fileEncoding = 4; lastKnownFileType = sourcecode.c.objc; path = "NSArray+PNAdditions.m"; sourceTree = "<group>"; };
		96C26E501907CB6A00A2EB11 /* NSData+PNAdditions.h */ = {isa = PBXFileReference; fileEncoding = 4; lastKnownFileType = sourcecode.c.h; path = "NSData+PNAdditions.h"; sourceTree = "<group>"; };
		96C26E511907CB6A00A2EB11 /* NSData+PNAdditions.m */ = {isa = PBXFileReference; fileEncoding = 4; lastKnownFileType = sourcecode.c.objc; path = "NSData+PNAdditions.m"; sourceTree = "<group>"; };
		96C26E521907CB6A00A2EB11 /* NSDate+PNAdditions.h */ = {isa = PBXFileReference; fileEncoding = 4; lastKnownFileType = sourcecode.c.h; path = "NSDate+PNAdditions.h"; sourceTree = "<group>"; };
		96C26E531907CB6A00A2EB11 /* NSDate+PNAdditions.m */ = {isa = PBXFileReference; fileEncoding = 4; lastKnownFileType = sourcecode.c.objc; path = "NSDate+PNAdditions.m"; sourceTree = "<group>"; };
		96C26E541907CB6A00A2EB11 /* NSDictionary+PNAdditions.h */ = {isa = PBXFileReference; fileEncoding = 4; lastKnownFileType = sourcecode.c.h; path = "NSDictionary+PNAdditions.h"; sourceTree = "<group>"; };
		96C26E551907CB6A00A2EB11 /* NSDictionary+PNAdditions.m */ = {isa = PBXFileReference; fileEncoding = 4; lastKnownFileType = sourcecode.c.objc; path = "NSDictionary+PNAdditions.m"; sourceTree = "<group>"; };
		96C26E561907CB6A00A2EB11 /* NSInvocation+PNAdditions.h */ = {isa = PBXFileReference; fileEncoding = 4; lastKnownFileType = sourcecode.c.h; path = "NSInvocation+PNAdditions.h"; sourceTree = "<group>"; };
		96C26E571907CB6A00A2EB11 /* NSInvocation+PNAdditions.m */ = {isa = PBXFileReference; fileEncoding = 4; lastKnownFileType = sourcecode.c.objc; path = "NSInvocation+PNAdditions.m"; sourceTree = "<group>"; };
		96C26E581907CB6A00A2EB11 /* NSMutableArray+PNAdditions.h */ = {isa = PBXFileReference; fileEncoding = 4; lastKnownFileType = sourcecode.c.h; path = "NSMutableArray+PNAdditions.h"; sourceTree = "<group>"; };
		96C26E591907CB6A00A2EB11 /* NSMutableArray+PNAdditions.m */ = {isa = PBXFileReference; fileEncoding = 4; lastKnownFileType = sourcecode.c.objc; path = "NSMutableArray+PNAdditions.m"; sourceTree = "<group>"; };
		96C26E5A1907CB6A00A2EB11 /* NSString+PNAddition.h */ = {isa = PBXFileReference; fileEncoding = 4; lastKnownFileType = sourcecode.c.h; path = "NSString+PNAddition.h"; sourceTree = "<group>"; };
		96C26E5B1907CB6A00A2EB11 /* NSString+PNAddition.m */ = {isa = PBXFileReference; fileEncoding = 4; lastKnownFileType = sourcecode.c.objc; path = "NSString+PNAddition.m"; sourceTree = "<group>"; };
		96C26E5C1907CB6A00A2EB11 /* UIApplication+PNAdditions.h */ = {isa = PBXFileReference; fileEncoding = 4; lastKnownFileType = sourcecode.c.h; path = "UIApplication+PNAdditions.h"; sourceTree = "<group>"; };
		96C26E5D1907CB6A00A2EB11 /* UIApplication+PNAdditions.m */ = {isa = PBXFileReference; fileEncoding = 4; lastKnownFileType = sourcecode.c.objc; path = "UIApplication+PNAdditions.m"; sourceTree = "<group>"; };
		96C26E5E1907CB6A00A2EB11 /* PNConstants.h */ = {isa = PBXFileReference; fileEncoding = 4; lastKnownFileType = sourcecode.c.h; path = PNConstants.h; sourceTree = "<group>"; };
		96C26E5F1907CB6A00A2EB11 /* PNDefaultConfiguration.h */ = {isa = PBXFileReference; fileEncoding = 4; lastKnownFileType = sourcecode.c.h; path = PNDefaultConfiguration.h; sourceTree = "<group>"; };
		96C26E601907CB6A00A2EB11 /* PNErrorCodes.h */ = {isa = PBXFileReference; fileEncoding = 4; lastKnownFileType = sourcecode.c.h; path = PNErrorCodes.h; sourceTree = "<group>"; };
		96C26E611907CB6A00A2EB11 /* PNHelper.h */ = {isa = PBXFileReference; fileEncoding = 4; lastKnownFileType = sourcecode.c.h; path = PNHelper.h; sourceTree = "<group>"; };
		96C26E621907CB6A00A2EB11 /* PNHelper.m */ = {isa = PBXFileReference; fileEncoding = 4; lastKnownFileType = sourcecode.c.objc; path = PNHelper.m; sourceTree = "<group>"; };
		96C26E631907CB6A00A2EB11 /* PNImports.h */ = {isa = PBXFileReference; fileEncoding = 4; lastKnownFileType = sourcecode.c.h; path = PNImports.h; sourceTree = "<group>"; };
		96C26E641907CB6A00A2EB11 /* PNLogger.h */ = {isa = PBXFileReference; fileEncoding = 4; lastKnownFileType = sourcecode.c.h; path = PNLogger.h; sourceTree = "<group>"; };
		96C26E651907CB6A00A2EB11 /* PNLogger.m */ = {isa = PBXFileReference; fileEncoding = 4; lastKnownFileType = sourcecode.c.objc; path = PNLogger.m; sourceTree = "<group>"; };
		96C26E661907CB6A00A2EB11 /* PNMacro.h */ = {isa = PBXFileReference; fileEncoding = 4; lastKnownFileType = sourcecode.c.h; path = PNMacro.h; sourceTree = "<group>"; };
		96C26E671907CB6A00A2EB11 /* PNNotifications.h */ = {isa = PBXFileReference; fileEncoding = 4; lastKnownFileType = sourcecode.c.h; path = PNNotifications.h; sourceTree = "<group>"; };
		96C26E681907CB6A00A2EB11 /* PNPrivateImports.h */ = {isa = PBXFileReference; fileEncoding = 4; lastKnownFileType = sourcecode.c.h; path = PNPrivateImports.h; sourceTree = "<group>"; };
		96C26E691907CB6A00A2EB11 /* PNPrivateMacro.h */ = {isa = PBXFileReference; fileEncoding = 4; lastKnownFileType = sourcecode.c.h; path = PNPrivateMacro.h; sourceTree = "<group>"; };
		96C26E6A1907CB6A00A2EB11 /* PNRequestsImport.h */ = {isa = PBXFileReference; fileEncoding = 4; lastKnownFileType = sourcecode.c.h; path = PNRequestsImport.h; sourceTree = "<group>"; };
		96C26E6B1907CB6A00A2EB11 /* PNServiceResponseCallbacks.h */ = {isa = PBXFileReference; fileEncoding = 4; lastKnownFileType = sourcecode.c.h; path = PNServiceResponseCallbacks.h; sourceTree = "<group>"; };
		96C26E6C1907CB6A00A2EB11 /* PNStructures.h */ = {isa = PBXFileReference; fileEncoding = 4; lastKnownFileType = sourcecode.c.h; path = PNStructures.h; sourceTree = "<group>"; };
		96C26E6E1907CB6A00A2EB11 /* PNConnectionChannelDelegate.h */ = {isa = PBXFileReference; fileEncoding = 4; lastKnownFileType = sourcecode.c.h; path = PNConnectionChannelDelegate.h; sourceTree = "<group>"; };
		96C26E6F1907CB6A00A2EB11 /* PNConnectionDelegate.h */ = {isa = PBXFileReference; fileEncoding = 4; lastKnownFileType = sourcecode.c.h; path = PNConnectionDelegate.h; sourceTree = "<group>"; };
		96C26E701907CB6A00A2EB11 /* PNDelegate.h */ = {isa = PBXFileReference; fileEncoding = 4; lastKnownFileType = sourcecode.c.h; path = PNDelegate.h; sourceTree = "<group>"; };
		96C26E711907CB6A00A2EB11 /* PNMessageChannelDelegate.h */ = {isa = PBXFileReference; fileEncoding = 4; lastKnownFileType = sourcecode.c.h; path = PNMessageChannelDelegate.h; sourceTree = "<group>"; };
		96C26E721907CB6A00A2EB11 /* PNRequestsQueueDelegate.h */ = {isa = PBXFileReference; fileEncoding = 4; lastKnownFileType = sourcecode.c.h; path = PNRequestsQueueDelegate.h; sourceTree = "<group>"; };
		96C26E731907CB6A00A2EB11 /* PNResponseProtocol.h */ = {isa = PBXFileReference; fileEncoding = 4; lastKnownFileType = sourcecode.c.h; path = PNResponseProtocol.h; sourceTree = "<group>"; };
		96C26E741907CB6A00A2EB11 /* PNServiceChannelDelegate.h */ = {isa = PBXFileReference; fileEncoding = 4; lastKnownFileType = sourcecode.c.h; path = PNServiceChannelDelegate.h; sourceTree = "<group>"; };
		96C26E771907CB6A00A2EB11 /* PNAccessRightsAuditRequest.h */ = {isa = PBXFileReference; fileEncoding = 4; lastKnownFileType = sourcecode.c.h; path = PNAccessRightsAuditRequest.h; sourceTree = "<group>"; };
		96C26E781907CB6A00A2EB11 /* PNAccessRightsAuditRequest.m */ = {isa = PBXFileReference; fileEncoding = 4; lastKnownFileType = sourcecode.c.objc; path = PNAccessRightsAuditRequest.m; sourceTree = "<group>"; };
		96C26E791907CB6A00A2EB11 /* PNBaseRequest+Protected.h */ = {isa = PBXFileReference; fileEncoding = 4; lastKnownFileType = sourcecode.c.h; path = "PNBaseRequest+Protected.h"; sourceTree = "<group>"; };
		96C26E7A1907CB6A00A2EB11 /* PNBaseRequest.h */ = {isa = PBXFileReference; fileEncoding = 4; lastKnownFileType = sourcecode.c.h; path = PNBaseRequest.h; sourceTree = "<group>"; };
		96C26E7B1907CB6A00A2EB11 /* PNBaseRequest.m */ = {isa = PBXFileReference; fileEncoding = 4; lastKnownFileType = sourcecode.c.objc; path = PNBaseRequest.m; sourceTree = "<group>"; };
		96C26E7C1907CB6A00A2EB11 /* PNChangeAccessRightsRequest.h */ = {isa = PBXFileReference; fileEncoding = 4; lastKnownFileType = sourcecode.c.h; path = PNChangeAccessRightsRequest.h; sourceTree = "<group>"; };
		96C26E7D1907CB6A00A2EB11 /* PNChangeAccessRightsRequest.m */ = {isa = PBXFileReference; fileEncoding = 4; lastKnownFileType = sourcecode.c.objc; path = PNChangeAccessRightsRequest.m; sourceTree = "<group>"; };
		96C26E7E1907CB6A00A2EB11 /* PNClientStateRequest+Protected.h */ = {isa = PBXFileReference; fileEncoding = 4; lastKnownFileType = sourcecode.c.h; path = "PNClientStateRequest+Protected.h"; sourceTree = "<group>"; };
		96C26E7F1907CB6A00A2EB11 /* PNClientStateRequest.h */ = {isa = PBXFileReference; fileEncoding = 4; lastKnownFileType = sourcecode.c.h; path = PNClientStateRequest.h; sourceTree = "<group>"; };
		96C26E801907CB6A00A2EB11 /* PNClientStateRequest.m */ = {isa = PBXFileReference; fileEncoding = 4; lastKnownFileType = sourcecode.c.objc; path = PNClientStateRequest.m; sourceTree = "<group>"; };
		96C26E811907CB6A00A2EB11 /* PNClientStateUpdateRequest+Protected.h */ = {isa = PBXFileReference; fileEncoding = 4; lastKnownFileType = sourcecode.c.h; path = "PNClientStateUpdateRequest+Protected.h"; sourceTree = "<group>"; };
		96C26E821907CB6A00A2EB11 /* PNClientStateUpdateRequest.h */ = {isa = PBXFileReference; fileEncoding = 4; lastKnownFileType = sourcecode.c.h; path = PNClientStateUpdateRequest.h; sourceTree = "<group>"; };
		96C26E831907CB6A00A2EB11 /* PNClientStateUpdateRequest.m */ = {isa = PBXFileReference; fileEncoding = 4; lastKnownFileType = sourcecode.c.objc; path = PNClientStateUpdateRequest.m; sourceTree = "<group>"; };
		96C26E841907CB6A00A2EB11 /* PNHeartbeatRequest.h */ = {isa = PBXFileReference; fileEncoding = 4; lastKnownFileType = sourcecode.c.h; path = PNHeartbeatRequest.h; sourceTree = "<group>"; };
		96C26E851907CB6A00A2EB11 /* PNHeartbeatRequest.m */ = {isa = PBXFileReference; fileEncoding = 4; lastKnownFileType = sourcecode.c.objc; path = PNHeartbeatRequest.m; sourceTree = "<group>"; };
		96C26E861907CB6A00A2EB11 /* PNHereNowRequest+Protected.h */ = {isa = PBXFileReference; fileEncoding = 4; lastKnownFileType = sourcecode.c.h; path = "PNHereNowRequest+Protected.h"; sourceTree = "<group>"; };
		96C26E871907CB6A00A2EB11 /* PNHereNowRequest.h */ = {isa = PBXFileReference; fileEncoding = 4; lastKnownFileType = sourcecode.c.h; path = PNHereNowRequest.h; sourceTree = "<group>"; };
		96C26E881907CB6A00A2EB11 /* PNHereNowRequest.m */ = {isa = PBXFileReference; fileEncoding = 4; lastKnownFileType = sourcecode.c.objc; path = PNHereNowRequest.m; sourceTree = "<group>"; };
		96C26E891907CB6A00A2EB11 /* PNLatencyMeasureRequest.h */ = {isa = PBXFileReference; fileEncoding = 4; lastKnownFileType = sourcecode.c.h; path = PNLatencyMeasureRequest.h; sourceTree = "<group>"; };
		96C26E8A1907CB6A00A2EB11 /* PNLatencyMeasureRequest.m */ = {isa = PBXFileReference; fileEncoding = 4; lastKnownFileType = sourcecode.c.objc; path = PNLatencyMeasureRequest.m; sourceTree = "<group>"; };
		96C26E8B1907CB6A00A2EB11 /* PNLeaveRequest+Protected.h */ = {isa = PBXFileReference; fileEncoding = 4; lastKnownFileType = sourcecode.c.h; path = "PNLeaveRequest+Protected.h"; sourceTree = "<group>"; };
		96C26E8C1907CB6A00A2EB11 /* PNLeaveRequest.h */ = {isa = PBXFileReference; fileEncoding = 4; lastKnownFileType = sourcecode.c.h; path = PNLeaveRequest.h; sourceTree = "<group>"; };
		96C26E8D1907CB6A00A2EB11 /* PNLeaveRequest.m */ = {isa = PBXFileReference; fileEncoding = 4; lastKnownFileType = sourcecode.c.objc; path = PNLeaveRequest.m; sourceTree = "<group>"; };
		96C26E8E1907CB6A00A2EB11 /* PNMessageHistoryRequest+Protected.h */ = {isa = PBXFileReference; fileEncoding = 4; lastKnownFileType = sourcecode.c.h; path = "PNMessageHistoryRequest+Protected.h"; sourceTree = "<group>"; };
		96C26E8F1907CB6A00A2EB11 /* PNMessageHistoryRequest.h */ = {isa = PBXFileReference; fileEncoding = 4; lastKnownFileType = sourcecode.c.h; path = PNMessageHistoryRequest.h; sourceTree = "<group>"; };
		96C26E901907CB6A00A2EB11 /* PNMessageHistoryRequest.m */ = {isa = PBXFileReference; fileEncoding = 4; lastKnownFileType = sourcecode.c.objc; path = PNMessageHistoryRequest.m; sourceTree = "<group>"; };
		96C26E911907CB6A00A2EB11 /* PNMessagePostRequest+Protected.h */ = {isa = PBXFileReference; fileEncoding = 4; lastKnownFileType = sourcecode.c.h; path = "PNMessagePostRequest+Protected.h"; sourceTree = "<group>"; };
		96C26E921907CB6A00A2EB11 /* PNMessagePostRequest.h */ = {isa = PBXFileReference; fileEncoding = 4; lastKnownFileType = sourcecode.c.h; path = PNMessagePostRequest.h; sourceTree = "<group>"; };
		96C26E931907CB6A00A2EB11 /* PNMessagePostRequest.m */ = {isa = PBXFileReference; fileEncoding = 4; lastKnownFileType = sourcecode.c.objc; path = PNMessagePostRequest.m; sourceTree = "<group>"; };
		96C26E941907CB6A00A2EB11 /* PNPushNotificationsEnabledChannelsRequest.h */ = {isa = PBXFileReference; fileEncoding = 4; lastKnownFileType = sourcecode.c.h; path = PNPushNotificationsEnabledChannelsRequest.h; sourceTree = "<group>"; };
		96C26E951907CB6A00A2EB11 /* PNPushNotificationsEnabledChannelsRequest.m */ = {isa = PBXFileReference; fileEncoding = 4; lastKnownFileType = sourcecode.c.objc; path = PNPushNotificationsEnabledChannelsRequest.m; sourceTree = "<group>"; };
		96C26E961907CB6A00A2EB11 /* PNPushNotificationsRemoveRequest.h */ = {isa = PBXFileReference; fileEncoding = 4; lastKnownFileType = sourcecode.c.h; path = PNPushNotificationsRemoveRequest.h; sourceTree = "<group>"; };
		96C26E971907CB6A00A2EB11 /* PNPushNotificationsRemoveRequest.m */ = {isa = PBXFileReference; fileEncoding = 4; lastKnownFileType = sourcecode.c.objc; path = PNPushNotificationsRemoveRequest.m; sourceTree = "<group>"; };
		96C26E981907CB6A00A2EB11 /* PNPushNotificationsStateChangeRequest.h */ = {isa = PBXFileReference; fileEncoding = 4; lastKnownFileType = sourcecode.c.h; path = PNPushNotificationsStateChangeRequest.h; sourceTree = "<group>"; };
		96C26E991907CB6A00A2EB11 /* PNPushNotificationsStateChangeRequest.m */ = {isa = PBXFileReference; fileEncoding = 4; lastKnownFileType = sourcecode.c.objc; path = PNPushNotificationsStateChangeRequest.m; sourceTree = "<group>"; };
		96C26E9A1907CB6A00A2EB11 /* PNSubscribeRequest+Protected.h */ = {isa = PBXFileReference; fileEncoding = 4; lastKnownFileType = sourcecode.c.h; path = "PNSubscribeRequest+Protected.h"; sourceTree = "<group>"; };
		96C26E9B1907CB6A00A2EB11 /* PNSubscribeRequest.h */ = {isa = PBXFileReference; fileEncoding = 4; lastKnownFileType = sourcecode.c.h; path = PNSubscribeRequest.h; sourceTree = "<group>"; };
		96C26E9C1907CB6A00A2EB11 /* PNSubscribeRequest.m */ = {isa = PBXFileReference; fileEncoding = 4; lastKnownFileType = sourcecode.c.objc; path = PNSubscribeRequest.m; sourceTree = "<group>"; };
		96C26E9D1907CB6A00A2EB11 /* PNTimeTokenRequest.h */ = {isa = PBXFileReference; fileEncoding = 4; lastKnownFileType = sourcecode.c.h; path = PNTimeTokenRequest.h; sourceTree = "<group>"; };
		96C26E9E1907CB6A00A2EB11 /* PNTimeTokenRequest.m */ = {isa = PBXFileReference; fileEncoding = 4; lastKnownFileType = sourcecode.c.objc; path = PNTimeTokenRequest.m; sourceTree = "<group>"; };
		96C26E9F1907CB6A00A2EB11 /* PNWhereNowRequest.h */ = {isa = PBXFileReference; fileEncoding = 4; lastKnownFileType = sourcecode.c.h; path = PNWhereNowRequest.h; sourceTree = "<group>"; };
		96C26EA01907CB6A00A2EB11 /* PNWhereNowRequest.m */ = {isa = PBXFileReference; fileEncoding = 4; lastKnownFileType = sourcecode.c.objc; path = PNWhereNowRequest.m; sourceTree = "<group>"; };
		96C26EA11907CB6A00A2EB11 /* PNMessagingChannel.h */ = {isa = PBXFileReference; fileEncoding = 4; lastKnownFileType = sourcecode.c.h; path = PNMessagingChannel.h; sourceTree = "<group>"; };
		96C26EA21907CB6A00A2EB11 /* PNMessagingChannel.m */ = {isa = PBXFileReference; fileEncoding = 4; lastKnownFileType = sourcecode.c.objc; path = PNMessagingChannel.m; sourceTree = "<group>"; };
		96C26EA31907CB6A00A2EB11 /* PNNetworkHelper.h */ = {isa = PBXFileReference; fileEncoding = 4; lastKnownFileType = sourcecode.c.h; path = PNNetworkHelper.h; sourceTree = "<group>"; };
		96C26EA41907CB6A00A2EB11 /* PNNetworkHelper.m */ = {isa = PBXFileReference; fileEncoding = 4; lastKnownFileType = sourcecode.c.objc; path = PNNetworkHelper.m; sourceTree = "<group>"; };
		96C26EA51907CB6A00A2EB11 /* PNReachability.h */ = {isa = PBXFileReference; fileEncoding = 4; lastKnownFileType = sourcecode.c.h; path = PNReachability.h; sourceTree = "<group>"; };
		96C26EA61907CB6A00A2EB11 /* PNReachability.m */ = {isa = PBXFileReference; fileEncoding = 4; lastKnownFileType = sourcecode.c.objc; path = PNReachability.m; sourceTree = "<group>"; };
		96C26EA71907CB6A00A2EB11 /* PNServiceChannel.h */ = {isa = PBXFileReference; fileEncoding = 4; lastKnownFileType = sourcecode.c.h; path = PNServiceChannel.h; sourceTree = "<group>"; };
		96C26EA81907CB6A00A2EB11 /* PNServiceChannel.m */ = {isa = PBXFileReference; fileEncoding = 4; lastKnownFileType = sourcecode.c.objc; path = PNServiceChannel.m; sourceTree = "<group>"; };
		96C26EAA1907CB6A00A2EB11 /* PNConnection+Protected.h */ = {isa = PBXFileReference; fileEncoding = 4; lastKnownFileType = sourcecode.c.h; path = "PNConnection+Protected.h"; sourceTree = "<group>"; };
		96C26EAB1907CB6A00A2EB11 /* PNConnection.h */ = {isa = PBXFileReference; fileEncoding = 4; lastKnownFileType = sourcecode.c.h; path = PNConnection.h; sourceTree = "<group>"; };
		96C26EAC1907CB6A00A2EB11 /* PNConnection.m */ = {isa = PBXFileReference; fileEncoding = 4; lastKnownFileType = sourcecode.c.objc; path = PNConnection.m; sourceTree = "<group>"; };
		96C26EAD1907CB6A00A2EB11 /* PNConnectionChannel+Protected.h */ = {isa = PBXFileReference; fileEncoding = 4; lastKnownFileType = sourcecode.c.h; path = "PNConnectionChannel+Protected.h"; sourceTree = "<group>"; };
		96C26EAE1907CB6A00A2EB11 /* PNConnectionChannel.h */ = {isa = PBXFileReference; fileEncoding = 4; lastKnownFileType = sourcecode.c.h; path = PNConnectionChannel.h; sourceTree = "<group>"; };
		96C26EAF1907CB6A00A2EB11 /* PNConnectionChannel.m */ = {isa = PBXFileReference; fileEncoding = 4; lastKnownFileType = sourcecode.c.objc; path = PNConnectionChannel.m; sourceTree = "<group>"; };
/* End PBXFileReference section */

/* Begin PBXFrameworksBuildPhase section */
		797D096017253898007A9D9A /* Frameworks */ = {
			isa = PBXFrameworksBuildPhase;
			buildActionMask = 2147483647;
			files = (
				797D0A5F1725426E007A9D9A /* SystemConfiguration.framework in Frameworks */,
				7935AE7B17CD82D40040632B /* CoreWLAN.framework in Frameworks */,
				797D096717253898007A9D9A /* Cocoa.framework in Frameworks */,
				797D0A611725428D007A9D9A /* libz.1.2.5.dylib in Frameworks */,
			);
			runOnlyForDeploymentPostprocessing = 0;
		};
/* End PBXFrameworksBuildPhase section */

/* Begin PBXGroup section */
		797D095A17253898007A9D9A = {
			isa = PBXGroup;
			children = (
				797D096C17253898007A9D9A /* PubNubMacOSTestApplication */,
				797D096517253898007A9D9A /* Frameworks */,
				797D096417253898007A9D9A /* Products */,
			);
			sourceTree = "<group>";
		};
		797D096417253898007A9D9A /* Products */ = {
			isa = PBXGroup;
			children = (
				797D096317253898007A9D9A /* PubNubMacOSTestApplication.app */,
			);
			name = Products;
			sourceTree = "<group>";
		};
		797D096517253898007A9D9A /* Frameworks */ = {
			isa = PBXGroup;
			children = (
				797D0A5E1725426D007A9D9A /* SystemConfiguration.framework */,
				7935AE7A17CD82D40040632B /* CoreWLAN.framework */,
				797D096617253898007A9D9A /* Cocoa.framework */,
				797D0A601725428D007A9D9A /* libz.1.2.5.dylib */,
				797D096817253898007A9D9A /* Other Frameworks */,
			);
			name = Frameworks;
			sourceTree = "<group>";
		};
		797D096817253898007A9D9A /* Other Frameworks */ = {
			isa = PBXGroup;
			children = (
				797D096917253898007A9D9A /* AppKit.framework */,
				797D096A17253898007A9D9A /* CoreData.framework */,
				797D096B17253898007A9D9A /* Foundation.framework */,
			);
			name = "Other Frameworks";
			sourceTree = "<group>";
		};
		797D096C17253898007A9D9A /* PubNubMacOSTestApplication */ = {
			isa = PBXGroup;
			children = (
				A78CD55D176952A80045758F /* libs */,
				797D098317253960007A9D9A /* Classes */,
				797D0A1C17253961007A9D9A /* Resources */,
				797D096D17253898007A9D9A /* Supporting Files */,
			);
			path = PubNubMacOSTestApplication;
			sourceTree = "<group>";
		};
		797D096D17253898007A9D9A /* Supporting Files */ = {
			isa = PBXGroup;
			children = (
				797D097217253898007A9D9A /* main.m */,
				797D097417253898007A9D9A /* PubNubMacOSTestApplication-Prefix.pch */,
			);
			name = "Supporting Files";
			sourceTree = "<group>";
		};
		797D098317253960007A9D9A /* Classes */ = {
			isa = PBXGroup;
			children = (
				797D098417253960007A9D9A /* Controller */,
				797D098717253960007A9D9A /* Misc */,
				797D098A17253960007A9D9A /* Model */,
				797D098B17253960007A9D9A /* View */,
			);
			path = Classes;
			sourceTree = "<group>";
		};
		797D098417253960007A9D9A /* Controller */ = {
			isa = PBXGroup;
			children = (
				797D098517253960007A9D9A /* TAAppDelegate.h */,
				797D098617253960007A9D9A /* TAAppDelegate.m */,
			);
			path = Controller;
			sourceTree = "<group>";
		};
		797D098717253960007A9D9A /* Misc */ = {
			isa = PBXGroup;
			children = (
				797D098817253960007A9D9A /* Categories */,
				797D098917253960007A9D9A /* Protocols */,
			);
			path = Misc;
			sourceTree = "<group>";
		};
		797D098817253960007A9D9A /* Categories */ = {
			isa = PBXGroup;
			children = (
			);
			path = Categories;
			sourceTree = "<group>";
		};
		797D098917253960007A9D9A /* Protocols */ = {
			isa = PBXGroup;
			children = (
			);
			path = Protocols;
			sourceTree = "<group>";
		};
		797D098A17253960007A9D9A /* Model */ = {
			isa = PBXGroup;
			children = (
			);
			path = Model;
			sourceTree = "<group>";
		};
		797D098B17253960007A9D9A /* View */ = {
			isa = PBXGroup;
			children = (
			);
			path = View;
			sourceTree = "<group>";
		};
		797D0A1C17253961007A9D9A /* Resources */ = {
			isa = PBXGroup;
			children = (
				797D0A1D17253961007A9D9A /* General */,
				797D0A2117253961007A9D9A /* XIB */,
			);
			path = Resources;
			sourceTree = "<group>";
		};
		797D0A1D17253961007A9D9A /* General */ = {
			isa = PBXGroup;
			children = (
				797D0A5D17253989007A9D9A /* Credits.rtf */,
				797D0A5A1725397A007A9D9A /* InfoPlist.strings */,
				797D0A2017253961007A9D9A /* PubNubMacOSTestApplication-Info.plist */,
			);
			path = General;
			sourceTree = "<group>";
		};
		797D0A2117253961007A9D9A /* XIB */ = {
			isa = PBXGroup;
			children = (
				797D0A621725431B007A9D9A /* TAMainMenu.xib */,
			);
			path = XIB;
			sourceTree = "<group>";
		};
		96C26DE01907CB6A00A2EB11 /* PubNub */ = {
			isa = PBXGroup;
			children = (
				96C26DE11907CB6A00A2EB11 /* Core */,
				96C26DE81907CB6A00A2EB11 /* Data */,
				96C26E4C1907CB6A00A2EB11 /* Misc */,
				96C26E751907CB6A00A2EB11 /* Network */,
			);
			path = PubNub;
			sourceTree = "<group>";
		};
		96C26DE11907CB6A00A2EB11 /* Core */ = {
			isa = PBXGroup;
			children = (
				96C26DE21907CB6A00A2EB11 /* PNObservationCenter+Protected.h */,
				96C26DE31907CB6A00A2EB11 /* PNObservationCenter.h */,
				96C26DE41907CB6A00A2EB11 /* PNObservationCenter.m */,
				96C26DE51907CB6A00A2EB11 /* PubNub+Protected.h */,
				96C26DE61907CB6A00A2EB11 /* PubNub.h */,
				96C26DE71907CB6A00A2EB11 /* PubNub.m */,
			);
			path = Core;
			sourceTree = "<group>";
		};
		96C26DE81907CB6A00A2EB11 /* Data */ = {
			isa = PBXGroup;
			children = (
				96C26DE91907CB6A00A2EB11 /* Buffers */,
				96C26DEC1907CB6A00A2EB11 /* Channels */,
				96C26DF71907CB6A00A2EB11 /* Crypto */,
				96C26DFA1907CB6A00A2EB11 /* Parsers */,
				96C26E1D1907CB6A00A2EB11 /* PNAccessRightOptions+Protected.h */,
				96C26E1E1907CB6A00A2EB11 /* PNAccessRightOptions.h */,
				96C26E1F1907CB6A00A2EB11 /* PNAccessRightOptions.m */,
				96C26E201907CB6A00A2EB11 /* PNAccessRightsCollection+Protected.h */,
				96C26E211907CB6A00A2EB11 /* PNAccessRightsCollection.h */,
				96C26E221907CB6A00A2EB11 /* PNAccessRightsCollection.m */,
				96C26E231907CB6A00A2EB11 /* PNAccessRightsInformation+Protected.h */,
				96C26E241907CB6A00A2EB11 /* PNAccessRightsInformation.h */,
				96C26E251907CB6A00A2EB11 /* PNAccessRightsInformation.m */,
				96C26E261907CB6A00A2EB11 /* PNCache.h */,
				96C26E271907CB6A00A2EB11 /* PNCache.m */,
				96C26E281907CB6A00A2EB11 /* PNChannelEvents+Protected.h */,
				96C26E291907CB6A00A2EB11 /* PNChannelEvents.h */,
				96C26E2A1907CB6A00A2EB11 /* PNChannelEvents.m */,
				96C26E2B1907CB6A00A2EB11 /* PNClient+Protected.h */,
				96C26E2C1907CB6A00A2EB11 /* PNClient.h */,
				96C26E2D1907CB6A00A2EB11 /* PNClient.m */,
				96C26E2E1907CB6A00A2EB11 /* PNConfiguration+Protected.h */,
				96C26E2F1907CB6A00A2EB11 /* PNConfiguration.h */,
				96C26E301907CB6A00A2EB11 /* PNConfiguration.m */,
				96C26E311907CB6A00A2EB11 /* PNDate.h */,
				96C26E321907CB6A00A2EB11 /* PNDate.m */,
				96C26E331907CB6A00A2EB11 /* PNError+Protected.h */,
				96C26E341907CB6A00A2EB11 /* PNError.h */,
				96C26E351907CB6A00A2EB11 /* PNError.m */,
				96C26E361907CB6A00A2EB11 /* PNHereNow+Protected.h */,
				96C26E371907CB6A00A2EB11 /* PNHereNow.h */,
				96C26E381907CB6A00A2EB11 /* PNHereNow.m */,
				96C26E391907CB6A00A2EB11 /* PNJSONSerialization.h */,
				96C26E3A1907CB6A00A2EB11 /* PNJSONSerialization.m */,
				96C26E3B1907CB6A00A2EB11 /* PNMessage+Protected.h */,
				96C26E3C1907CB6A00A2EB11 /* PNMessage.h */,
				96C26E3D1907CB6A00A2EB11 /* PNMessage.m */,
				96C26E3E1907CB6A00A2EB11 /* PNMessagesHistory+Protected.h */,
				96C26E3F1907CB6A00A2EB11 /* PNMessagesHistory.h */,
				96C26E401907CB6A00A2EB11 /* PNMessagesHistory.m */,
				96C26E411907CB6A00A2EB11 /* PNOperationStatus+Protected.h */,
				96C26E421907CB6A00A2EB11 /* PNOperationStatus.h */,
				96C26E431907CB6A00A2EB11 /* PNOperationStatus.m */,
				96C26E441907CB6A00A2EB11 /* PNRequestsQueue.h */,
				96C26E451907CB6A00A2EB11 /* PNRequestsQueue.m */,
				96C26E461907CB6A00A2EB11 /* PNResponse+Protected.h */,
				96C26E471907CB6A00A2EB11 /* PNResponse.h */,
				96C26E481907CB6A00A2EB11 /* PNResponse.m */,
				96C26E491907CB6A00A2EB11 /* PNWhereNow+Protected.h */,
				96C26E4A1907CB6A00A2EB11 /* PNWhereNow.h */,
				96C26E4B1907CB6A00A2EB11 /* PNWhereNow.m */,
			);
			path = Data;
			sourceTree = "<group>";
		};
		96C26DE91907CB6A00A2EB11 /* Buffers */ = {
			isa = PBXGroup;
			children = (
				96C26DEA1907CB6A00A2EB11 /* PNWriteBuffer.h */,
				96C26DEB1907CB6A00A2EB11 /* PNWriteBuffer.m */,
			);
			path = Buffers;
			sourceTree = "<group>";
		};
		96C26DEC1907CB6A00A2EB11 /* Channels */ = {
			isa = PBXGroup;
			children = (
				96C26DED1907CB6A00A2EB11 /* PNChannel+Protected.h */,
				96C26DEE1907CB6A00A2EB11 /* PNChannel.h */,
				96C26DEF1907CB6A00A2EB11 /* PNChannel.m */,
				96C26DF01907CB6A00A2EB11 /* Presence */,
			);
			path = Channels;
			sourceTree = "<group>";
		};
		96C26DF01907CB6A00A2EB11 /* Presence */ = {
			isa = PBXGroup;
			children = (
				96C26DF11907CB6A00A2EB11 /* PNChannelPresence+Protected.h */,
				96C26DF21907CB6A00A2EB11 /* PNChannelPresence.h */,
				96C26DF31907CB6A00A2EB11 /* PNChannelPresence.m */,
				96C26DF41907CB6A00A2EB11 /* PNPresenceEvent+Protected.h */,
				96C26DF51907CB6A00A2EB11 /* PNPresenceEvent.h */,
				96C26DF61907CB6A00A2EB11 /* PNPresenceEvent.m */,
			);
			path = Presence;
			sourceTree = "<group>";
		};
		96C26DF71907CB6A00A2EB11 /* Crypto */ = {
			isa = PBXGroup;
			children = (
				96C26DF81907CB6A00A2EB11 /* PNCryptoHelper.h */,
				96C26DF91907CB6A00A2EB11 /* PNCryptoHelper.m */,
			);
			path = Crypto;
			sourceTree = "<group>";
		};
		96C26DFA1907CB6A00A2EB11 /* Parsers */ = {
			isa = PBXGroup;
			children = (
				96C26DFB1907CB6A00A2EB11 /* PNAccessRightsResponseParser+Protected.h */,
				96C26DFC1907CB6A00A2EB11 /* PNAccessRightsResponseParser.h */,
				96C26DFD1907CB6A00A2EB11 /* PNAccessRightsResponseParser.m */,
				96C26DFE1907CB6A00A2EB11 /* PNActionResponseParser+Protected.h */,
				96C26DFF1907CB6A00A2EB11 /* PNActionResponseParser.h */,
				96C26E001907CB6A00A2EB11 /* PNActionResponseParser.m */,
				96C26E011907CB6A00A2EB11 /* PNChannelEventsResponseParser.h */,
				96C26E021907CB6A00A2EB11 /* PNChannelEventsResponseParser.m */,
				96C26E031907CB6A00A2EB11 /* PNChannelHistoryParser+Protected.h */,
				96C26E041907CB6A00A2EB11 /* PNChannelHistoryParser.h */,
				96C26E051907CB6A00A2EB11 /* PNChannelHistoryParser.m */,
				96C26E061907CB6A00A2EB11 /* PNClientStateResponseParser.h */,
				96C26E071907CB6A00A2EB11 /* PNClientStateResponseParser.m */,
				96C26E081907CB6A00A2EB11 /* PNClientStateUpdateResponseParser.h */,
				96C26E091907CB6A00A2EB11 /* PNClientStateUpdateResponseParser.m */,
				96C26E0A1907CB6A00A2EB11 /* PNErrorResponseParser+Protected.h */,
				96C26E0B1907CB6A00A2EB11 /* PNErrorResponseParser.h */,
				96C26E0C1907CB6A00A2EB11 /* PNErrorResponseParser.m */,
				96C26E0D1907CB6A00A2EB11 /* PNHereNowResponseParser+Protected.h */,
				96C26E0E1907CB6A00A2EB11 /* PNHereNowResponseParser.h */,
				96C26E0F1907CB6A00A2EB11 /* PNHereNowResponseParser.m */,
				96C26E101907CB6A00A2EB11 /* PNOperationStatusResponseParser.h */,
				96C26E111907CB6A00A2EB11 /* PNOperationStatusResponseParser.m */,
				96C26E121907CB6A00A2EB11 /* PNPushNotificationsEnabledChannelsParser.h */,
				96C26E131907CB6A00A2EB11 /* PNPushNotificationsEnabledChannelsParser.m */,
				96C26E141907CB6A00A2EB11 /* PNResponseDeserialize.h */,
				96C26E151907CB6A00A2EB11 /* PNResponseDeserialize.m */,
				96C26E161907CB6A00A2EB11 /* PNResponseParser.h */,
				96C26E171907CB6A00A2EB11 /* PNResponseParser.m */,
				96C26E181907CB6A00A2EB11 /* PNTimeTokenResponseParser.h */,
				96C26E191907CB6A00A2EB11 /* PNTimeTokenResponseParser.m */,
				96C26E1A1907CB6A00A2EB11 /* PNWhereNowResponseParser+Protected.h */,
				96C26E1B1907CB6A00A2EB11 /* PNWhereNowResponseParser.h */,
				96C26E1C1907CB6A00A2EB11 /* PNWhereNowResponseParser.m */,
			);
			path = Parsers;
			sourceTree = "<group>";
		};
		96C26E4C1907CB6A00A2EB11 /* Misc */ = {
			isa = PBXGroup;
			children = (
				96C26E4D1907CB6A00A2EB11 /* Categories */,
				96C26E5E1907CB6A00A2EB11 /* PNConstants.h */,
				96C26E5F1907CB6A00A2EB11 /* PNDefaultConfiguration.h */,
				96C26E601907CB6A00A2EB11 /* PNErrorCodes.h */,
				96C26E611907CB6A00A2EB11 /* PNHelper.h */,
				96C26E621907CB6A00A2EB11 /* PNHelper.m */,
				96C26E631907CB6A00A2EB11 /* PNImports.h */,
				96C26E641907CB6A00A2EB11 /* PNLogger.h */,
				96C26E651907CB6A00A2EB11 /* PNLogger.m */,
				96C26E661907CB6A00A2EB11 /* PNMacro.h */,
				96C26E671907CB6A00A2EB11 /* PNNotifications.h */,
				96C26E681907CB6A00A2EB11 /* PNPrivateImports.h */,
				96C26E691907CB6A00A2EB11 /* PNPrivateMacro.h */,
				96C26E6A1907CB6A00A2EB11 /* PNRequestsImport.h */,
				96C26E6B1907CB6A00A2EB11 /* PNServiceResponseCallbacks.h */,
				96C26E6C1907CB6A00A2EB11 /* PNStructures.h */,
				96C26E6D1907CB6A00A2EB11 /* Protocols */,
			);
			path = Misc;
			sourceTree = "<group>";
		};
		96C26E4D1907CB6A00A2EB11 /* Categories */ = {
			isa = PBXGroup;
			children = (
				96C26E4E1907CB6A00A2EB11 /* NSArray+PNAdditions.h */,
				96C26E4F1907CB6A00A2EB11 /* NSArray+PNAdditions.m */,
				96C26E501907CB6A00A2EB11 /* NSData+PNAdditions.h */,
				96C26E511907CB6A00A2EB11 /* NSData+PNAdditions.m */,
				96C26E521907CB6A00A2EB11 /* NSDate+PNAdditions.h */,
				96C26E531907CB6A00A2EB11 /* NSDate+PNAdditions.m */,
				96C26E541907CB6A00A2EB11 /* NSDictionary+PNAdditions.h */,
				96C26E551907CB6A00A2EB11 /* NSDictionary+PNAdditions.m */,
				96C26E561907CB6A00A2EB11 /* NSInvocation+PNAdditions.h */,
				96C26E571907CB6A00A2EB11 /* NSInvocation+PNAdditions.m */,
				96C26E581907CB6A00A2EB11 /* NSMutableArray+PNAdditions.h */,
				96C26E591907CB6A00A2EB11 /* NSMutableArray+PNAdditions.m */,
				96C26E5A1907CB6A00A2EB11 /* NSString+PNAddition.h */,
				96C26E5B1907CB6A00A2EB11 /* NSString+PNAddition.m */,
				96C26E5C1907CB6A00A2EB11 /* UIApplication+PNAdditions.h */,
				96C26E5D1907CB6A00A2EB11 /* UIApplication+PNAdditions.m */,
			);
			path = Categories;
			sourceTree = "<group>";
		};
		96C26E6D1907CB6A00A2EB11 /* Protocols */ = {
			isa = PBXGroup;
			children = (
				96C26E6E1907CB6A00A2EB11 /* PNConnectionChannelDelegate.h */,
				96C26E6F1907CB6A00A2EB11 /* PNConnectionDelegate.h */,
				96C26E701907CB6A00A2EB11 /* PNDelegate.h */,
				96C26E711907CB6A00A2EB11 /* PNMessageChannelDelegate.h */,
				96C26E721907CB6A00A2EB11 /* PNRequestsQueueDelegate.h */,
				96C26E731907CB6A00A2EB11 /* PNResponseProtocol.h */,
				96C26E741907CB6A00A2EB11 /* PNServiceChannelDelegate.h */,
			);
			path = Protocols;
			sourceTree = "<group>";
		};
		96C26E751907CB6A00A2EB11 /* Network */ = {
			isa = PBXGroup;
			children = (
				96C26E761907CB6A00A2EB11 /* Packets */,
				96C26EA11907CB6A00A2EB11 /* PNMessagingChannel.h */,
				96C26EA21907CB6A00A2EB11 /* PNMessagingChannel.m */,
				96C26EA31907CB6A00A2EB11 /* PNNetworkHelper.h */,
				96C26EA41907CB6A00A2EB11 /* PNNetworkHelper.m */,
				96C26EA51907CB6A00A2EB11 /* PNReachability.h */,
				96C26EA61907CB6A00A2EB11 /* PNReachability.m */,
				96C26EA71907CB6A00A2EB11 /* PNServiceChannel.h */,
				96C26EA81907CB6A00A2EB11 /* PNServiceChannel.m */,
				96C26EA91907CB6A00A2EB11 /* Transport */,
			);
			path = Network;
			sourceTree = "<group>";
		};
		96C26E761907CB6A00A2EB11 /* Packets */ = {
			isa = PBXGroup;
			children = (
				96C26E771907CB6A00A2EB11 /* PNAccessRightsAuditRequest.h */,
				96C26E781907CB6A00A2EB11 /* PNAccessRightsAuditRequest.m */,
				96C26E791907CB6A00A2EB11 /* PNBaseRequest+Protected.h */,
				96C26E7A1907CB6A00A2EB11 /* PNBaseRequest.h */,
				96C26E7B1907CB6A00A2EB11 /* PNBaseRequest.m */,
				96C26E7C1907CB6A00A2EB11 /* PNChangeAccessRightsRequest.h */,
				96C26E7D1907CB6A00A2EB11 /* PNChangeAccessRightsRequest.m */,
				96C26E7E1907CB6A00A2EB11 /* PNClientStateRequest+Protected.h */,
				96C26E7F1907CB6A00A2EB11 /* PNClientStateRequest.h */,
				96C26E801907CB6A00A2EB11 /* PNClientStateRequest.m */,
				96C26E811907CB6A00A2EB11 /* PNClientStateUpdateRequest+Protected.h */,
				96C26E821907CB6A00A2EB11 /* PNClientStateUpdateRequest.h */,
				96C26E831907CB6A00A2EB11 /* PNClientStateUpdateRequest.m */,
				96C26E841907CB6A00A2EB11 /* PNHeartbeatRequest.h */,
				96C26E851907CB6A00A2EB11 /* PNHeartbeatRequest.m */,
				96C26E861907CB6A00A2EB11 /* PNHereNowRequest+Protected.h */,
				96C26E871907CB6A00A2EB11 /* PNHereNowRequest.h */,
				96C26E881907CB6A00A2EB11 /* PNHereNowRequest.m */,
				96C26E891907CB6A00A2EB11 /* PNLatencyMeasureRequest.h */,
				96C26E8A1907CB6A00A2EB11 /* PNLatencyMeasureRequest.m */,
				96C26E8B1907CB6A00A2EB11 /* PNLeaveRequest+Protected.h */,
				96C26E8C1907CB6A00A2EB11 /* PNLeaveRequest.h */,
				96C26E8D1907CB6A00A2EB11 /* PNLeaveRequest.m */,
				96C26E8E1907CB6A00A2EB11 /* PNMessageHistoryRequest+Protected.h */,
				96C26E8F1907CB6A00A2EB11 /* PNMessageHistoryRequest.h */,
				96C26E901907CB6A00A2EB11 /* PNMessageHistoryRequest.m */,
				96C26E911907CB6A00A2EB11 /* PNMessagePostRequest+Protected.h */,
				96C26E921907CB6A00A2EB11 /* PNMessagePostRequest.h */,
				96C26E931907CB6A00A2EB11 /* PNMessagePostRequest.m */,
				96C26E941907CB6A00A2EB11 /* PNPushNotificationsEnabledChannelsRequest.h */,
				96C26E951907CB6A00A2EB11 /* PNPushNotificationsEnabledChannelsRequest.m */,
				96C26E961907CB6A00A2EB11 /* PNPushNotificationsRemoveRequest.h */,
				96C26E971907CB6A00A2EB11 /* PNPushNotificationsRemoveRequest.m */,
				96C26E981907CB6A00A2EB11 /* PNPushNotificationsStateChangeRequest.h */,
				96C26E991907CB6A00A2EB11 /* PNPushNotificationsStateChangeRequest.m */,
				96C26E9A1907CB6A00A2EB11 /* PNSubscribeRequest+Protected.h */,
				96C26E9B1907CB6A00A2EB11 /* PNSubscribeRequest.h */,
				96C26E9C1907CB6A00A2EB11 /* PNSubscribeRequest.m */,
				96C26E9D1907CB6A00A2EB11 /* PNTimeTokenRequest.h */,
				96C26E9E1907CB6A00A2EB11 /* PNTimeTokenRequest.m */,
				96C26E9F1907CB6A00A2EB11 /* PNWhereNowRequest.h */,
				96C26EA01907CB6A00A2EB11 /* PNWhereNowRequest.m */,
			);
			path = Packets;
			sourceTree = "<group>";
		};
		96C26EA91907CB6A00A2EB11 /* Transport */ = {
			isa = PBXGroup;
			children = (
				96C26EAA1907CB6A00A2EB11 /* PNConnection+Protected.h */,
				96C26EAB1907CB6A00A2EB11 /* PNConnection.h */,
				96C26EAC1907CB6A00A2EB11 /* PNConnection.m */,
				96C26EAD1907CB6A00A2EB11 /* PNConnectionChannel+Protected.h */,
				96C26EAE1907CB6A00A2EB11 /* PNConnectionChannel.h */,
				96C26EAF1907CB6A00A2EB11 /* PNConnectionChannel.m */,
			);
			path = Transport;
			sourceTree = "<group>";
		};
		A78CD55D176952A80045758F /* libs */ = {
			isa = PBXGroup;
			children = (
				96C26DE01907CB6A00A2EB11 /* PubNub */,
			);
			path = libs;
			sourceTree = "<group>";
		};
/* End PBXGroup section */

/* Begin PBXNativeTarget section */
		797D096217253898007A9D9A /* PubNubMacOSTestApplication */ = {
			isa = PBXNativeTarget;
			buildConfigurationList = 797D098017253899007A9D9A /* Build configuration list for PBXNativeTarget "PubNubMacOSTestApplication" */;
			buildPhases = (
				797D095F17253898007A9D9A /* Sources */,
				797D096017253898007A9D9A /* Frameworks */,
				797D096117253898007A9D9A /* Resources */,
			);
			buildRules = (
			);
			dependencies = (
			);
			name = PubNubMacOSTestApplication;
			productName = PubNubMacOSTestApplication;
			productReference = 797D096317253898007A9D9A /* PubNubMacOSTestApplication.app */;
			productType = "com.apple.product-type.application";
		};
/* End PBXNativeTarget section */

/* Begin PBXProject section */
		797D095B17253898007A9D9A /* Project object */ = {
			isa = PBXProject;
			attributes = {
				CLASSPREFIX = TA;
				LastUpgradeCheck = 0460;
				ORGANIZATIONNAME = "Sergey Mamontov";
			};
			buildConfigurationList = 797D095E17253898007A9D9A /* Build configuration list for PBXProject "PubNubMacOSTestApplication" */;
			compatibilityVersion = "Xcode 3.2";
			developmentRegion = English;
			hasScannedForEncodings = 0;
			knownRegions = (
				en,
			);
			mainGroup = 797D095A17253898007A9D9A;
			productRefGroup = 797D096417253898007A9D9A /* Products */;
			projectDirPath = "";
			projectRoot = "";
			targets = (
				797D096217253898007A9D9A /* PubNubMacOSTestApplication */,
			);
		};
/* End PBXProject section */

/* Begin PBXResourcesBuildPhase section */
		797D096117253898007A9D9A /* Resources */ = {
			isa = PBXResourcesBuildPhase;
			buildActionMask = 2147483647;
			files = (
				797D0A5B17253989007A9D9A /* Credits.rtf in Resources */,
				797D0A581725397A007A9D9A /* InfoPlist.strings in Resources */,
				797D0A631725431B007A9D9A /* TAMainMenu.xib in Resources */,
			);
			runOnlyForDeploymentPostprocessing = 0;
		};
/* End PBXResourcesBuildPhase section */

/* Begin PBXSourcesBuildPhase section */
		797D095F17253898007A9D9A /* Sources */ = {
			isa = PBXSourcesBuildPhase;
			buildActionMask = 2147483647;
			files = (
				96C26EE11907CB6A00A2EB11 /* PNBaseRequest.m in Sources */,
				96C26ED41907CB6A00A2EB11 /* PNResponse.m in Sources */,
				96C26ECF1907CB6A00A2EB11 /* PNJSONSerialization.m in Sources */,
				96C26EBB1907CB6A00A2EB11 /* PNClientStateResponseParser.m in Sources */,
				96C26EB21907CB6A00A2EB11 /* PNWriteBuffer.m in Sources */,
				96C26EE61907CB6A00A2EB11 /* PNHereNowRequest.m in Sources */,
				96C26ED61907CB6A00A2EB11 /* NSArray+PNAdditions.m in Sources */,
				96C26EE51907CB6A00A2EB11 /* PNHeartbeatRequest.m in Sources */,
				96C26EB51907CB6A00A2EB11 /* PNPresenceEvent.m in Sources */,
				96C26EE41907CB6A00A2EB11 /* PNClientStateUpdateRequest.m in Sources */,
				96C26EED1907CB6A00A2EB11 /* PNPushNotificationsStateChangeRequest.m in Sources */,
				96C26EE21907CB6A00A2EB11 /* PNChangeAccessRightsRequest.m in Sources */,
				96C26EB91907CB6A00A2EB11 /* PNChannelEventsResponseParser.m in Sources */,
				96C26ECB1907CB6A00A2EB11 /* PNConfiguration.m in Sources */,
				96C26ED71907CB6A00A2EB11 /* NSData+PNAdditions.m in Sources */,
				96C26EDB1907CB6A00A2EB11 /* NSMutableArray+PNAdditions.m in Sources */,
				96C26EDA1907CB6A00A2EB11 /* NSInvocation+PNAdditions.m in Sources */,
				96C26ED11907CB6A00A2EB11 /* PNMessagesHistory.m in Sources */,
				96C26ECE1907CB6A00A2EB11 /* PNHereNow.m in Sources */,
				96C26EBC1907CB6A00A2EB11 /* PNClientStateUpdateResponseParser.m in Sources */,
				96C26EF11907CB6A00A2EB11 /* PNMessagingChannel.m in Sources */,
				96C26EE81907CB6A00A2EB11 /* PNLeaveRequest.m in Sources */,
				96C26EE71907CB6A00A2EB11 /* PNLatencyMeasureRequest.m in Sources */,
				96C26EEF1907CB6A00A2EB11 /* PNTimeTokenRequest.m in Sources */,
				96C26ED91907CB6A00A2EB11 /* NSDictionary+PNAdditions.m in Sources */,
				96C26EE91907CB6A00A2EB11 /* PNMessageHistoryRequest.m in Sources */,
				96C26EB41907CB6A00A2EB11 /* PNChannelPresence.m in Sources */,
				96C26ECC1907CB6A00A2EB11 /* PNDate.m in Sources */,
				96C26EC21907CB6A00A2EB11 /* PNResponseParser.m in Sources */,
				96C26EBD1907CB6A00A2EB11 /* PNErrorResponseParser.m in Sources */,
				96C26EBA1907CB6A00A2EB11 /* PNChannelHistoryParser.m in Sources */,
				96C26EC01907CB6A00A2EB11 /* PNPushNotificationsEnabledChannelsParser.m in Sources */,
				96C26EF61907CB6A00A2EB11 /* PNConnectionChannel.m in Sources */,
				96C26EEC1907CB6A00A2EB11 /* PNPushNotificationsRemoveRequest.m in Sources */,
				96C26ECD1907CB6A00A2EB11 /* PNError.m in Sources */,
				96C26EC81907CB6A00A2EB11 /* PNCache.m in Sources */,
				96C26EDE1907CB6A00A2EB11 /* PNHelper.m in Sources */,
				797D097317253898007A9D9A /* main.m in Sources */,
				96C26ED21907CB6A00A2EB11 /* PNOperationStatus.m in Sources */,
				96C26ED31907CB6A00A2EB11 /* PNRequestsQueue.m in Sources */,
				96C26EC91907CB6A00A2EB11 /* PNChannelEvents.m in Sources */,
				96C26EE01907CB6A00A2EB11 /* PNAccessRightsAuditRequest.m in Sources */,
				96C26EF21907CB6A00A2EB11 /* PNNetworkHelper.m in Sources */,
				96C26EEA1907CB6A00A2EB11 /* PNMessagePostRequest.m in Sources */,
				96C26EC51907CB6A00A2EB11 /* PNAccessRightOptions.m in Sources */,
				96C26EC41907CB6A00A2EB11 /* PNWhereNowResponseParser.m in Sources */,
				96C26EEE1907CB6A00A2EB11 /* PNSubscribeRequest.m in Sources */,
				96C26EC61907CB6A00A2EB11 /* PNAccessRightsCollection.m in Sources */,
				96C26EF41907CB6A00A2EB11 /* PNServiceChannel.m in Sources */,
				96C26EB81907CB6A00A2EB11 /* PNActionResponseParser.m in Sources */,
				96C26ED01907CB6A00A2EB11 /* PNMessage.m in Sources */,
				96C26EDD1907CB6A00A2EB11 /* UIApplication+PNAdditions.m in Sources */,
				96C26EB71907CB6A00A2EB11 /* PNAccessRightsResponseParser.m in Sources */,
				96C26EB01907CB6A00A2EB11 /* PNObservationCenter.m in Sources */,
				96C26EB31907CB6A00A2EB11 /* PNChannel.m in Sources */,
				96C26EBF1907CB6A00A2EB11 /* PNOperationStatusResponseParser.m in Sources */,
				96C26EF51907CB6A00A2EB11 /* PNConnection.m in Sources */,
				797D0A2317253961007A9D9A /* TAAppDelegate.m in Sources */,
				96C26EC11907CB6A00A2EB11 /* PNResponseDeserialize.m in Sources */,
				96C26EC71907CB6A00A2EB11 /* PNAccessRightsInformation.m in Sources */,
				96C26EC31907CB6A00A2EB11 /* PNTimeTokenResponseParser.m in Sources */,
				96C26ECA1907CB6A00A2EB11 /* PNClient.m in Sources */,
				96C26ED51907CB6A00A2EB11 /* PNWhereNow.m in Sources */,
				96C26EF31907CB6A00A2EB11 /* PNReachability.m in Sources */,
				96C26EF01907CB6A00A2EB11 /* PNWhereNowRequest.m in Sources */,
				96C26EEB1907CB6A00A2EB11 /* PNPushNotificationsEnabledChannelsRequest.m in Sources */,
				96C26EB11907CB6A00A2EB11 /* PubNub.m in Sources */,
				96C26EDC1907CB6A00A2EB11 /* NSString+PNAddition.m in Sources */,
				96C26EB61907CB6A00A2EB11 /* PNCryptoHelper.m in Sources */,
				96C26EDF1907CB6A00A2EB11 /* PNLogger.m in Sources */,
				96C26EBE1907CB6A00A2EB11 /* PNHereNowResponseParser.m in Sources */,
				96C26EE31907CB6A00A2EB11 /* PNClientStateRequest.m in Sources */,
				96C26ED81907CB6A00A2EB11 /* NSDate+PNAdditions.m in Sources */,
			);
			runOnlyForDeploymentPostprocessing = 0;
		};
/* End PBXSourcesBuildPhase section */

/* Begin PBXVariantGroup section */
		797D0A5A1725397A007A9D9A /* InfoPlist.strings */ = {
			isa = PBXVariantGroup;
			children = (
				797D0A591725397A007A9D9A /* en */,
			);
			name = InfoPlist.strings;
			sourceTree = "<group>";
		};
		797D0A5D17253989007A9D9A /* Credits.rtf */ = {
			isa = PBXVariantGroup;
			children = (
				797D0A5C17253989007A9D9A /* en */,
			);
			name = Credits.rtf;
			sourceTree = "<group>";
		};
/* End PBXVariantGroup section */

/* Begin XCBuildConfiguration section */
		797D097E17253899007A9D9A /* Debug */ = {
			isa = XCBuildConfiguration;
			buildSettings = {
				ALWAYS_SEARCH_USER_PATHS = NO;
				ARCHS = "$(ARCHS_STANDARD_64_BIT)";
				CLANG_CXX_LANGUAGE_STANDARD = "gnu++0x";
				CLANG_CXX_LIBRARY = "libc++";
				CLANG_ENABLE_OBJC_ARC = YES;
				CLANG_WARN_CONSTANT_CONVERSION = YES;
				CLANG_WARN_EMPTY_BODY = YES;
				CLANG_WARN_ENUM_CONVERSION = YES;
				CLANG_WARN_INT_CONVERSION = YES;
				CLANG_WARN__DUPLICATE_METHOD_MATCH = YES;
				COPY_PHASE_STRIP = NO;
				GCC_C_LANGUAGE_STANDARD = gnu99;
				GCC_DYNAMIC_NO_PIC = NO;
				GCC_ENABLE_OBJC_EXCEPTIONS = YES;
				GCC_OPTIMIZATION_LEVEL = 0;
				GCC_PREPROCESSOR_DEFINITIONS = (
					"DEBUG=1",
					"$(inherited)",
				);
				GCC_SYMBOLS_PRIVATE_EXTERN = NO;
				GCC_WARN_64_TO_32_BIT_CONVERSION = YES;
				GCC_WARN_ABOUT_RETURN_TYPE = YES;
				GCC_WARN_UNINITIALIZED_AUTOS = YES;
				GCC_WARN_UNUSED_VARIABLE = YES;
				MACOSX_DEPLOYMENT_TARGET = 10.8;
				ONLY_ACTIVE_ARCH = YES;
				SDKROOT = macosx;
			};
			name = Debug;
		};
		797D097F17253899007A9D9A /* Release */ = {
			isa = XCBuildConfiguration;
			buildSettings = {
				ALWAYS_SEARCH_USER_PATHS = NO;
				ARCHS = "$(ARCHS_STANDARD_64_BIT)";
				CLANG_CXX_LANGUAGE_STANDARD = "gnu++0x";
				CLANG_CXX_LIBRARY = "libc++";
				CLANG_ENABLE_OBJC_ARC = YES;
				CLANG_WARN_CONSTANT_CONVERSION = YES;
				CLANG_WARN_EMPTY_BODY = YES;
				CLANG_WARN_ENUM_CONVERSION = YES;
				CLANG_WARN_INT_CONVERSION = YES;
				CLANG_WARN__DUPLICATE_METHOD_MATCH = YES;
				COPY_PHASE_STRIP = YES;
				DEBUG_INFORMATION_FORMAT = "dwarf-with-dsym";
				GCC_C_LANGUAGE_STANDARD = gnu99;
				GCC_ENABLE_OBJC_EXCEPTIONS = YES;
				GCC_WARN_64_TO_32_BIT_CONVERSION = YES;
				GCC_WARN_ABOUT_RETURN_TYPE = YES;
				GCC_WARN_UNINITIALIZED_AUTOS = YES;
				GCC_WARN_UNUSED_VARIABLE = YES;
				MACOSX_DEPLOYMENT_TARGET = 10.8;
				SDKROOT = macosx;
			};
			name = Release;
		};
		797D098117253899007A9D9A /* Debug */ = {
			isa = XCBuildConfiguration;
			buildSettings = {
				COMBINE_HIDPI_IMAGES = YES;
				GCC_PRECOMPILE_PREFIX_HEADER = YES;
				GCC_PREFIX_HEADER = "PubNubMacOSTestApplication/PubNubMacOSTestApplication-Prefix.pch";
				INFOPLIST_FILE = "$(SRCROOT)/PubNubMacOSTestApplication/Resources/General/PubNubMacOSTestApplication-Info.plist";
				MACOSX_DEPLOYMENT_TARGET = 10.7;
				PRODUCT_NAME = "$(TARGET_NAME)";
				SDKROOT = macosx;
				WRAPPER_EXTENSION = app;
			};
			name = Debug;
		};
		797D098217253899007A9D9A /* Release */ = {
			isa = XCBuildConfiguration;
			buildSettings = {
				COMBINE_HIDPI_IMAGES = YES;
				GCC_PRECOMPILE_PREFIX_HEADER = YES;
				GCC_PREFIX_HEADER = "PubNubMacOSTestApplication/PubNubMacOSTestApplication-Prefix.pch";
				INFOPLIST_FILE = "$(SRCROOT)/PubNubMacOSTestApplication/Resources/General/PubNubMacOSTestApplication-Info.plist";
				MACOSX_DEPLOYMENT_TARGET = 10.7;
				PRODUCT_NAME = "$(TARGET_NAME)";
				SDKROOT = macosx;
				WRAPPER_EXTENSION = app;
			};
			name = Release;
		};
/* End XCBuildConfiguration section */

/* Begin XCConfigurationList section */
		797D095E17253898007A9D9A /* Build configuration list for PBXProject "PubNubMacOSTestApplication" */ = {
			isa = XCConfigurationList;
			buildConfigurations = (
				797D097E17253899007A9D9A /* Debug */,
				797D097F17253899007A9D9A /* Release */,
			);
			defaultConfigurationIsVisible = 0;
			defaultConfigurationName = Release;
		};
		797D098017253899007A9D9A /* Build configuration list for PBXNativeTarget "PubNubMacOSTestApplication" */ = {
			isa = XCConfigurationList;
			buildConfigurations = (
				797D098117253899007A9D9A /* Debug */,
				797D098217253899007A9D9A /* Release */,
			);
			defaultConfigurationIsVisible = 0;
			defaultConfigurationName = Release;
		};
/* End XCConfigurationList section */
	};
	rootObject = 797D095B17253898007A9D9A /* Project object */;
}
